{
  "originHash" : "f2f82c8161790b554c3278d1b9d8b586759278b9aee87f7ff290b39555817792",
  "pins" : [
    {
      "identity" : "metacodable",
      "kind" : "remoteSourceControl",
      "location" : "https://github.com/SwiftyLab/MetaCodable",
      "state" : {
        "revision" : "7246a7fde82c8ca2c361e9537a5058646ac8aab7",
        "version" : "1.4.0"
      }
    },
    {
      "identity" : "networkimage",
      "kind" : "remoteSourceControl",
      "location" : "https://github.com/gonzalezreal/NetworkImage",
      "state" : {
        "revision" : "7aff8d1b31148d32c5933d75557d42f6323ee3d1",
        "version" : "6.0.0"
      }
    },
    {
      "identity" : "nuke",
      "kind" : "remoteSourceControl",
      "location" : "https://github.com/kean/Nuke",
      "state" : {
        "revision" : "0ead44350d2737db384908569c012fe67c421e4d",
        "version" : "12.8.0"
      }
    },
    {
      "identity" : "semaphore",
      "kind" : "remoteSourceControl",
      "location" : "https://github.com/groue/Semaphore",
      "state" : {
        "revision" : "2543679282aa6f6c8ecf2138acd613ed20790bc2",
        "version" : "0.1.0"
      }
    },
    {
      "identity" : "swift-argument-parser",
      "kind" : "remoteSourceControl",
      "location" : "https://github.com/apple/swift-argument-parser.git",
      "state" : {
        "revision" : "41982a3656a71c768319979febd796c6fd111d5c",
        "version" : "1.5.0"
      }
    },
    {
      "identity" : "swift-async-algorithms",
      "kind" : "remoteSourceControl",
      "location" : "https://github.com/apple/swift-async-algorithms",
      "state" : {
        "revision" : "6ae9a051f76b81cc668305ceed5b0e0a7fd93d20",
        "version" : "1.0.1"
      }
    },
    {
      "identity" : "swift-collections",
      "kind" : "remoteSourceControl",
      "location" : "https://github.com/apple/swift-collections.git",
      "state" : {
        "revision" : "3d2dc41a01f9e49d84f0a3925fb858bed64f702d",
        "version" : "1.1.2"
      }
    },
    {
      "identity" : "swift-markdown-ui",
      "kind" : "remoteSourceControl",
      "location" : "https://github.com/gonzalezreal/swift-markdown-ui.git",
      "state" : {
        "revision" : "55441810c0f678c78ed7e2ebd46dde89228e02fc",
        "version" : "2.4.0"
      }
    },
    {
      "identity" : "swift-syntax",
      "kind" : "remoteSourceControl",
      "location" : "https://github.com/swiftlang/swift-syntax",
      "state" : {
        "revision" : "0687f71944021d616d34d922343dcef086855920",
        "version" : "600.0.1"
      }
    },
    {
      "identity" : "swiftui-flow",
      "kind" : "remoteSourceControl",
      "location" : "https://github.com/tevelee/SwiftUI-Flow",
      "state" : {
        "revision" : "b528bd06ae70fbd2936d9561a456fb6ea65bc7ff",
        "version" : "2.5.0"
      }
    },
    {
      "identity" : "xcstrings-tool-plugin",
      "kind" : "remoteSourceControl",
      "location" : "https://github.com/liamnichols/xcstrings-tool-plugin",
      "state" : {
        "revision" : "448890f1c47c0d70b6e539341f623c33bd1385af",
        "version" : "1.0.0"
      }
    }
  ],
  "version" : 3
}
