// !$*UTF8*$!
{
	archiveVersion = 1;
	classes = {
	};
	objectVersion = 70;
	objects = {

/* Begin PBXBuildFile section */
		7A01307C2D8EAEEE00803E6B /* Networking in Frameworks */ = {isa = PBXBuildFile; productRef = 7A01307B2D8EAEEE00803E6B /* Networking */; };
		7A1C32BF2A5EAF1A00C18B44 /* Nuke in Frameworks */ = {isa = PBXBuildFile; productRef = 7A1C32BE2A5EAF1A00C18B44 /* Nuke */; };
		7A1C32C12A5EAF1A00C18B44 /* NukeExtensions in Frameworks */ = {isa = PBXBuildFile; productRef = 7A1C32C02A5EAF1A00C18B44 /* NukeExtensions */; };
		7A1C32C32A5EAF1A00C18B44 /* NukeUI in Frameworks */ = {isa = PBXBuildFile; productRef = 7A1C32C22A5EAF1A00C18B44 /* NukeUI */; };
		7A1C32C52A5EB08D00C18B44 /* NukeUI in Frameworks */ = {isa = PBXBuildFile; productRef = 7A1C32C42A5EB08D00C18B44 /* NukeUI */; };
		7A4AA8EE29BB969400D845A2 /* ShareExtension.appex in Embed Foundation Extensions */ = {isa = PBXBuildFile; fileRef = 7A4AA8E429BB969400D845A2 /* ShareExtension.appex */; platformFilter = ios; settings = {ATTRIBUTES = (RemoveHeadersOnCopy, ); }; };
		7A4AA90329BE048800D845A2 /* Flow in Frameworks */ = {isa = PBXBuildFile; productRef = 7A4AA90229BE048800D845A2 /* Flow */; };
		7A4AA91A29BE730B00D845A2 /* Semaphore in Frameworks */ = {isa = PBXBuildFile; productRef = 7A4AA91929BE730B00D845A2 /* Semaphore */; };
		7A4D58892D13568900FCB1F1 /* DataModel in Frameworks */ = {isa = PBXBuildFile; productRef = 7A4D58882D13568900FCB1F1 /* DataModel */; };
		7A4D588B2D13569500FCB1F1 /* DataModel in Frameworks */ = {isa = PBXBuildFile; productRef = 7A4D588A2D13569500FCB1F1 /* DataModel */; };
		7A4D588D2D13569A00FCB1F1 /* DataModel in Frameworks */ = {isa = PBXBuildFile; productRef = 7A4D588C2D13569A00FCB1F1 /* DataModel */; };
		7A5C138A29AA7E2F00D71F51 /* Semaphore in Frameworks */ = {isa = PBXBuildFile; productRef = 7A5C138929AA7E2F00D71F51 /* Semaphore */; };
		7A64771C2BDD50D200217C18 /* libraries.md in Resources */ = {isa = PBXBuildFile; fileRef = 7A64771B2BDD50D200217C18 /* libraries.md */; };
		7A68F0B329B4B94B00878223 /* Flow in Frameworks */ = {isa = PBXBuildFile; productRef = 7A68F0B229B4B94B00878223 /* Flow */; };
		7A6AA3452C1EDEBE007A1866 /* MarkdownUI in Frameworks */ = {isa = PBXBuildFile; productRef = 7A6AA3442C1EDEBE007A1866 /* MarkdownUI */; };
		7A6DA7002D7DD3E900B3B185 /* Networking in Frameworks */ = {isa = PBXBuildFile; productRef = 7A6DA6FF2D7DD3E900B3B185 /* Networking */; };
		7A6DA7022D7DD3F000B3B185 /* Networking in Frameworks */ = {isa = PBXBuildFile; productRef = 7A6DA7012D7DD3F000B3B185 /* Networking */; };
		7AAC43182CA06F8D003E6A3A /* AsyncAlgorithms in Frameworks */ = {isa = PBXBuildFile; productRef = 7AAC43172CA06F8D003E6A3A /* AsyncAlgorithms */; };
		7AAC44542CA0A37D003E6A3A /* Common in Frameworks */ = {isa = PBXBuildFile; productRef = 7AAC44532CA0A37D003E6A3A /* Common */; };
		7AAC44562CA0A38B003E6A3A /* Common in Frameworks */ = {isa = PBXBuildFile; productRef = 7AAC44552CA0A38B003E6A3A /* Common */; };
		7AAC44582CA0A391003E6A3A /* Common in Frameworks */ = {isa = PBXBuildFile; productRef = 7AAC44572CA0A391003E6A3A /* Common */; };
		7AB060D929C5BEE5004E6C63 /* AsyncAlgorithms in Frameworks */ = {isa = PBXBuildFile; productRef = 7AB060D829C5BEE5004E6C63 /* AsyncAlgorithms */; };
		7AB060DB29C62395004E6C63 /* AsyncAlgorithms in Frameworks */ = {isa = PBXBuildFile; productRef = 7AB060DA29C62395004E6C63 /* AsyncAlgorithms */; };
		7AC40CB62D134ED1003F68B1 /* Assets.xcassets in Resources */ = {isa = PBXBuildFile; fileRef = 7AC40C9A2D134ED1003F68B1 /* Assets.xcassets */; };
		7AC40CB82D134ED1003F68B1 /* PrivacyInfo.xcprivacy in Resources */ = {isa = PBXBuildFile; fileRef = 7AC40CA72D134ED1003F68B1 /* PrivacyInfo.xcprivacy */; };
		7AC40D402D134ED1003F68B1 /* Assets.xcassets in Resources */ = {isa = PBXBuildFile; fileRef = 7AC40C9A2D134ED1003F68B1 /* Assets.xcassets */; };
		7AC40D422D134ED1003F68B1 /* PrivacyInfo.xcprivacy in Resources */ = {isa = PBXBuildFile; fileRef = 7AC40CA72D134ED1003F68B1 /* PrivacyInfo.xcprivacy */; };
		7AC40DBE2D134ED1003F68B1 /* swift_paperlessApp.swift in Sources */ = {isa = PBXBuildFile; fileRef = 7AC40CA92D134ED1003F68B1 /* swift_paperlessApp.swift */; };
/* End PBXBuildFile section */

/* Begin PBXContainerItemProxy section */
		7A4AA8EC29BB969400D845A2 /* PBXContainerItemProxy */ = {
			isa = PBXContainerItemProxy;
			containerPortal = 7A5482A3299AD56C00D5061E /* Project object */;
			proxyType = 1;
			remoteGlobalIDString = 7A4AA8E329BB969400D845A2;
			remoteInfo = ShareExtension;
		};
		7A5482C7299AD56E00D5061E /* PBXContainerItemProxy */ = {
			isa = PBXContainerItemProxy;
			containerPortal = 7A5482A3299AD56C00D5061E /* Project object */;
			proxyType = 1;
			remoteGlobalIDString = 7A5482AA299AD56C00D5061E;
			remoteInfo = "swift-paperless";
		};
/* End PBXContainerItemProxy section */

/* Begin PBXCopyFilesBuildPhase section */
		7A4AA8F229BB969500D845A2 /* Embed Foundation Extensions */ = {
			isa = PBXCopyFilesBuildPhase;
			buildActionMask = 2147483647;
			dstPath = "";
			dstSubfolderSpec = 13;
			files = (
				7A4AA8EE29BB969400D845A2 /* ShareExtension.appex in Embed Foundation Extensions */,
			);
			name = "Embed Foundation Extensions";
			runOnlyForDeploymentPostprocessing = 0;
		};
/* End PBXCopyFilesBuildPhase section */

/* Begin PBXFileReference section */
		7A4AA8E429BB969400D845A2 /* ShareExtension.appex */ = {isa = PBXFileReference; explicitFileType = "wrapper.app-extension"; includeInIndex = 0; path = ShareExtension.appex; sourceTree = BUILT_PRODUCTS_DIR; };
		7A4D58862D13563B00FCB1F1 /* DataModel */ = {isa = PBXFileReference; lastKnownFileType = wrapper; path = DataModel; sourceTree = "<group>"; };
		7A5482AB299AD56C00D5061E /* swift-paperless.app */ = {isa = PBXFileReference; explicitFileType = wrapper.application; includeInIndex = 0; path = "swift-paperless.app"; sourceTree = BUILT_PRODUCTS_DIR; };
		7A5482BC299AD56E00D5061E /* swift-paperlessTests.xctest */ = {isa = PBXFileReference; explicitFileType = wrapper.cfbundle; includeInIndex = 0; path = "swift-paperlessTests.xctest"; sourceTree = BUILT_PRODUCTS_DIR; };
		7A5482C6299AD56E00D5061E /* swift-paperlessUITests.xctest */ = {isa = PBXFileReference; explicitFileType = wrapper.cfbundle; includeInIndex = 0; path = "swift-paperlessUITests.xctest"; sourceTree = BUILT_PRODUCTS_DIR; };
		7A64771B2BDD50D200217C18 /* libraries.md */ = {isa = PBXFileReference; fileEncoding = 4; lastKnownFileType = net.daringfireball.markdown; name = libraries.md; path = docs/libraries.md; sourceTree = "<group>"; };
		7A6DA7212D7DD42100B3B185 /* Networking */ = {isa = PBXFileReference; lastKnownFileType = wrapper; path = Networking; sourceTree = "<group>"; };
		7AAC44512CA0A31E003E6A3A /* Common */ = {isa = PBXFileReference; lastKnownFileType = wrapper; path = Common; sourceTree = "<group>"; };
		7AC40C9A2D134ED1003F68B1 /* Assets.xcassets */ = {isa = PBXFileReference; lastKnownFileType = folder.assetcatalog; path = Assets.xcassets; sourceTree = "<group>"; };
		7AC40CA42D134ED1003F68B1 /* Info.plist */ = {isa = PBXFileReference; lastKnownFileType = text.plist.xml; path = Info.plist; sourceTree = "<group>"; };
		7AC40CA72D134ED1003F68B1 /* PrivacyInfo.xcprivacy */ = {isa = PBXFileReference; lastKnownFileType = text.xml; path = PrivacyInfo.xcprivacy; sourceTree = "<group>"; };
		7AC40CA82D134ED1003F68B1 /* swift_paperless.entitlements */ = {isa = PBXFileReference; lastKnownFileType = text.plist.entitlements; path = swift_paperless.entitlements; sourceTree = "<group>"; };
		7AC40CA92D134ED1003F68B1 /* swift_paperlessApp.swift */ = {isa = PBXFileReference; lastKnownFileType = sourcecode.swift; path = swift_paperlessApp.swift; sourceTree = "<group>"; };
/* End PBXFileReference section */

/* Begin PBXFileSystemSynchronizedBuildFileExceptionSet section */
		7A40DD982D10BEAA0033DDE5 /* PBXFileSystemSynchronizedBuildFileExceptionSet */ = {
			isa = PBXFileSystemSynchronizedBuildFileExceptionSet;
			membershipExceptions = (
				Info.plist,
			);
			target = 7A4AA8E329BB969400D845A2 /* ShareExtension */;
		};
		7AC40FA52D134EDE003F68B1 /* PBXFileSystemSynchronizedBuildFileExceptionSet */ = {
			isa = PBXFileSystemSynchronizedBuildFileExceptionSet;
			membershipExceptions = (
				AppSettings.swift,
				Binding.swift,
				Bundle.swift,
				DocumentationLinks.swift,
				Gather.swift,
				Haptics.swift,
				Logging.swift,
				"View+alert.swift",
			);
			target = 7A5482BB299AD56E00D5061E /* swift-paperlessTests */;
		};
		7AC40FA62D134EDE003F68B1 /* PBXFileSystemSynchronizedBuildFileExceptionSet */ = {
			isa = PBXFileSystemSynchronizedBuildFileExceptionSet;
			membershipExceptions = (
				Binding.swift,
				Bundle.swift,
				"View+alert.swift",
			);
			target = 7A5482C5299AD56E00D5061E /* swift-paperlessUITests */;
		};
		7AC40FA72D134EDE003F68B1 /* PBXFileSystemSynchronizedBuildFileExceptionSet */ = {
			isa = PBXFileSystemSynchronizedBuildFileExceptionSet;
			membershipExceptions = (
				BiometricLockManager.swift,
			);
			target = 7A4AA8E329BB969400D845A2 /* ShareExtension */;
		};
		7AC40FA82D134EDE003F68B1 /* PBXFileSystemSynchronizedBuildFileExceptionSet */ = {
			isa = PBXFileSystemSynchronizedBuildFileExceptionSet;
			membershipExceptions = (
				CancelIconButton.swift,
				Error/ErrorController.swift,
				Error/ErrorDisplay.swift,
				Login/UrlError.swift,
			);
			target = 7A5482BB299AD56E00D5061E /* swift-paperlessTests */;
		};
		7AC40FA92D134EDE003F68B1 /* PBXFileSystemSynchronizedBuildFileExceptionSet */ = {
			isa = PBXFileSystemSynchronizedBuildFileExceptionSet;
			membershipExceptions = (
				DataScannerView.swift,
				Document/Detail/DocumentDetailModel.swift,
				Document/Detail/DocumentDetailView.swift,
				Document/Detail/DocumentDetailViewV1.swift,
				Document/Detail/DocumentDetailViewV3.swift,
				Document/Detail/DocumentMetadataView.swift,
				DocumentEditView.swift,
				DocumentList.swift,
				DocumentView.swift,
				InactiveView.swift,
				Login/BackgroundColorModifier.swift,
				Login/ConnectionStageView.swift,
				Login/CredentialsStageView.swift,
				Login/CustomSection.swift,
				Login/LoginStage.swift,
				Login/LoginView.swift,
				Login/LoginViewModel.swift,
				Login/LoginViewV1.swift,
				Login/LoginViewV2.swift,
				Login/StageSelectionView.swift,
				Login/UrlEntryView.swift,
				Login/UrlError.swift,
				PermissionsEditView.swift,
				ReleaseNotesView.swift,
				Settings/DebugMenuView.swift,
				Settings/LibrariesView.swift,
				Settings/LogoChangeView.swift,
				Settings/PreferencesView.swift,
				Settings/PrivacyView.swift,
				Settings/SettingsView.swift,
				Tasks/TaskActivityToolbar.swift,
				Tasks/TasksView.swift,
			);
			target = 7A4AA8E329BB969400D845A2 /* ShareExtension */;
		};
		7AC40FAA2D134EDE003F68B1 /* PBXFileSystemSynchronizedBuildFileExceptionSet */ = {
			isa = PBXFileSystemSynchronizedBuildFileExceptionSet;
			membershipExceptions = (
				DeriveUrl.swift,
				Error/DocumentedError.swift,
				Error/PresentableError.swift,
			);
			target = 7A5482BB299AD56E00D5061E /* swift-paperlessTests */;
		};
		7AC40FAB2D134EDE003F68B1 /* PBXFileSystemSynchronizedBuildFileExceptionSet */ = {
			isa = PBXFileSystemSynchronizedBuildFileExceptionSet;
			membershipExceptions = (
				DeriveUrl.swift,
				Error/LoginError.swift,
				"Error/LoginError+PresentableError.swift",
			);
			target = 7A4AA8E329BB969400D845A2 /* ShareExtension */;
		};
		7AC40FAD2D134EDE003F68B1 /* PBXFileSystemSynchronizedBuildFileExceptionSet */ = {
			isa = PBXFileSystemSynchronizedBuildFileExceptionSet;
			membershipExceptions = (
				DocumentMetadata.xcstrings,
				Permissions.xcstrings,
			);
			target = 7A5482C5299AD56E00D5061E /* swift-paperlessUITests */;
		};
		7AC411792D134FE7003F68B1 /* PBXFileSystemSynchronizedBuildFileExceptionSet */ = {
			isa = PBXFileSystemSynchronizedBuildFileExceptionSet;
			membershipExceptions = (
				AttachmentManager.swift,
			);
			target = 7A5482AA299AD56C00D5061E /* swift-paperless */;
		};
/* End PBXFileSystemSynchronizedBuildFileExceptionSet section */

/* Begin PBXFileSystemSynchronizedRootGroup section */
		7A40DD7A2D10BE630033DDE5 /* swift-paperlessTests */ = {isa = PBXFileSystemSynchronizedRootGroup; explicitFileTypes = {}; explicitFolders = (); path = "swift-paperlessTests"; sourceTree = "<group>"; };
		7A40DD832D10BEA10033DDE5 /* swift-paperlessUITests */ = {isa = PBXFileSystemSynchronizedRootGroup; explicitFileTypes = {}; explicitFolders = (); path = "swift-paperlessUITests"; sourceTree = "<group>"; };
		7A40DD912D10BEAA0033DDE5 /* ShareExtension */ = {isa = PBXFileSystemSynchronizedRootGroup; exceptions = (7A40DD982D10BEAA0033DDE5 /* PBXFileSystemSynchronizedBuildFileExceptionSet */, ); explicitFileTypes = {}; explicitFolders = (); path = ShareExtension; sourceTree = "<group>"; };
		7AC40DFC2D134EDE003F68B1 /* Localization */ = {isa = PBXFileSystemSynchronizedRootGroup; exceptions = (7AC40FAD2D134EDE003F68B1 /* PBXFileSystemSynchronizedBuildFileExceptionSet */, ); explicitFileTypes = {}; explicitFolders = (); path = Localization; sourceTree = "<group>"; };
		7AC40E272D134EDE003F68B1 /* Model */ = {isa = PBXFileSystemSynchronizedRootGroup; explicitFileTypes = {}; explicitFolders = (); path = Model; sourceTree = "<group>"; };
		7AC40E672D134EDE003F68B1 /* Utilities */ = {isa = PBXFileSystemSynchronizedRootGroup; exceptions = (7AC40FA52D134EDE003F68B1 /* PBXFileSystemSynchronizedBuildFileExceptionSet */, 7AC40FA62D134EDE003F68B1 /* PBXFileSystemSynchronizedBuildFileExceptionSet */, 7AC40FA72D134EDE003F68B1 /* PBXFileSystemSynchronizedBuildFileExceptionSet */, ); explicitFileTypes = {}; explicitFolders = (); path = Utilities; sourceTree = "<group>"; };
		7AC40EDE2D134EDE003F68B1 /* Views */ = {isa = PBXFileSystemSynchronizedRootGroup; exceptions = (7AC40FA82D134EDE003F68B1 /* PBXFileSystemSynchronizedBuildFileExceptionSet */, 7AC40FA92D134EDE003F68B1 /* PBXFileSystemSynchronizedBuildFileExceptionSet */, ); explicitFileTypes = {}; explicitFolders = (); path = Views; sourceTree = "<group>"; };
		7AC40F622D134EDE003F68B1 /* Preview Content */ = {isa = PBXFileSystemSynchronizedRootGroup; explicitFileTypes = {}; explicitFolders = (); path = "Preview Content"; sourceTree = "<group>"; };
		7AC40F7B2D134EDE003F68B1 /* Networking */ = {isa = PBXFileSystemSynchronizedRootGroup; exceptions = (7AC40FAA2D134EDE003F68B1 /* PBXFileSystemSynchronizedBuildFileExceptionSet */, 7AC40FAB2D134EDE003F68B1 /* PBXFileSystemSynchronizedBuildFileExceptionSet */, ); explicitFileTypes = {}; explicitFolders = (); path = Networking; sourceTree = "<group>"; };
		7AC411772D134F85003F68B1 /* Document */ = {isa = PBXFileSystemSynchronizedRootGroup; explicitFileTypes = {}; explicitFolders = (); path = Document; sourceTree = "<group>"; };
		7AC411782D134FDB003F68B1 /* ViewModel */ = {isa = PBXFileSystemSynchronizedRootGroup; exceptions = (7AC411792D134FE7003F68B1 /* PBXFileSystemSynchronizedBuildFileExceptionSet */, ); explicitFileTypes = {}; explicitFolders = (); path = ViewModel; sourceTree = "<group>"; };
/* End PBXFileSystemSynchronizedRootGroup section */

/* Begin PBXFrameworksBuildPhase section */
		7A4AA8E129BB969400D845A2 /* Frameworks */ = {
			isa = PBXFrameworksBuildPhase;
			buildActionMask = 2147483647;
			files = (
				7AAC44562CA0A38B003E6A3A /* Common in Frameworks */,
				7A4AA90329BE048800D845A2 /* Flow in Frameworks */,
				7A4D588D2D13569A00FCB1F1 /* DataModel in Frameworks */,
				7A4AA91A29BE730B00D845A2 /* Semaphore in Frameworks */,
				7A1C32C52A5EB08D00C18B44 /* NukeUI in Frameworks */,
				7A6DA7022D7DD3F000B3B185 /* Networking in Frameworks */,
				7AB060DB29C62395004E6C63 /* AsyncAlgorithms in Frameworks */,
			);
			runOnlyForDeploymentPostprocessing = 0;
		};
		7A5482A8299AD56C00D5061E /* Frameworks */ = {
			isa = PBXFrameworksBuildPhase;
			buildActionMask = 2147483647;
			files = (
				7A68F0B329B4B94B00878223 /* Flow in Frameworks */,
				7A6AA3452C1EDEBE007A1866 /* MarkdownUI in Frameworks */,
				7A5C138A29AA7E2F00D71F51 /* Semaphore in Frameworks */,
				7A1C32C12A5EAF1A00C18B44 /* NukeExtensions in Frameworks */,
				7A1C32BF2A5EAF1A00C18B44 /* Nuke in Frameworks */,
				7A4D58892D13568900FCB1F1 /* DataModel in Frameworks */,
				7AB060D929C5BEE5004E6C63 /* AsyncAlgorithms in Frameworks */,
				7A1C32C32A5EAF1A00C18B44 /* NukeUI in Frameworks */,
				7A6DA7002D7DD3E900B3B185 /* Networking in Frameworks */,
				7AAC44542CA0A37D003E6A3A /* Common in Frameworks */,
			);
			runOnlyForDeploymentPostprocessing = 0;
		};
		7A5482B9299AD56E00D5061E /* Frameworks */ = {
			isa = PBXFrameworksBuildPhase;
			buildActionMask = 2147483647;
			files = (
				7AAC43182CA06F8D003E6A3A /* AsyncAlgorithms in Frameworks */,
				7AAC44582CA0A391003E6A3A /* Common in Frameworks */,
				7A01307C2D8EAEEE00803E6B /* Networking in Frameworks */,
				7A4D588B2D13569500FCB1F1 /* DataModel in Frameworks */,
			);
			runOnlyForDeploymentPostprocessing = 0;
		};
		7A5482C3299AD56E00D5061E /* Frameworks */ = {
			isa = PBXFrameworksBuildPhase;
			buildActionMask = 2147483647;
			files = (
			);
			runOnlyForDeploymentPostprocessing = 0;
		};
/* End PBXFrameworksBuildPhase section */

/* Begin PBXGroup section */
		7A4AA90129BE048800D845A2 /* Frameworks */ = {
			isa = PBXGroup;
			children = (
			);
			name = Frameworks;
			sourceTree = "<group>";
		};
		7A5482A2299AD56C00D5061E = {
			isa = PBXGroup;
			children = (
				7A6DA7212D7DD42100B3B185 /* Networking */,
				7A4D58862D13563B00FCB1F1 /* DataModel */,
				7AAC44512CA0A31E003E6A3A /* Common */,
				7AC40CAA2D134ED1003F68B1 /* swift-paperless */,
				7A64771B2BDD50D200217C18 /* libraries.md */,
				7A40DD7A2D10BE630033DDE5 /* swift-paperlessTests */,
				7A40DD832D10BEA10033DDE5 /* swift-paperlessUITests */,
				7A40DD912D10BEAA0033DDE5 /* ShareExtension */,
				7A5482AC299AD56C00D5061E /* Products */,
				7A4AA90129BE048800D845A2 /* Frameworks */,
			);
			sourceTree = "<group>";
		};
		7A5482AC299AD56C00D5061E /* Products */ = {
			isa = PBXGroup;
			children = (
				7A5482AB299AD56C00D5061E /* swift-paperless.app */,
				7A5482BC299AD56E00D5061E /* swift-paperlessTests.xctest */,
				7A5482C6299AD56E00D5061E /* swift-paperlessUITests.xctest */,
				7A4AA8E429BB969400D845A2 /* ShareExtension.appex */,
			);
			name = Products;
			sourceTree = "<group>";
		};
		7AC40CAA2D134ED1003F68B1 /* swift-paperless */ = {
			isa = PBXGroup;
			children = (
				7AC411782D134FDB003F68B1 /* ViewModel */,
				7AC411772D134F85003F68B1 /* Document */,
				7AC40DFC2D134EDE003F68B1 /* Localization */,
				7AC40E272D134EDE003F68B1 /* Model */,
				7AC40F7B2D134EDE003F68B1 /* Networking */,
				7AC40F622D134EDE003F68B1 /* Preview Content */,
				7AC40E672D134EDE003F68B1 /* Utilities */,
				7AC40EDE2D134EDE003F68B1 /* Views */,
				7AC40C9A2D134ED1003F68B1 /* Assets.xcassets */,
				7AC40CA42D134ED1003F68B1 /* Info.plist */,
				7AC40CA72D134ED1003F68B1 /* PrivacyInfo.xcprivacy */,
				7AC40CA82D134ED1003F68B1 /* swift_paperless.entitlements */,
				7AC40CA92D134ED1003F68B1 /* swift_paperlessApp.swift */,
			);
			path = "swift-paperless";
			sourceTree = "<group>";
		};
/* End PBXGroup section */

/* Begin PBXNativeTarget section */
		7A4AA8E329BB969400D845A2 /* ShareExtension */ = {
			isa = PBXNativeTarget;
			buildConfigurationList = 7A4AA8EF29BB969500D845A2 /* Build configuration list for PBXNativeTarget "ShareExtension" */;
			buildPhases = (
				7A4AA8E029BB969400D845A2 /* Sources */,
				7A4AA8E129BB969400D845A2 /* Frameworks */,
				7A4AA8E229BB969400D845A2 /* Resources */,
			);
			buildRules = (
			);
			dependencies = (
				7A4D51702C0F97EB0066E75A /* PBXTargetDependency */,
			);
			fileSystemSynchronizedGroups = (
				7A40DD912D10BEAA0033DDE5 /* ShareExtension */,
				7AC40DFC2D134EDE003F68B1 /* Localization */,
				7AC40E272D134EDE003F68B1 /* Model */,
				7AC40E672D134EDE003F68B1 /* Utilities */,
				7AC40EDE2D134EDE003F68B1 /* Views */,
				7AC40F7B2D134EDE003F68B1 /* Networking */,
				7AC411772D134F85003F68B1 /* Document */,
				7AC411782D134FDB003F68B1 /* ViewModel */,
			);
			name = ShareExtension;
			packageProductDependencies = (
				7A4AA90229BE048800D845A2 /* Flow */,
				7A4AA91929BE730B00D845A2 /* Semaphore */,
				7AB060DA29C62395004E6C63 /* AsyncAlgorithms */,
				7A1C32C42A5EB08D00C18B44 /* NukeUI */,
				7AAC44552CA0A38B003E6A3A /* Common */,
				7A4D588C2D13569A00FCB1F1 /* DataModel */,
				7A6DA7012D7DD3F000B3B185 /* Networking */,
			);
			productName = ShareExtension;
			productReference = 7A4AA8E429BB969400D845A2 /* ShareExtension.appex */;
			productType = "com.apple.product-type.app-extension";
		};
		7A5482AA299AD56C00D5061E /* swift-paperless */ = {
			isa = PBXNativeTarget;
			buildConfigurationList = 7A5482D0299AD56E00D5061E /* Build configuration list for PBXNativeTarget "swift-paperless" */;
			buildPhases = (
				7A5482A7299AD56C00D5061E /* Sources */,
				7A5482A8299AD56C00D5061E /* Frameworks */,
				7A5482A9299AD56C00D5061E /* Resources */,
				7A4AA8F229BB969500D845A2 /* Embed Foundation Extensions */,
			);
			buildRules = (
			);
			dependencies = (
				7A4D51692C0F96ED0066E75A /* PBXTargetDependency */,
				7A4AA8ED29BB969400D845A2 /* PBXTargetDependency */,
			);
			fileSystemSynchronizedGroups = (
				7AC40DFC2D134EDE003F68B1 /* Localization */,
				7AC40E272D134EDE003F68B1 /* Model */,
				7AC40E672D134EDE003F68B1 /* Utilities */,
				7AC40EDE2D134EDE003F68B1 /* Views */,
				7AC40F622D134EDE003F68B1 /* Preview Content */,
				7AC40F7B2D134EDE003F68B1 /* Networking */,
				7AC411772D134F85003F68B1 /* Document */,
				7AC411782D134FDB003F68B1 /* ViewModel */,
			);
			name = "swift-paperless";
			packageProductDependencies = (
				7A5C138929AA7E2F00D71F51 /* Semaphore */,
				7A68F0B229B4B94B00878223 /* Flow */,
				7AB060D829C5BEE5004E6C63 /* AsyncAlgorithms */,
				7A1C32BE2A5EAF1A00C18B44 /* Nuke */,
				7A1C32C02A5EAF1A00C18B44 /* NukeExtensions */,
				7A1C32C22A5EAF1A00C18B44 /* NukeUI */,
				7A6AA3442C1EDEBE007A1866 /* MarkdownUI */,
				7AAC44532CA0A37D003E6A3A /* Common */,
				7A4D58882D13568900FCB1F1 /* DataModel */,
				7A6DA6FF2D7DD3E900B3B185 /* Networking */,
			);
			productName = "swift-paperless";
			productReference = 7A5482AB299AD56C00D5061E /* swift-paperless.app */;
			productType = "com.apple.product-type.application";
		};
		7A5482BB299AD56E00D5061E /* swift-paperlessTests */ = {
			isa = PBXNativeTarget;
			buildConfigurationList = 7A5482D3299AD56E00D5061E /* Build configuration list for PBXNativeTarget "swift-paperlessTests" */;
			buildPhases = (
				7A5482B8299AD56E00D5061E /* Sources */,
				7A5482B9299AD56E00D5061E /* Frameworks */,
				7A5482BA299AD56E00D5061E /* Resources */,
			);
			buildRules = (
			);
			dependencies = (
				7A35C0A92C117D79006A542D /* PBXTargetDependency */,
			);
			fileSystemSynchronizedGroups = (
				7A40DD7A2D10BE630033DDE5 /* swift-paperlessTests */,
				7AC40DFC2D134EDE003F68B1 /* Localization */,
				7AC40E272D134EDE003F68B1 /* Model */,
			);
			name = "swift-paperlessTests";
			productName = "swift-paperlessTests";
			productReference = 7A5482BC299AD56E00D5061E /* swift-paperlessTests.xctest */;
			productType = "com.apple.product-type.bundle.unit-test";
		};
		7A5482C5299AD56E00D5061E /* swift-paperlessUITests */ = {
			isa = PBXNativeTarget;
			buildConfigurationList = 7A5482D6299AD56E00D5061E /* Build configuration list for PBXNativeTarget "swift-paperlessUITests" */;
			buildPhases = (
				7A5482C2299AD56E00D5061E /* Sources */,
				7A5482C3299AD56E00D5061E /* Frameworks */,
				7A5482C4299AD56E00D5061E /* Resources */,
			);
			buildRules = (
			);
			dependencies = (
				7A35C0AB2C117D7D006A542D /* PBXTargetDependency */,
				7A5482C8299AD56E00D5061E /* PBXTargetDependency */,
			);
			fileSystemSynchronizedGroups = (
				7A40DD832D10BEA10033DDE5 /* swift-paperlessUITests */,
				7AC40DFC2D134EDE003F68B1 /* Localization */,
			);
			name = "swift-paperlessUITests";
			productName = "swift-paperlessUITests";
			productReference = 7A5482C6299AD56E00D5061E /* swift-paperlessUITests.xctest */;
			productType = "com.apple.product-type.bundle.ui-testing";
		};
/* End PBXNativeTarget section */

/* Begin PBXProject section */
		7A5482A3299AD56C00D5061E /* Project object */ = {
			isa = PBXProject;
			attributes = {
				BuildIndependentTargetsInParallel = 1;
				LastSwiftUpdateCheck = 1600;
				LastUpgradeCheck = 1610;
				TargetAttributes = {
					7A4AA8E329BB969400D845A2 = {
						CreatedOnToolsVersion = 14.2;
					};
					7A5482AA299AD56C00D5061E = {
						CreatedOnToolsVersion = 14.2;
					};
					7A5482BB299AD56E00D5061E = {
						CreatedOnToolsVersion = 14.2;
					};
					7A5482C5299AD56E00D5061E = {
						CreatedOnToolsVersion = 14.2;
						TestTargetID = 7A5482AA299AD56C00D5061E;
					};
				};
			};
			buildConfigurationList = 7A5482A6299AD56C00D5061E /* Build configuration list for PBXProject "swift-paperless" */;
			compatibilityVersion = "Xcode 14.0";
			developmentRegion = en;
			hasScannedForEncodings = 0;
			knownRegions = (
				en,
				Base,
				de,
				fr,
				pl,
				nl,
				da,
			);
			mainGroup = 7A5482A2299AD56C00D5061E;
			packageReferences = (
				7A5C138829AA7E2F00D71F51 /* XCRemoteSwiftPackageReference "Semaphore" */,
				7A9AA03829AD39F300A55529 /* XCRemoteSwiftPackageReference "swift-collections" */,
				7A68F0B129B4B94B00878223 /* XCRemoteSwiftPackageReference "SwiftUI-Flow" */,
				7AB060D729C5BEE4004E6C63 /* XCRemoteSwiftPackageReference "swift-async-algorithms" */,
				7A1C32BD2A5EAF1A00C18B44 /* XCRemoteSwiftPackageReference "Nuke" */,
				7A2E12102B14BBBF00E7704A /* XCRemoteSwiftPackageReference "xcstrings-tool-plugin" */,
				7A6AA3432C1EDEBE007A1866 /* XCRemoteSwiftPackageReference "swift-markdown-ui" */,
				7AAC44522CA0A37D003E6A3A /* XCLocalSwiftPackageReference "Common" */,
				7A4D58872D13568900FCB1F1 /* XCLocalSwiftPackageReference "DataModel" */,
				7A3DC74A2D7DD308009BBBD8 /* XCLocalSwiftPackageReference "Networking" */,
			);
			productRefGroup = 7A5482AC299AD56C00D5061E /* Products */;
			projectDirPath = "";
			projectRoot = "";
			targets = (
				7A5482AA299AD56C00D5061E /* swift-paperless */,
				7A5482BB299AD56E00D5061E /* swift-paperlessTests */,
				7A5482C5299AD56E00D5061E /* swift-paperlessUITests */,
				7A4AA8E329BB969400D845A2 /* ShareExtension */,
			);
		};
/* End PBXProject section */

/* Begin PBXResourcesBuildPhase section */
		7A4AA8E229BB969400D845A2 /* Resources */ = {
			isa = PBXResourcesBuildPhase;
			buildActionMask = 2147483647;
			files = (
				7AC40CB62D134ED1003F68B1 /* Assets.xcassets in Resources */,
				7AC40CB82D134ED1003F68B1 /* PrivacyInfo.xcprivacy in Resources */,
			);
			runOnlyForDeploymentPostprocessing = 0;
		};
		7A5482A9299AD56C00D5061E /* Resources */ = {
			isa = PBXResourcesBuildPhase;
			buildActionMask = 2147483647;
			files = (
				7AC40D402D134ED1003F68B1 /* Assets.xcassets in Resources */,
				7AC40D422D134ED1003F68B1 /* PrivacyInfo.xcprivacy in Resources */,
				7A64771C2BDD50D200217C18 /* libraries.md in Resources */,
			);
			runOnlyForDeploymentPostprocessing = 0;
		};
		7A5482BA299AD56E00D5061E /* Resources */ = {
			isa = PBXResourcesBuildPhase;
			buildActionMask = 2147483647;
			files = (
			);
			runOnlyForDeploymentPostprocessing = 0;
		};
		7A5482C4299AD56E00D5061E /* Resources */ = {
			isa = PBXResourcesBuildPhase;
			buildActionMask = 2147483647;
			files = (
			);
			runOnlyForDeploymentPostprocessing = 0;
		};
/* End PBXResourcesBuildPhase section */

/* Begin PBXSourcesBuildPhase section */
		7A4AA8E029BB969400D845A2 /* Sources */ = {
			isa = PBXSourcesBuildPhase;
			buildActionMask = 2147483647;
			files = (
			);
			runOnlyForDeploymentPostprocessing = 0;
		};
		7A5482A7299AD56C00D5061E /* Sources */ = {
			isa = PBXSourcesBuildPhase;
			buildActionMask = 2147483647;
			files = (
				7AC40DBE2D134ED1003F68B1 /* swift_paperlessApp.swift in Sources */,
			);
			runOnlyForDeploymentPostprocessing = 0;
		};
		7A5482B8299AD56E00D5061E /* Sources */ = {
			isa = PBXSourcesBuildPhase;
			buildActionMask = 2147483647;
			files = (
			);
			runOnlyForDeploymentPostprocessing = 0;
		};
		7A5482C2299AD56E00D5061E /* Sources */ = {
			isa = PBXSourcesBuildPhase;
			buildActionMask = 2147483647;
			files = (
			);
			runOnlyForDeploymentPostprocessing = 0;
		};
/* End PBXSourcesBuildPhase section */

/* Begin PBXTargetDependency section */
		7A35C0A92C117D79006A542D /* PBXTargetDependency */ = {
			isa = PBXTargetDependency;
			productRef = 7A35C0A82C117D79006A542D /* XCStringsToolPlugin */;
		};
		7A35C0AB2C117D7D006A542D /* PBXTargetDependency */ = {
			isa = PBXTargetDependency;
			productRef = 7A35C0AA2C117D7D006A542D /* XCStringsToolPlugin */;
		};
		7A4AA8ED29BB969400D845A2 /* PBXTargetDependency */ = {
			isa = PBXTargetDependency;
			platformFilter = ios;
			target = 7A4AA8E329BB969400D845A2 /* ShareExtension */;
			targetProxy = 7A4AA8EC29BB969400D845A2 /* PBXContainerItemProxy */;
		};
		7A4D51692C0F96ED0066E75A /* PBXTargetDependency */ = {
			isa = PBXTargetDependency;
			productRef = 7A4D51682C0F96ED0066E75A /* XCStringsToolPlugin */;
		};
		7A4D51702C0F97EB0066E75A /* PBXTargetDependency */ = {
			isa = PBXTargetDependency;
			productRef = 7A4D516F2C0F97EB0066E75A /* XCStringsToolPlugin */;
		};
		7A5482C8299AD56E00D5061E /* PBXTargetDependency */ = {
			isa = PBXTargetDependency;
			target = 7A5482AA299AD56C00D5061E /* swift-paperless */;
			targetProxy = 7A5482C7299AD56E00D5061E /* PBXContainerItemProxy */;
		};
/* End PBXTargetDependency section */

/* Begin XCBuildConfiguration section */
		7A4AA8F029BB969500D845A2 /* Debug */ = {
			isa = XCBuildConfiguration;
			buildSettings = {
				CODE_SIGN_ENTITLEMENTS = ShareExtension/ShareExtension.entitlements;
				CODE_SIGN_IDENTITY = "Apple Development";
				CODE_SIGN_STYLE = Automatic;
				CURRENT_PROJECT_VERSION = 149;
				DEVELOPMENT_TEAM = ZHKJ4NHK6F;
				GENERATE_INFOPLIST_FILE = YES;
				INFOPLIST_FILE = ShareExtension/Info.plist;
				INFOPLIST_KEY_CFBundleDisplayName = Paperless;
				INFOPLIST_KEY_NSHumanReadableCopyright = "";
				IPHONEOS_DEPLOYMENT_TARGET = 17.0;
				LD_RUNPATH_SEARCH_PATHS = (
					"$(inherited)",
					"@executable_path/Frameworks",
					"@executable_path/../../Frameworks",
				);
				LOCALIZED_STRING_SWIFTUI_SUPPORT = NO;
				MARKETING_VERSION = 1.8.0;
				PRODUCT_BUNDLE_IDENTIFIER = "com.paulgessinger.swift-paperless.ShareExtension";
				PRODUCT_NAME = "$(TARGET_NAME)";
				PROVISIONING_PROFILE_SPECIFIER = "";
				SDKROOT = iphoneos;
				SKIP_INSTALL = YES;
				SUPPORTED_PLATFORMS = "iphoneos iphonesimulator";
				SUPPORTS_MACCATALYST = YES;
				SUPPORTS_MAC_DESIGNED_FOR_IPHONE_IPAD = NO;
				SUPPORTS_XR_DESIGNED_FOR_IPHONE_IPAD = NO;
				SWIFT_EMIT_LOC_STRINGS = NO;
				SWIFT_STRICT_CONCURRENCY = complete;
				SWIFT_VERSION = 6.0;
				TARGETED_DEVICE_FAMILY = "1,2";
			};
			name = Debug;
		};
		7A4AA8F129BB969500D845A2 /* Release */ = {
			isa = XCBuildConfiguration;
			buildSettings = {
				CODE_SIGN_ENTITLEMENTS = ShareExtension/ShareExtension.entitlements;
				CODE_SIGN_IDENTITY = "Apple Development";
				CODE_SIGN_STYLE = Automatic;
				CURRENT_PROJECT_VERSION = 149;
				DEVELOPMENT_TEAM = ZHKJ4NHK6F;
				GENERATE_INFOPLIST_FILE = YES;
				INFOPLIST_FILE = ShareExtension/Info.plist;
				INFOPLIST_KEY_CFBundleDisplayName = Paperless;
				INFOPLIST_KEY_NSHumanReadableCopyright = "";
				IPHONEOS_DEPLOYMENT_TARGET = 17.0;
				LD_RUNPATH_SEARCH_PATHS = (
					"$(inherited)",
					"@executable_path/Frameworks",
					"@executable_path/../../Frameworks",
				);
				LOCALIZED_STRING_SWIFTUI_SUPPORT = NO;
				MARKETING_VERSION = 1.8.0;
				PRODUCT_BUNDLE_IDENTIFIER = "com.paulgessinger.swift-paperless.ShareExtension";
				PRODUCT_NAME = "$(TARGET_NAME)";
				PROVISIONING_PROFILE_SPECIFIER = "";
				SDKROOT = iphoneos;
				SKIP_INSTALL = YES;
				SUPPORTED_PLATFORMS = "iphoneos iphonesimulator";
				SUPPORTS_MACCATALYST = YES;
				SUPPORTS_MAC_DESIGNED_FOR_IPHONE_IPAD = NO;
				SUPPORTS_XR_DESIGNED_FOR_IPHONE_IPAD = NO;
				SWIFT_EMIT_LOC_STRINGS = NO;
				SWIFT_STRICT_CONCURRENCY = complete;
				SWIFT_VERSION = 6.0;
				TARGETED_DEVICE_FAMILY = "1,2";
				VALIDATE_PRODUCT = YES;
			};
			name = Release;
		};
		7A5482CE299AD56E00D5061E /* Debug */ = {
			isa = XCBuildConfiguration;
			buildSettings = {
				ALWAYS_SEARCH_USER_PATHS = NO;
				ASSETCATALOG_COMPILER_GENERATE_SWIFT_ASSET_SYMBOL_EXTENSIONS = YES;
				CLANG_ANALYZER_LOCALIZABILITY_NONLOCALIZED = YES;
				CLANG_ANALYZER_NONNULL = YES;
				CLANG_ANALYZER_NUMBER_OBJECT_CONVERSION = YES_AGGRESSIVE;
				CLANG_CXX_LANGUAGE_STANDARD = "gnu++20";
				CLANG_ENABLE_MODULES = YES;
				CLANG_ENABLE_OBJC_ARC = YES;
				CLANG_ENABLE_OBJC_WEAK = YES;
				CLANG_WARN_BLOCK_CAPTURE_AUTORELEASING = YES;
				CLANG_WARN_BOOL_CONVERSION = YES;
				CLANG_WARN_COMMA = YES;
				CLANG_WARN_CONSTANT_CONVERSION = YES;
				CLANG_WARN_DEPRECATED_OBJC_IMPLEMENTATIONS = YES;
				CLANG_WARN_DIRECT_OBJC_ISA_USAGE = YES_ERROR;
				CLANG_WARN_DOCUMENTATION_COMMENTS = YES;
				CLANG_WARN_EMPTY_BODY = YES;
				CLANG_WARN_ENUM_CONVERSION = YES;
				CLANG_WARN_INFINITE_RECURSION = YES;
				CLANG_WARN_INT_CONVERSION = YES;
				CLANG_WARN_NON_LITERAL_NULL_CONVERSION = YES;
				CLANG_WARN_OBJC_IMPLICIT_RETAIN_SELF = YES;
				CLANG_WARN_OBJC_LITERAL_CONVERSION = YES;
				CLANG_WARN_OBJC_ROOT_CLASS = YES_ERROR;
				CLANG_WARN_QUOTED_INCLUDE_IN_FRAMEWORK_HEADER = YES;
				CLANG_WARN_RANGE_LOOP_ANALYSIS = YES;
				CLANG_WARN_STRICT_PROTOTYPES = YES;
				CLANG_WARN_SUSPICIOUS_MOVE = YES;
				CLANG_WARN_UNGUARDED_AVAILABILITY = YES_AGGRESSIVE;
				CLANG_WARN_UNREACHABLE_CODE = YES;
				CLANG_WARN__DUPLICATE_METHOD_MATCH = YES;
				COPY_PHASE_STRIP = NO;
				DEAD_CODE_STRIPPING = YES;
				DEBUG_INFORMATION_FORMAT = dwarf;
				ENABLE_STRICT_OBJC_MSGSEND = YES;
				ENABLE_TESTABILITY = YES;
				ENABLE_USER_SCRIPT_SANDBOXING = YES;
				GCC_C_LANGUAGE_STANDARD = gnu11;
				GCC_DYNAMIC_NO_PIC = NO;
				GCC_NO_COMMON_BLOCKS = YES;
				GCC_OPTIMIZATION_LEVEL = 0;
				GCC_PREPROCESSOR_DEFINITIONS = (
					"DEBUG=1",
					"$(inherited)",
				);
				GCC_WARN_64_TO_32_BIT_CONVERSION = YES;
				GCC_WARN_ABOUT_RETURN_TYPE = YES_ERROR;
				GCC_WARN_UNDECLARED_SELECTOR = YES;
				GCC_WARN_UNINITIALIZED_AUTOS = YES_AGGRESSIVE;
				GCC_WARN_UNUSED_FUNCTION = YES;
				GCC_WARN_UNUSED_VARIABLE = YES;
				IPHONEOS_DEPLOYMENT_TARGET = 16.4;
				LOCALIZATION_PREFERS_STRING_CATALOGS = YES;
				MTL_ENABLE_DEBUG_INFO = INCLUDE_SOURCE;
				MTL_FAST_MATH = YES;
				ONLY_ACTIVE_ARCH = YES;
				SWIFT_ACTIVE_COMPILATION_CONDITIONS = DEBUG;
				SWIFT_OPTIMIZATION_LEVEL = "-Onone";
				SWIFT_STRICT_CONCURRENCY = complete;
				SWIFT_VERSION = 6.0;
			};
			name = Debug;
		};
		7A5482CF299AD56E00D5061E /* Release */ = {
			isa = XCBuildConfiguration;
			buildSettings = {
				ALWAYS_SEARCH_USER_PATHS = NO;
				ASSETCATALOG_COMPILER_GENERATE_SWIFT_ASSET_SYMBOL_EXTENSIONS = YES;
				CLANG_ANALYZER_LOCALIZABILITY_NONLOCALIZED = YES;
				CLANG_ANALYZER_NONNULL = YES;
				CLANG_ANALYZER_NUMBER_OBJECT_CONVERSION = YES_AGGRESSIVE;
				CLANG_CXX_LANGUAGE_STANDARD = "gnu++20";
				CLANG_ENABLE_MODULES = YES;
				CLANG_ENABLE_OBJC_ARC = YES;
				CLANG_ENABLE_OBJC_WEAK = YES;
				CLANG_WARN_BLOCK_CAPTURE_AUTORELEASING = YES;
				CLANG_WARN_BOOL_CONVERSION = YES;
				CLANG_WARN_COMMA = YES;
				CLANG_WARN_CONSTANT_CONVERSION = YES;
				CLANG_WARN_DEPRECATED_OBJC_IMPLEMENTATIONS = YES;
				CLANG_WARN_DIRECT_OBJC_ISA_USAGE = YES_ERROR;
				CLANG_WARN_DOCUMENTATION_COMMENTS = YES;
				CLANG_WARN_EMPTY_BODY = YES;
				CLANG_WARN_ENUM_CONVERSION = YES;
				CLANG_WARN_INFINITE_RECURSION = YES;
				CLANG_WARN_INT_CONVERSION = YES;
				CLANG_WARN_NON_LITERAL_NULL_CONVERSION = YES;
				CLANG_WARN_OBJC_IMPLICIT_RETAIN_SELF = YES;
				CLANG_WARN_OBJC_LITERAL_CONVERSION = YES;
				CLANG_WARN_OBJC_ROOT_CLASS = YES_ERROR;
				CLANG_WARN_QUOTED_INCLUDE_IN_FRAMEWORK_HEADER = YES;
				CLANG_WARN_RANGE_LOOP_ANALYSIS = YES;
				CLANG_WARN_STRICT_PROTOTYPES = YES;
				CLANG_WARN_SUSPICIOUS_MOVE = YES;
				CLANG_WARN_UNGUARDED_AVAILABILITY = YES_AGGRESSIVE;
				CLANG_WARN_UNREACHABLE_CODE = YES;
				CLANG_WARN__DUPLICATE_METHOD_MATCH = YES;
				COPY_PHASE_STRIP = NO;
				DEAD_CODE_STRIPPING = YES;
				DEBUG_INFORMATION_FORMAT = "dwarf-with-dsym";
				ENABLE_NS_ASSERTIONS = NO;
				ENABLE_STRICT_OBJC_MSGSEND = YES;
				ENABLE_USER_SCRIPT_SANDBOXING = YES;
				GCC_C_LANGUAGE_STANDARD = gnu11;
				GCC_NO_COMMON_BLOCKS = YES;
				GCC_WARN_64_TO_32_BIT_CONVERSION = YES;
				GCC_WARN_ABOUT_RETURN_TYPE = YES_ERROR;
				GCC_WARN_UNDECLARED_SELECTOR = YES;
				GCC_WARN_UNINITIALIZED_AUTOS = YES_AGGRESSIVE;
				GCC_WARN_UNUSED_FUNCTION = YES;
				GCC_WARN_UNUSED_VARIABLE = YES;
				IPHONEOS_DEPLOYMENT_TARGET = 16.4;
				LOCALIZATION_PREFERS_STRING_CATALOGS = YES;
				MTL_ENABLE_DEBUG_INFO = NO;
				MTL_FAST_MATH = YES;
				SWIFT_COMPILATION_MODE = wholemodule;
				SWIFT_OPTIMIZATION_LEVEL = "-O";
				SWIFT_STRICT_CONCURRENCY = complete;
				SWIFT_VERSION = 6.0;
			};
			name = Release;
		};
		7A5482D1299AD56E00D5061E /* Debug */ = {
			isa = XCBuildConfiguration;
			buildSettings = {
				ASSETCATALOG_COMPILER_APPICON_NAME = AppIcon;
				ASSETCATALOG_COMPILER_GLOBAL_ACCENT_COLOR_NAME = AccentColor;
				ASSETCATALOG_COMPILER_INCLUDE_ALL_APPICON_ASSETS = YES;
				CODE_SIGN_ENTITLEMENTS = "swift-paperless/swift_paperless.entitlements";
				CODE_SIGN_IDENTITY = "Apple Development";
				CODE_SIGN_STYLE = Automatic;
				CURRENT_PROJECT_VERSION = 149;
				DEAD_CODE_STRIPPING = YES;
				DEVELOPMENT_ASSET_PATHS = "\"swift-paperless/Preview Content\"";
				DEVELOPMENT_TEAM = ZHKJ4NHK6F;
				ENABLE_HARDENED_RUNTIME = YES;
				ENABLE_PREVIEWS = YES;
				GENERATE_INFOPLIST_FILE = YES;
				INFOPLIST_FILE = "swift-paperless/Info.plist";
				INFOPLIST_KEY_CFBundleDisplayName = Paperless;
				INFOPLIST_KEY_LSApplicationCategoryType = "public.app-category.productivity";
				INFOPLIST_KEY_NSCameraUsageDescription = "Your camera is used to scan for ASNs.";
				INFOPLIST_KEY_NSFaceIDUsageDescription = "Protect access to documents in the app";
				"INFOPLIST_KEY_UIApplicationSceneManifest_Generation[sdk=iphoneos*]" = YES;
				"INFOPLIST_KEY_UIApplicationSceneManifest_Generation[sdk=iphonesimulator*]" = YES;
				"INFOPLIST_KEY_UIApplicationSupportsIndirectInputEvents[sdk=iphoneos*]" = YES;
				"INFOPLIST_KEY_UIApplicationSupportsIndirectInputEvents[sdk=iphonesimulator*]" = YES;
				"INFOPLIST_KEY_UILaunchScreen_Generation[sdk=iphoneos*]" = YES;
				"INFOPLIST_KEY_UILaunchScreen_Generation[sdk=iphonesimulator*]" = YES;
				"INFOPLIST_KEY_UIStatusBarStyle[sdk=iphoneos*]" = UIStatusBarStyleDefault;
				"INFOPLIST_KEY_UIStatusBarStyle[sdk=iphonesimulator*]" = UIStatusBarStyleDefault;
				INFOPLIST_KEY_UISupportedInterfaceOrientations = "UIInterfaceOrientationLandscapeRight UIInterfaceOrientationPortrait";
				INFOPLIST_KEY_UISupportedInterfaceOrientations_iPad = "UIInterfaceOrientationLandscapeLeft UIInterfaceOrientationLandscapeRight UIInterfaceOrientationPortrait UIInterfaceOrientationPortraitUpsideDown";
				IPHONEOS_DEPLOYMENT_TARGET = 17.0;
				LD_RUNPATH_SEARCH_PATHS = "@executable_path/Frameworks";
				"LD_RUNPATH_SEARCH_PATHS[sdk=macosx*]" = "@executable_path/../Frameworks";
				LOCALIZED_STRING_SWIFTUI_SUPPORT = NO;
				MACOSX_DEPLOYMENT_TARGET = 14.0;
				MARKETING_VERSION = 1.8.0;
				PRODUCT_BUNDLE_IDENTIFIER = "com.paulgessinger.swift-paperless";
				PRODUCT_NAME = "$(TARGET_NAME)";
				PROVISIONING_PROFILE_SPECIFIER = "";
				REGISTER_APP_GROUPS = NO;
				SDKROOT = auto;
				SUPPORTED_PLATFORMS = "iphoneos iphonesimulator";
				SUPPORTS_MACCATALYST = YES;
				SUPPORTS_MAC_DESIGNED_FOR_IPHONE_IPAD = NO;
				SWIFT_EMIT_LOC_STRINGS = NO;
				SWIFT_STRICT_CONCURRENCY = complete;
				SWIFT_UPCOMING_FEATURE_EXISTENTIAL_ANY = YES;
				SWIFT_VERSION = 6.0;
				TARGETED_DEVICE_FAMILY = "1,2";
			};
			name = Debug;
		};
		7A5482D2299AD56E00D5061E /* Release */ = {
			isa = XCBuildConfiguration;
			buildSettings = {
				ASSETCATALOG_COMPILER_APPICON_NAME = AppIcon;
				ASSETCATALOG_COMPILER_GLOBAL_ACCENT_COLOR_NAME = AccentColor;
				ASSETCATALOG_COMPILER_INCLUDE_ALL_APPICON_ASSETS = YES;
				CODE_SIGN_ENTITLEMENTS = "swift-paperless/swift_paperless.entitlements";
				CODE_SIGN_IDENTITY = "Apple Development";
				CODE_SIGN_STYLE = Automatic;
				CURRENT_PROJECT_VERSION = 149;
				DEAD_CODE_STRIPPING = YES;
				DEVELOPMENT_ASSET_PATHS = "\"swift-paperless/Preview Content\"";
				DEVELOPMENT_TEAM = ZHKJ4NHK6F;
				ENABLE_HARDENED_RUNTIME = YES;
				ENABLE_PREVIEWS = NO;
				GENERATE_INFOPLIST_FILE = YES;
				INFOPLIST_FILE = "swift-paperless/Info.plist";
				INFOPLIST_KEY_CFBundleDisplayName = Paperless;
				INFOPLIST_KEY_LSApplicationCategoryType = "public.app-category.productivity";
				INFOPLIST_KEY_NSCameraUsageDescription = "Your camera is used to scan for ASNs.";
				INFOPLIST_KEY_NSFaceIDUsageDescription = "Protect access to documents in the app";
				"INFOPLIST_KEY_UIApplicationSceneManifest_Generation[sdk=iphoneos*]" = YES;
				"INFOPLIST_KEY_UIApplicationSceneManifest_Generation[sdk=iphonesimulator*]" = YES;
				"INFOPLIST_KEY_UIApplicationSupportsIndirectInputEvents[sdk=iphoneos*]" = YES;
				"INFOPLIST_KEY_UIApplicationSupportsIndirectInputEvents[sdk=iphonesimulator*]" = YES;
				"INFOPLIST_KEY_UILaunchScreen_Generation[sdk=iphoneos*]" = YES;
				"INFOPLIST_KEY_UILaunchScreen_Generation[sdk=iphonesimulator*]" = YES;
				"INFOPLIST_KEY_UIStatusBarStyle[sdk=iphoneos*]" = UIStatusBarStyleDefault;
				"INFOPLIST_KEY_UIStatusBarStyle[sdk=iphonesimulator*]" = UIStatusBarStyleDefault;
				INFOPLIST_KEY_UISupportedInterfaceOrientations = "UIInterfaceOrientationLandscapeRight UIInterfaceOrientationPortrait";
				INFOPLIST_KEY_UISupportedInterfaceOrientations_iPad = "UIInterfaceOrientationLandscapeLeft UIInterfaceOrientationLandscapeRight UIInterfaceOrientationPortrait UIInterfaceOrientationPortraitUpsideDown";
				IPHONEOS_DEPLOYMENT_TARGET = 17.0;
				LD_RUNPATH_SEARCH_PATHS = "@executable_path/Frameworks";
				"LD_RUNPATH_SEARCH_PATHS[sdk=macosx*]" = "@executable_path/../Frameworks";
				LOCALIZED_STRING_SWIFTUI_SUPPORT = NO;
				MACOSX_DEPLOYMENT_TARGET = 14.0;
				MARKETING_VERSION = 1.8.0;
				PRODUCT_BUNDLE_IDENTIFIER = "com.paulgessinger.swift-paperless";
				PRODUCT_NAME = "$(TARGET_NAME)";
				PROVISIONING_PROFILE_SPECIFIER = "";
				REGISTER_APP_GROUPS = NO;
				SDKROOT = auto;
				SUPPORTED_PLATFORMS = "iphoneos iphonesimulator";
				SUPPORTS_MACCATALYST = YES;
				SUPPORTS_MAC_DESIGNED_FOR_IPHONE_IPAD = NO;
				SWIFT_EMIT_LOC_STRINGS = NO;
				SWIFT_STRICT_CONCURRENCY = complete;
				SWIFT_UPCOMING_FEATURE_EXISTENTIAL_ANY = YES;
				SWIFT_VERSION = 6.0;
				TARGETED_DEVICE_FAMILY = "1,2";
			};
			name = Release;
		};
		7A5482D4299AD56E00D5061E /* Debug */ = {
			isa = XCBuildConfiguration;
			buildSettings = {
				CODE_SIGN_STYLE = Automatic;
				CURRENT_PROJECT_VERSION = 149;
				DEAD_CODE_STRIPPING = YES;
				DEVELOPMENT_TEAM = ZHKJ4NHK6F;
				GENERATE_INFOPLIST_FILE = YES;
				IPHONEOS_DEPLOYMENT_TARGET = 17.0;
				MACOSX_DEPLOYMENT_TARGET = 13.0;
				MARKETING_VERSION = 1.8.0;
				PRODUCT_BUNDLE_IDENTIFIER = "com.paulgessinger.swift-paperlessTests";
				PRODUCT_NAME = "$(TARGET_NAME)";
				REGISTER_APP_GROUPS = NO;
				SDKROOT = auto;
				SUPPORTED_PLATFORMS = "iphoneos iphonesimulator macosx";
				SUPPORTS_MACCATALYST = NO;
				SUPPORTS_MAC_DESIGNED_FOR_IPHONE_IPAD = NO;
				SWIFT_EMIT_LOC_STRINGS = NO;
				SWIFT_VERSION = 6.0;
				TARGETED_DEVICE_FAMILY = "1,2";
			};
			name = Debug;
		};
		7A5482D5299AD56E00D5061E /* Release */ = {
			isa = XCBuildConfiguration;
			buildSettings = {
				CODE_SIGN_STYLE = Automatic;
				CURRENT_PROJECT_VERSION = 149;
				DEAD_CODE_STRIPPING = YES;
				DEVELOPMENT_TEAM = ZHKJ4NHK6F;
				GENERATE_INFOPLIST_FILE = YES;
				IPHONEOS_DEPLOYMENT_TARGET = 17.0;
				MACOSX_DEPLOYMENT_TARGET = 13.0;
				MARKETING_VERSION = 1.8.0;
				PRODUCT_BUNDLE_IDENTIFIER = "com.paulgessinger.swift-paperlessTests";
				PRODUCT_NAME = "$(TARGET_NAME)";
				REGISTER_APP_GROUPS = NO;
				SDKROOT = auto;
				SUPPORTED_PLATFORMS = "iphoneos iphonesimulator macosx";
				SUPPORTS_MACCATALYST = NO;
				SUPPORTS_MAC_DESIGNED_FOR_IPHONE_IPAD = NO;
				SWIFT_EMIT_LOC_STRINGS = NO;
				SWIFT_VERSION = 6.0;
				TARGETED_DEVICE_FAMILY = "1,2";
			};
			name = Release;
		};
		7A5482D7299AD56E00D5061E /* Debug */ = {
			isa = XCBuildConfiguration;
			buildSettings = {
				CODE_SIGN_STYLE = Automatic;
				CURRENT_PROJECT_VERSION = 149;
				DEAD_CODE_STRIPPING = YES;
				DEVELOPMENT_TEAM = ZHKJ4NHK6F;
				GENERATE_INFOPLIST_FILE = YES;
				IPHONEOS_DEPLOYMENT_TARGET = 17.0;
				MACOSX_DEPLOYMENT_TARGET = 13.0;
				MARKETING_VERSION = 1.8.0;
				PRODUCT_BUNDLE_IDENTIFIER = "com.paulgessinger.swift-paperlessUITests";
				PRODUCT_NAME = "$(TARGET_NAME)";
				SDKROOT = auto;
				SUPPORTED_PLATFORMS = "iphoneos iphonesimulator";
				SUPPORTS_MACCATALYST = NO;
				SUPPORTS_MAC_DESIGNED_FOR_IPHONE_IPAD = NO;
				SWIFT_EMIT_LOC_STRINGS = NO;
				SWIFT_VERSION = 6.0;
				TARGETED_DEVICE_FAMILY = "1,2";
				TEST_TARGET_NAME = "swift-paperless";
			};
			name = Debug;
		};
		7A5482D8299AD56E00D5061E /* Release */ = {
			isa = XCBuildConfiguration;
			buildSettings = {
				CODE_SIGN_STYLE = Automatic;
				CURRENT_PROJECT_VERSION = 149;
				DEAD_CODE_STRIPPING = YES;
				DEVELOPMENT_TEAM = ZHKJ4NHK6F;
				GENERATE_INFOPLIST_FILE = YES;
				IPHONEOS_DEPLOYMENT_TARGET = 17.0;
				MACOSX_DEPLOYMENT_TARGET = 13.0;
				MARKETING_VERSION = 1.8.0;
				PRODUCT_BUNDLE_IDENTIFIER = "com.paulgessinger.swift-paperlessUITests";
				PRODUCT_NAME = "$(TARGET_NAME)";
				SDKROOT = auto;
				SUPPORTED_PLATFORMS = "iphoneos iphonesimulator";
				SUPPORTS_MACCATALYST = NO;
				SUPPORTS_MAC_DESIGNED_FOR_IPHONE_IPAD = NO;
				SWIFT_EMIT_LOC_STRINGS = NO;
				SWIFT_VERSION = 6.0;
				TARGETED_DEVICE_FAMILY = "1,2";
				TEST_TARGET_NAME = "swift-paperless";
			};
			name = Release;
		};
/* End XCBuildConfiguration section */

/* Begin XCConfigurationList section */
		7A4AA8EF29BB969500D845A2 /* Build configuration list for PBXNativeTarget "ShareExtension" */ = {
			isa = XCConfigurationList;
			buildConfigurations = (
				7A4AA8F029BB969500D845A2 /* Debug */,
				7A4AA8F129BB969500D845A2 /* Release */,
			);
			defaultConfigurationIsVisible = 0;
			defaultConfigurationName = Release;
		};
		7A5482A6299AD56C00D5061E /* Build configuration list for PBXProject "swift-paperless" */ = {
			isa = XCConfigurationList;
			buildConfigurations = (
				7A5482CE299AD56E00D5061E /* Debug */,
				7A5482CF299AD56E00D5061E /* Release */,
			);
			defaultConfigurationIsVisible = 0;
			defaultConfigurationName = Release;
		};
		7A5482D0299AD56E00D5061E /* Build configuration list for PBXNativeTarget "swift-paperless" */ = {
			isa = XCConfigurationList;
			buildConfigurations = (
				7A5482D1299AD56E00D5061E /* Debug */,
				7A5482D2299AD56E00D5061E /* Release */,
			);
			defaultConfigurationIsVisible = 0;
			defaultConfigurationName = Release;
		};
		7A5482D3299AD56E00D5061E /* Build configuration list for PBXNativeTarget "swift-paperlessTests" */ = {
			isa = XCConfigurationList;
			buildConfigurations = (
				7A5482D4299AD56E00D5061E /* Debug */,
				7A5482D5299AD56E00D5061E /* Release */,
			);
			defaultConfigurationIsVisible = 0;
			defaultConfigurationName = Release;
		};
		7A5482D6299AD56E00D5061E /* Build configuration list for PBXNativeTarget "swift-paperlessUITests" */ = {
			isa = XCConfigurationList;
			buildConfigurations = (
				7A5482D7299AD56E00D5061E /* Debug */,
				7A5482D8299AD56E00D5061E /* Release */,
			);
			defaultConfigurationIsVisible = 0;
			defaultConfigurationName = Release;
		};
/* End XCConfigurationList section */

/* Begin XCLocalSwiftPackageReference section */
		7A3DC74A2D7DD308009BBBD8 /* XCLocalSwiftPackageReference "Networking" */ = {
			isa = XCLocalSwiftPackageReference;
			relativePath = Networking;
		};
		7A4D58872D13568900FCB1F1 /* XCLocalSwiftPackageReference "DataModel" */ = {
			isa = XCLocalSwiftPackageReference;
			relativePath = DataModel;
		};
		7AAC44522CA0A37D003E6A3A /* XCLocalSwiftPackageReference "Common" */ = {
			isa = XCLocalSwiftPackageReference;
			relativePath = Common;
		};
/* End XCLocalSwiftPackageReference section */

/* Begin XCRemoteSwiftPackageReference section */
		7A1C32BD2A5EAF1A00C18B44 /* XCRemoteSwiftPackageReference "Nuke" */ = {
			isa = XCRemoteSwiftPackageReference;
			repositoryURL = "https://github.com/kean/Nuke";
			requirement = {
				kind = upToNextMajorVersion;
				minimumVersion = 12.0.0;
			};
		};
		7A2E12102B14BBBF00E7704A /* XCRemoteSwiftPackageReference "xcstrings-tool-plugin" */ = {
			isa = XCRemoteSwiftPackageReference;
			repositoryURL = "https://github.com/liamnichols/xcstrings-tool-plugin";
			requirement = {
				kind = upToNextMajorVersion;
				minimumVersion = 1.1.0;
			};
		};
		7A5C138829AA7E2F00D71F51 /* XCRemoteSwiftPackageReference "Semaphore" */ = {
			isa = XCRemoteSwiftPackageReference;
			repositoryURL = "https://github.com/groue/Semaphore";
			requirement = {
				kind = upToNextMajorVersion;
				minimumVersion = 0.0.6;
			};
		};
		7A68F0B129B4B94B00878223 /* XCRemoteSwiftPackageReference "SwiftUI-Flow" */ = {
			isa = XCRemoteSwiftPackageReference;
			repositoryURL = "https://github.com/tevelee/SwiftUI-Flow";
			requirement = {
				kind = upToNextMajorVersion;
				minimumVersion = 2.2.0;
			};
		};
		7A6AA3432C1EDEBE007A1866 /* XCRemoteSwiftPackageReference "swift-markdown-ui" */ = {
			isa = XCRemoteSwiftPackageReference;
			repositoryURL = "https://github.com/gonzalezreal/swift-markdown-ui.git";
			requirement = {
				kind = upToNextMajorVersion;
				minimumVersion = 2.3.1;
			};
		};
		7A9AA03829AD39F300A55529 /* XCRemoteSwiftPackageReference "swift-collections" */ = {
			isa = XCRemoteSwiftPackageReference;
			repositoryURL = "https://github.com/apple/swift-collections.git";
			requirement = {
				kind = upToNextMajorVersion;
				minimumVersion = 1.0.0;
			};
		};
		7AB060D729C5BEE4004E6C63 /* XCRemoteSwiftPackageReference "swift-async-algorithms" */ = {
			isa = XCRemoteSwiftPackageReference;
			repositoryURL = "https://github.com/apple/swift-async-algorithms";
			requirement = {
				kind = upToNextMajorVersion;
				minimumVersion = 1.0.0;
			};
		};
/* End XCRemoteSwiftPackageReference section */

/* Begin XCSwiftPackageProductDependency section */
		7A01307B2D8EAEEE00803E6B /* Networking */ = {
			isa = XCSwiftPackageProductDependency;
			productName = Networking;
		};
		7A1C32BE2A5EAF1A00C18B44 /* Nuke */ = {
			isa = XCSwiftPackageProductDependency;
			package = 7A1C32BD2A5EAF1A00C18B44 /* XCRemoteSwiftPackageReference "Nuke" */;
			productName = Nuke;
		};
		7A1C32C02A5EAF1A00C18B44 /* NukeExtensions */ = {
			isa = XCSwiftPackageProductDependency;
			package = 7A1C32BD2A5EAF1A00C18B44 /* XCRemoteSwiftPackageReference "Nuke" */;
			productName = NukeExtensions;
		};
		7A1C32C22A5EAF1A00C18B44 /* NukeUI */ = {
			isa = XCSwiftPackageProductDependency;
			package = 7A1C32BD2A5EAF1A00C18B44 /* XCRemoteSwiftPackageReference "Nuke" */;
			productName = NukeUI;
		};
		7A1C32C42A5EB08D00C18B44 /* NukeUI */ = {
			isa = XCSwiftPackageProductDependency;
			package = 7A1C32BD2A5EAF1A00C18B44 /* XCRemoteSwiftPackageReference "Nuke" */;
			productName = NukeUI;
		};
		7A35C0A82C117D79006A542D /* XCStringsToolPlugin */ = {
			isa = XCSwiftPackageProductDependency;
			package = 7A2E12102B14BBBF00E7704A /* XCRemoteSwiftPackageReference "xcstrings-tool-plugin" */;
			productName = "plugin:XCStringsToolPlugin";
		};
		7A35C0AA2C117D7D006A542D /* XCStringsToolPlugin */ = {
			isa = XCSwiftPackageProductDependency;
			package = 7A2E12102B14BBBF00E7704A /* XCRemoteSwiftPackageReference "xcstrings-tool-plugin" */;
			productName = "plugin:XCStringsToolPlugin";
		};
		7A4AA90229BE048800D845A2 /* Flow */ = {
			isa = XCSwiftPackageProductDependency;
			package = 7A68F0B129B4B94B00878223 /* XCRemoteSwiftPackageReference "SwiftUI-Flow" */;
			productName = Flow;
		};
		7A4AA91929BE730B00D845A2 /* Semaphore */ = {
			isa = XCSwiftPackageProductDependency;
			package = 7A5C138829AA7E2F00D71F51 /* XCRemoteSwiftPackageReference "Semaphore" */;
			productName = Semaphore;
		};
		7A4D51682C0F96ED0066E75A /* XCStringsToolPlugin */ = {
			isa = XCSwiftPackageProductDependency;
			package = 7A2E12102B14BBBF00E7704A /* XCRemoteSwiftPackageReference "xcstrings-tool-plugin" */;
			productName = "plugin:XCStringsToolPlugin";
		};
		7A4D516F2C0F97EB0066E75A /* XCStringsToolPlugin */ = {
			isa = XCSwiftPackageProductDependency;
			package = 7A2E12102B14BBBF00E7704A /* XCRemoteSwiftPackageReference "xcstrings-tool-plugin" */;
			productName = "plugin:XCStringsToolPlugin";
		};
		7A4D58882D13568900FCB1F1 /* DataModel */ = {
			isa = XCSwiftPackageProductDependency;
			productName = DataModel;
		};
		7A4D588A2D13569500FCB1F1 /* DataModel */ = {
			isa = XCSwiftPackageProductDependency;
			productName = DataModel;
		};
		7A4D588C2D13569A00FCB1F1 /* DataModel */ = {
			isa = XCSwiftPackageProductDependency;
			productName = DataModel;
		};
		7A5C138929AA7E2F00D71F51 /* Semaphore */ = {
			isa = XCSwiftPackageProductDependency;
			package = 7A5C138829AA7E2F00D71F51 /* XCRemoteSwiftPackageReference "Semaphore" */;
			productName = Semaphore;
		};
		7A68F0B229B4B94B00878223 /* Flow */ = {
			isa = XCSwiftPackageProductDependency;
			package = 7A68F0B129B4B94B00878223 /* XCRemoteSwiftPackageReference "SwiftUI-Flow" */;
			productName = Flow;
		};
		7A6AA3442C1EDEBE007A1866 /* MarkdownUI */ = {
			isa = XCSwiftPackageProductDependency;
			package = 7A6AA3432C1EDEBE007A1866 /* XCRemoteSwiftPackageReference "swift-markdown-ui" */;
			productName = MarkdownUI;
		};
		7A6DA6FF2D7DD3E900B3B185 /* Networking */ = {
			isa = XCSwiftPackageProductDependency;
			package = 7A3DC74A2D7DD308009BBBD8 /* XCLocalSwiftPackageReference "Networking" */;
			productName = Networking;
		};
		7A6DA7012D7DD3F000B3B185 /* Networking */ = {
			isa = XCSwiftPackageProductDependency;
			package = 7A3DC74A2D7DD308009BBBD8 /* XCLocalSwiftPackageReference "Networking" */;
			productName = Networking;
		};
		7AAC43172CA06F8D003E6A3A /* AsyncAlgorithms */ = {
			isa = XCSwiftPackageProductDependency;
			package = 7AB060D729C5BEE4004E6C63 /* XCRemoteSwiftPackageReference "swift-async-algorithms" */;
			productName = AsyncAlgorithms;
		};
		7AAC44532CA0A37D003E6A3A /* Common */ = {
			isa = XCSwiftPackageProductDependency;
			productName = Common;
		};
		7AAC44552CA0A38B003E6A3A /* Common */ = {
			isa = XCSwiftPackageProductDependency;
			productName = Common;
		};
		7AAC44572CA0A391003E6A3A /* Common */ = {
			isa = XCSwiftPackageProductDependency;
			productName = Common;
		};
		7AB060D829C5BEE5004E6C63 /* AsyncAlgorithms */ = {
			isa = XCSwiftPackageProductDependency;
			package = 7AB060D729C5BEE4004E6C63 /* XCRemoteSwiftPackageReference "swift-async-algorithms" */;
			productName = AsyncAlgorithms;
		};
		7AB060DA29C62395004E6C63 /* AsyncAlgorithms */ = {
			isa = XCSwiftPackageProductDependency;
			package = 7AB060D729C5BEE4004E6C63 /* XCRemoteSwiftPackageReference "swift-async-algorithms" */;
			productName = AsyncAlgorithms;
		};
/* End XCSwiftPackageProductDependency section */
	};
	rootObject = 7A5482A3299AD56C00D5061E /* Project object */;
}
