// !$*UTF8*$!
{
	archiveVersion = 1;
	classes = {
	};
	objectVersion = 56;
	objects = {

/* Begin PBXBuildFile section */
		7A5482AF299AD56C00D5061E /* swift_paperlessApp.swift in Sources */ = {isa = PBXBuildFile; fileRef = 7A5482AE299AD56C00D5061E /* swift_paperlessApp.swift */; };
		7A5482B1299AD56C00D5061E /* ContentView.swift in Sources */ = {isa = PBXBuildFile; fileRef = 7A5482B0299AD56C00D5061E /* ContentView.swift */; };
		7A5482B3299AD56E00D5061E /* Assets.xcassets in Resources */ = {isa = PBXBuildFile; fileRef = 7A5482B2299AD56E00D5061E /* Assets.xcassets */; };
		7A5482B7299AD56E00D5061E /* Preview Assets.xcassets in Resources */ = {isa = PBXBuildFile; fileRef = 7A5482B6299AD56E00D5061E /* Preview Assets.xcassets */; };
		7A5482C1299AD56E00D5061E /* swift_paperlessTests.swift in Sources */ = {isa = PBXBuildFile; fileRef = 7A5482C0299AD56E00D5061E /* swift_paperlessTests.swift */; };
		7A5482CB299AD56E00D5061E /* swift_paperlessUITests.swift in Sources */ = {isa = PBXBuildFile; fileRef = 7A5482CA299AD56E00D5061E /* swift_paperlessUITests.swift */; };
		7A5482CD299AD56E00D5061E /* swift_paperlessUITestsLaunchTests.swift in Sources */ = {isa = PBXBuildFile; fileRef = 7A5482CC299AD56E00D5061E /* swift_paperlessUITestsLaunchTests.swift */; };
/* End PBXBuildFile section */

/* Begin PBXContainerItemProxy section */
		7A5482BD299AD56E00D5061E /* PBXContainerItemProxy */ = {
			isa = PBXContainerItemProxy;
			containerPortal = 7A5482A3299AD56C00D5061E /* Project object */;
			proxyType = 1;
			remoteGlobalIDString = 7A5482AA299AD56C00D5061E;
			remoteInfo = "swift-paperless";
		};
		7A5482C7299AD56E00D5061E /* PBXContainerItemProxy */ = {
			isa = PBXContainerItemProxy;
			containerPortal = 7A5482A3299AD56C00D5061E /* Project object */;
			proxyType = 1;
			remoteGlobalIDString = 7A5482AA299AD56C00D5061E;
			remoteInfo = "swift-paperless";
		};
/* End PBXContainerItemProxy section */

/* Begin PBXFileReference section */
		7A5482AB299AD56C00D5061E /* swift-paperless.app */ = {isa = PBXFileReference; explicitFileType = wrapper.application; includeInIndex = 0; path = "swift-paperless.app"; sourceTree = BUILT_PRODUCTS_DIR; };
		7A5482AE299AD56C00D5061E /* swift_paperlessApp.swift */ = {isa = PBXFileReference; lastKnownFileType = sourcecode.swift; path = swift_paperlessApp.swift; sourceTree = "<group>"; };
		7A5482B0299AD56C00D5061E /* ContentView.swift */ = {isa = PBXFileReference; lastKnownFileType = sourcecode.swift; path = ContentView.swift; sourceTree = "<group>"; };
		7A5482B2299AD56E00D5061E /* Assets.xcassets */ = {isa = PBXFileReference; lastKnownFileType = folder.assetcatalog; path = Assets.xcassets; sourceTree = "<group>"; };
		7A5482B4299AD56E00D5061E /* swift_paperless.entitlements */ = {isa = PBXFileReference; lastKnownFileType = text.plist.entitlements; path = swift_paperless.entitlements; sourceTree = "<group>"; };
		7A5482B6299AD56E00D5061E /* Preview Assets.xcassets */ = {isa = PBXFileReference; lastKnownFileType = folder.assetcatalog; path = "Preview Assets.xcassets"; sourceTree = "<group>"; };
		7A5482BC299AD56E00D5061E /* swift-paperlessTests.xctest */ = {isa = PBXFileReference; explicitFileType = wrapper.cfbundle; includeInIndex = 0; path = "swift-paperlessTests.xctest"; sourceTree = BUILT_PRODUCTS_DIR; };
		7A5482C0299AD56E00D5061E /* swift_paperlessTests.swift */ = {isa = PBXFileReference; lastKnownFileType = sourcecode.swift; path = swift_paperlessTests.swift; sourceTree = "<group>"; };
		7A5482C6299AD56E00D5061E /* swift-paperlessUITests.xctest */ = {isa = PBXFileReference; explicitFileType = wrapper.cfbundle; includeInIndex = 0; path = "swift-paperlessUITests.xctest"; sourceTree = BUILT_PRODUCTS_DIR; };
		7A5482CA299AD56E00D5061E /* swift_paperlessUITests.swift */ = {isa = PBXFileReference; lastKnownFileType = sourcecode.swift; path = swift_paperlessUITests.swift; sourceTree = "<group>"; };
		7A5482CC299AD56E00D5061E /* swift_paperlessUITestsLaunchTests.swift */ = {isa = PBXFileReference; lastKnownFileType = sourcecode.swift; path = swift_paperlessUITestsLaunchTests.swift; sourceTree = "<group>"; };
/* End PBXFileReference section */

/* Begin PBXFrameworksBuildPhase section */
		7A5482A8299AD56C00D5061E /* Frameworks */ = {
			isa = PBXFrameworksBuildPhase;
			buildActionMask = 2147483647;
			files = (
			);
			runOnlyForDeploymentPostprocessing = 0;
		};
		7A5482B9299AD56E00D5061E /* Frameworks */ = {
			isa = PBXFrameworksBuildPhase;
			buildActionMask = 2147483647;
			files = (
			);
			runOnlyForDeploymentPostprocessing = 0;
		};
		7A5482C3299AD56E00D5061E /* Frameworks */ = {
			isa = PBXFrameworksBuildPhase;
			buildActionMask = 2147483647;
			files = (
			);
			runOnlyForDeploymentPostprocessing = 0;
		};
/* End PBXFrameworksBuildPhase section */

/* Begin PBXGroup section */
		7A5482A2299AD56C00D5061E = {
			isa = PBXGroup;
			children = (
				7A5482AD299AD56C00D5061E /* swift-paperless */,
				7A5482BF299AD56E00D5061E /* swift-paperlessTests */,
				7A5482C9299AD56E00D5061E /* swift-paperlessUITests */,
				7A5482AC299AD56C00D5061E /* Products */,
			);
			sourceTree = "<group>";
		};
		7A5482AC299AD56C00D5061E /* Products */ = {
			isa = PBXGroup;
			children = (
				7A5482AB299AD56C00D5061E /* swift-paperless.app */,
				7A5482BC299AD56E00D5061E /* swift-paperlessTests.xctest */,
				7A5482C6299AD56E00D5061E /* swift-paperlessUITests.xctest */,
			);
			name = Products;
			sourceTree = "<group>";
		};
		7A5482AD299AD56C00D5061E /* swift-paperless */ = {
			isa = PBXGroup;
			children = (
				7A5482AE299AD56C00D5061E /* swift_paperlessApp.swift */,
				7A5482B0299AD56C00D5061E /* ContentView.swift */,
				7A5482B2299AD56E00D5061E /* Assets.xcassets */,
				7A5482B4299AD56E00D5061E /* swift_paperless.entitlements */,
				7A5482B5299AD56E00D5061E /* Preview Content */,
			);
			path = "swift-paperless";
			sourceTree = "<group>";
		};
		7A5482B5299AD56E00D5061E /* Preview Content */ = {
			isa = PBXGroup;
			children = (
				7A5482B6299AD56E00D5061E /* Preview Assets.xcassets */,
			);
			path = "Preview Content";
			sourceTree = "<group>";
		};
		7A5482BF299AD56E00D5061E /* swift-paperlessTests */ = {
			isa = PBXGroup;
			children = (
				7A5482C0299AD56E00D5061E /* swift_paperlessTests.swift */,
			);
			path = "swift-paperlessTests";
			sourceTree = "<group>";
		};
		7A5482C9299AD56E00D5061E /* swift-paperlessUITests */ = {
			isa = PBXGroup;
			children = (
				7A5482CA299AD56E00D5061E /* swift_paperlessUITests.swift */,
				7A5482CC299AD56E00D5061E /* swift_paperlessUITestsLaunchTests.swift */,
			);
			path = "swift-paperlessUITests";
			sourceTree = "<group>";
		};
/* End PBXGroup section */

/* Begin PBXNativeTarget section */
		7A5482AA299AD56C00D5061E /* swift-paperless */ = {
			isa = PBXNativeTarget;
			buildConfigurationList = 7A5482D0299AD56E00D5061E /* Build configuration list for PBXNativeTarget "swift-paperless" */;
			buildPhases = (
				7A5482A7299AD56C00D5061E /* Sources */,
				7A5482A8299AD56C00D5061E /* Frameworks */,
				7A5482A9299AD56C00D5061E /* Resources */,
			);
			buildRules = (
			);
			dependencies = (
			);
			name = "swift-paperless";
			productName = "swift-paperless";
			productReference = 7A5482AB299AD56C00D5061E /* swift-paperless.app */;
			productType = "com.apple.product-type.application";
		};
		7A5482BB299AD56E00D5061E /* swift-paperlessTests */ = {
			isa = PBXNativeTarget;
			buildConfigurationList = 7A5482D3299AD56E00D5061E /* Build configuration list for PBXNativeTarget "swift-paperlessTests" */;
			buildPhases = (
				7A5482B8299AD56E00D5061E /* Sources */,
				7A5482B9299AD56E00D5061E /* Frameworks */,
				7A5482BA299AD56E00D5061E /* Resources */,
			);
			buildRules = (
			);
			dependencies = (
				7A5482BE299AD56E00D5061E /* PBXTargetDependency */,
			);
			name = "swift-paperlessTests";
			productName = "swift-paperlessTests";
			productReference = 7A5482BC299AD56E00D5061E /* swift-paperlessTests.xctest */;
			productType = "com.apple.product-type.bundle.unit-test";
		};
		7A5482C5299AD56E00D5061E /* swift-paperlessUITests */ = {
			isa = PBXNativeTarget;
			buildConfigurationList = 7A5482D6299AD56E00D5061E /* Build configuration list for PBXNativeTarget "swift-paperlessUITests" */;
			buildPhases = (
				7A5482C2299AD56E00D5061E /* Sources */,
				7A5482C3299AD56E00D5061E /* Frameworks */,
				7A5482C4299AD56E00D5061E /* Resources */,
			);
			buildRules = (
			);
			dependencies = (
				7A5482C8299AD56E00D5061E /* PBXTargetDependency */,
			);
			name = "swift-paperlessUITests";
			productName = "swift-paperlessUITests";
			productReference = 7A5482C6299AD56E00D5061E /* swift-paperlessUITests.xctest */;
			productType = "com.apple.product-type.bundle.ui-testing";
		};
/* End PBXNativeTarget section */

/* Begin PBXProject section */
		7A5482A3299AD56C00D5061E /* Project object */ = {
			isa = PBXProject;
			attributes = {
				BuildIndependentTargetsInParallel = 1;
				LastSwiftUpdateCheck = 1420;
				LastUpgradeCheck = 1420;
				TargetAttributes = {
					7A5482AA299AD56C00D5061E = {
						CreatedOnToolsVersion = 14.2;
					};
					7A5482BB299AD56E00D5061E = {
						CreatedOnToolsVersion = 14.2;
						TestTargetID = 7A5482AA299AD56C00D5061E;
					};
					7A5482C5299AD56E00D5061E = {
						CreatedOnToolsVersion = 14.2;
						TestTargetID = 7A5482AA299AD56C00D5061E;
					};
				};
			};
			buildConfigurationList = 7A5482A6299AD56C00D5061E /* Build configuration list for PBXProject "swift-paperless" */;
			compatibilityVersion = "Xcode 14.0";
			developmentRegion = en;
			hasScannedForEncodings = 0;
			knownRegions = (
				en,
				Base,
			);
			mainGroup = 7A5482A2299AD56C00D5061E;
			productRefGroup = 7A5482AC299AD56C00D5061E /* Products */;
			projectDirPath = "";
			projectRoot = "";
			targets = (
				7A5482AA299AD56C00D5061E /* swift-paperless */,
				7A5482BB299AD56E00D5061E /* swift-paperlessTests */,
				7A5482C5299AD56E00D5061E /* swift-paperlessUITests */,
			);
		};
/* End PBXProject section */

/* Begin PBXResourcesBuildPhase section */
		7A5482A9299AD56C00D5061E /* Resources */ = {
			isa = PBXResourcesBuildPhase;
			buildActionMask = 2147483647;
			files = (
				7A5482B7299AD56E00D5061E /* Preview Assets.xcassets in Resources */,
				7A5482B3299AD56E00D5061E /* Assets.xcassets in Resources */,
			);
			runOnlyForDeploymentPostprocessing = 0;
		};
		7A5482BA299AD56E00D5061E /* Resources */ = {
			isa = PBXResourcesBuildPhase;
			buildActionMask = 2147483647;
			files = (
			);
			runOnlyForDeploymentPostprocessing = 0;
		};
		7A5482C4299AD56E00D5061E /* Resources */ = {
			isa = PBXResourcesBuildPhase;
			buildActionMask = 2147483647;
			files = (
			);
			runOnlyForDeploymentPostprocessing = 0;
		};
/* End PBXResourcesBuildPhase section */

/* Begin PBXSourcesBuildPhase section */
		7A5482A7299AD56C00D5061E /* Sources */ = {
			isa = PBXSourcesBuildPhase;
			buildActionMask = 2147483647;
			files = (
				7A5482B1299AD56C00D5061E /* ContentView.swift in Sources */,
				7A5482AF299AD56C00D5061E /* swift_paperlessApp.swift in Sources */,
			);
			runOnlyForDeploymentPostprocessing = 0;
		};
		7A5482B8299AD56E00D5061E /* Sources */ = {
			isa = PBXSourcesBuildPhase;
			buildActionMask = 2147483647;
			files = (
				7A5482C1299AD56E00D5061E /* swift_paperlessTests.swift in Sources */,
			);
			runOnlyForDeploymentPostprocessing = 0;
		};
		7A5482C2299AD56E00D5061E /* Sources */ = {
			isa = PBXSourcesBuildPhase;
			buildActionMask = 2147483647;
			files = (
				7A5482CD299AD56E00D5061E /* swift_paperlessUITestsLaunchTests.swift in Sources */,
				7A5482CB299AD56E00D5061E /* swift_paperlessUITests.swift in Sources */,
			);
			runOnlyForDeploymentPostprocessing = 0;
		};
/* End PBXSourcesBuildPhase section */

/* Begin PBXTargetDependency section */
		7A5482BE299AD56E00D5061E /* PBXTargetDependency */ = {
			isa = PBXTargetDependency;
			target = 7A5482AA299AD56C00D5061E /* swift-paperless */;
			targetProxy = 7A5482BD299AD56E00D5061E /* PBXContainerItemProxy */;
		};
		7A5482C8299AD56E00D5061E /* PBXTargetDependency */ = {
			isa = PBXTargetDependency;
			target = 7A5482AA299AD56C00D5061E /* swift-paperless */;
			targetProxy = 7A5482C7299AD56E00D5061E /* PBXContainerItemProxy */;
		};
/* End PBXTargetDependency section */

/* Begin XCBuildConfiguration section */
		7A5482CE299AD56E00D5061E /* Debug */ = {
			isa = XCBuildConfiguration;
			buildSettings = {
				ALWAYS_SEARCH_USER_PATHS = NO;
				CLANG_ANALYZER_NONNULL = YES;
				CLANG_ANALYZER_NUMBER_OBJECT_CONVERSION = YES_AGGRESSIVE;
				CLANG_CXX_LANGUAGE_STANDARD = "gnu++20";
				CLANG_ENABLE_MODULES = YES;
				CLANG_ENABLE_OBJC_ARC = YES;
				CLANG_ENABLE_OBJC_WEAK = YES;
				CLANG_WARN_BLOCK_CAPTURE_AUTORELEASING = YES;
				CLANG_WARN_BOOL_CONVERSION = YES;
				CLANG_WARN_COMMA = YES;
				CLANG_WARN_CONSTANT_CONVERSION = YES;
				CLANG_WARN_DEPRECATED_OBJC_IMPLEMENTATIONS = YES;
				CLANG_WARN_DIRECT_OBJC_ISA_USAGE = YES_ERROR;
				CLANG_WARN_DOCUMENTATION_COMMENTS = YES;
				CLANG_WARN_EMPTY_BODY = YES;
				CLANG_WARN_ENUM_CONVERSION = YES;
				CLANG_WARN_INFINITE_RECURSION = YES;
				CLANG_WARN_INT_CONVERSION = YES;
				CLANG_WARN_NON_LITERAL_NULL_CONVERSION = YES;
				CLANG_WARN_OBJC_IMPLICIT_RETAIN_SELF = YES;
				CLANG_WARN_OBJC_LITERAL_CONVERSION = YES;
				CLANG_WARN_OBJC_ROOT_CLASS = YES_ERROR;
				CLANG_WARN_QUOTED_INCLUDE_IN_FRAMEWORK_HEADER = YES;
				CLANG_WARN_RANGE_LOOP_ANALYSIS = YES;
				CLANG_WARN_STRICT_PROTOTYPES = YES;
				CLANG_WARN_SUSPICIOUS_MOVE = YES;
				CLANG_WARN_UNGUARDED_AVAILABILITY = YES_AGGRESSIVE;
				CLANG_WARN_UNREACHABLE_CODE = YES;
				CLANG_WARN__DUPLICATE_METHOD_MATCH = YES;
				COPY_PHASE_STRIP = NO;
				DEBUG_INFORMATION_FORMAT = dwarf;
				ENABLE_STRICT_OBJC_MSGSEND = YES;
				ENABLE_TESTABILITY = YES;
				GCC_C_LANGUAGE_STANDARD = gnu11;
				GCC_DYNAMIC_NO_PIC = NO;
				GCC_NO_COMMON_BLOCKS = YES;
				GCC_OPTIMIZATION_LEVEL = 0;
				GCC_PREPROCESSOR_DEFINITIONS = (
					"DEBUG=1",
					"$(inherited)",
				);
				GCC_WARN_64_TO_32_BIT_CONVERSION = YES;
				GCC_WARN_ABOUT_RETURN_TYPE = YES_ERROR;
				GCC_WARN_UNDECLARED_SELECTOR = YES;
				GCC_WARN_UNINITIALIZED_AUTOS = YES_AGGRESSIVE;
				GCC_WARN_UNUSED_FUNCTION = YES;
				GCC_WARN_UNUSED_VARIABLE = YES;
				MTL_ENABLE_DEBUG_INFO = INCLUDE_SOURCE;
				MTL_FAST_MATH = YES;
				ONLY_ACTIVE_ARCH = YES;
				SWIFT_ACTIVE_COMPILATION_CONDITIONS = DEBUG;
				SWIFT_OPTIMIZATION_LEVEL = "-Onone";
			};
			name = Debug;
		};
		7A5482CF299AD56E00D5061E /* Release */ = {
			isa = XCBuildConfiguration;
			buildSettings = {
				ALWAYS_SEARCH_USER_PATHS = NO;
				CLANG_ANALYZER_NONNULL = YES;
				CLANG_ANALYZER_NUMBER_OBJECT_CONVERSION = YES_AGGRESSIVE;
				CLANG_CXX_LANGUAGE_STANDARD = "gnu++20";
				CLANG_ENABLE_MODULES = YES;
				CLANG_ENABLE_OBJC_ARC = YES;
				CLANG_ENABLE_OBJC_WEAK = YES;
				CLANG_WARN_BLOCK_CAPTURE_AUTORELEASING = YES;
				CLANG_WARN_BOOL_CONVERSION = YES;
				CLANG_WARN_COMMA = YES;
				CLANG_WARN_CONSTANT_CONVERSION = YES;
				CLANG_WARN_DEPRECATED_OBJC_IMPLEMENTATIONS = YES;
				CLANG_WARN_DIRECT_OBJC_ISA_USAGE = YES_ERROR;
				CLANG_WARN_DOCUMENTATION_COMMENTS = YES;
				CLANG_WARN_EMPTY_BODY = YES;
				CLANG_WARN_ENUM_CONVERSION = YES;
				CLANG_WARN_INFINITE_RECURSION = YES;
				CLANG_WARN_INT_CONVERSION = YES;
				CLANG_WARN_NON_LITERAL_NULL_CONVERSION = YES;
				CLANG_WARN_OBJC_IMPLICIT_RETAIN_SELF = YES;
				CLANG_WARN_OBJC_LITERAL_CONVERSION = YES;
				CLANG_WARN_OBJC_ROOT_CLASS = YES_ERROR;
				CLANG_WARN_QUOTED_INCLUDE_IN_FRAMEWORK_HEADER = YES;
				CLANG_WARN_RANGE_LOOP_ANALYSIS = YES;
				CLANG_WARN_STRICT_PROTOTYPES = YES;
				CLANG_WARN_SUSPICIOUS_MOVE = YES;
				CLANG_WARN_UNGUARDED_AVAILABILITY = YES_AGGRESSIVE;
				CLANG_WARN_UNREACHABLE_CODE = YES;
				CLANG_WARN__DUPLICATE_METHOD_MATCH = YES;
				COPY_PHASE_STRIP = NO;
				DEBUG_INFORMATION_FORMAT = "dwarf-with-dsym";
				ENABLE_NS_ASSERTIONS = NO;
				ENABLE_STRICT_OBJC_MSGSEND = YES;
				GCC_C_LANGUAGE_STANDARD = gnu11;
				GCC_NO_COMMON_BLOCKS = YES;
				GCC_WARN_64_TO_32_BIT_CONVERSION = YES;
				GCC_WARN_ABOUT_RETURN_TYPE = YES_ERROR;
				GCC_WARN_UNDECLARED_SELECTOR = YES;
				GCC_WARN_UNINITIALIZED_AUTOS = YES_AGGRESSIVE;
				GCC_WARN_UNUSED_FUNCTION = YES;
				GCC_WARN_UNUSED_VARIABLE = YES;
				MTL_ENABLE_DEBUG_INFO = NO;
				MTL_FAST_MATH = YES;
				SWIFT_COMPILATION_MODE = wholemodule;
				SWIFT_OPTIMIZATION_LEVEL = "-O";
			};
			name = Release;
		};
		7A5482D1299AD56E00D5061E /* Debug */ = {
			isa = XCBuildConfiguration;
			buildSettings = {
				ASSETCATALOG_COMPILER_APPICON_NAME = AppIcon;
				ASSETCATALOG_COMPILER_GLOBAL_ACCENT_COLOR_NAME = AccentColor;
				CODE_SIGN_ENTITLEMENTS = "swift-paperless/swift_paperless.entitlements";
				CODE_SIGN_STYLE = Automatic;
				CURRENT_PROJECT_VERSION = 1;
				DEVELOPMENT_ASSET_PATHS = "\"swift-paperless/Preview Content\"";
				DEVELOPMENT_TEAM = ZHKJ4NHK6F;
				ENABLE_HARDENED_RUNTIME = YES;
				ENABLE_PREVIEWS = YES;
				GENERATE_INFOPLIST_FILE = YES;
				"INFOPLIST_KEY_UIApplicationSceneManifest_Generation[sdk=iphoneos*]" = YES;
				"INFOPLIST_KEY_UIApplicationSceneManifest_Generation[sdk=iphonesimulator*]" = YES;
				"INFOPLIST_KEY_UIApplicationSupportsIndirectInputEvents[sdk=iphoneos*]" = YES;
				"INFOPLIST_KEY_UIApplicationSupportsIndirectInputEvents[sdk=iphonesimulator*]" = YES;
				"INFOPLIST_KEY_UILaunchScreen_Generation[sdk=iphoneos*]" = YES;
				"INFOPLIST_KEY_UILaunchScreen_Generation[sdk=iphonesimulator*]" = YES;
				"INFOPLIST_KEY_UIStatusBarStyle[sdk=iphoneos*]" = UIStatusBarStyleDefault;
				"INFOPLIST_KEY_UIStatusBarStyle[sdk=iphonesimulator*]" = UIStatusBarStyleDefault;
				INFOPLIST_KEY_UISupportedInterfaceOrientations_iPad = "UIInterfaceOrientationPortrait UIInterfaceOrientationPortraitUpsideDown UIInterfaceOrientationLandscapeLeft UIInterfaceOrientationLandscapeRight";
				INFOPLIST_KEY_UISupportedInterfaceOrientations_iPhone = "UIInterfaceOrientationPortrait UIInterfaceOrientationLandscapeLeft UIInterfaceOrientationLandscapeRight";
				IPHONEOS_DEPLOYMENT_TARGET = 16.2;
				LD_RUNPATH_SEARCH_PATHS = "@executable_path/Frameworks";
				"LD_RUNPATH_SEARCH_PATHS[sdk=macosx*]" = "@executable_path/../Frameworks";
				MACOSX_DEPLOYMENT_TARGET = 13.0;
				MARKETING_VERSION = 1.0;
				PRODUCT_BUNDLE_IDENTIFIER = "com.paulgessinger.swift-paperless";
				PRODUCT_NAME = "$(TARGET_NAME)";
				SDKROOT = auto;
				SUPPORTED_PLATFORMS = "iphoneos iphonesimulator macosx";
				SWIFT_EMIT_LOC_STRINGS = YES;
				SWIFT_VERSION = 5.0;
				TARGETED_DEVICE_FAMILY = "1,2";
			};
			name = Debug;
		};
		7A5482D2299AD56E00D5061E /* Release */ = {
			isa = XCBuildConfiguration;
			buildSettings = {
				ASSETCATALOG_COMPILER_APPICON_NAME = AppIcon;
				ASSETCATALOG_COMPILER_GLOBAL_ACCENT_COLOR_NAME = AccentColor;
				CODE_SIGN_ENTITLEMENTS = "swift-paperless/swift_paperless.entitlements";
				CODE_SIGN_STYLE = Automatic;
				CURRENT_PROJECT_VERSION = 1;
				DEVELOPMENT_ASSET_PATHS = "\"swift-paperless/Preview Content\"";
				DEVELOPMENT_TEAM = ZHKJ4NHK6F;
				ENABLE_HARDENED_RUNTIME = YES;
				ENABLE_PREVIEWS = YES;
				GENERATE_INFOPLIST_FILE = YES;
				"INFOPLIST_KEY_UIApplicationSceneManifest_Generation[sdk=iphoneos*]" = YES;
				"INFOPLIST_KEY_UIApplicationSceneManifest_Generation[sdk=iphonesimulator*]" = YES;
				"INFOPLIST_KEY_UIApplicationSupportsIndirectInputEvents[sdk=iphoneos*]" = YES;
				"INFOPLIST_KEY_UIApplicationSupportsIndirectInputEvents[sdk=iphonesimulator*]" = YES;
				"INFOPLIST_KEY_UILaunchScreen_Generation[sdk=iphoneos*]" = YES;
				"INFOPLIST_KEY_UILaunchScreen_Generation[sdk=iphonesimulator*]" = YES;
				"INFOPLIST_KEY_UIStatusBarStyle[sdk=iphoneos*]" = UIStatusBarStyleDefault;
				"INFOPLIST_KEY_UIStatusBarStyle[sdk=iphonesimulator*]" = UIStatusBarStyleDefault;
				INFOPLIST_KEY_UISupportedInterfaceOrientations_iPad = "UIInterfaceOrientationPortrait UIInterfaceOrientationPortraitUpsideDown UIInterfaceOrientationLandscapeLeft UIInterfaceOrientationLandscapeRight";
				INFOPLIST_KEY_UISupportedInterfaceOrientations_iPhone = "UIInterfaceOrientationPortrait UIInterfaceOrientationLandscapeLeft UIInterfaceOrientationLandscapeRight";
				IPHONEOS_DEPLOYMENT_TARGET = 16.2;
				LD_RUNPATH_SEARCH_PATHS = "@executable_path/Frameworks";
				"LD_RUNPATH_SEARCH_PATHS[sdk=macosx*]" = "@executable_path/../Frameworks";
				MACOSX_DEPLOYMENT_TARGET = 13.0;
				MARKETING_VERSION = 1.0;
				PRODUCT_BUNDLE_IDENTIFIER = "com.paulgessinger.swift-paperless";
				PRODUCT_NAME = "$(TARGET_NAME)";
				SDKROOT = auto;
				SUPPORTED_PLATFORMS = "iphoneos iphonesimulator macosx";
				SWIFT_EMIT_LOC_STRINGS = YES;
				SWIFT_VERSION = 5.0;
				TARGETED_DEVICE_FAMILY = "1,2";
			};
			name = Release;
		};
		7A5482D4299AD56E00D5061E /* Debug */ = {
			isa = XCBuildConfiguration;
			buildSettings = {
				ALWAYS_EMBED_SWIFT_STANDARD_LIBRARIES = YES;
				BUNDLE_LOADER = "$(TEST_HOST)";
				CODE_SIGN_STYLE = Automatic;
				CURRENT_PROJECT_VERSION = 1;
				DEVELOPMENT_TEAM = ZHKJ4NHK6F;
				GENERATE_INFOPLIST_FILE = YES;
				IPHONEOS_DEPLOYMENT_TARGET = 16.2;
				MACOSX_DEPLOYMENT_TARGET = 13.0;
				MARKETING_VERSION = 1.0;
				PRODUCT_BUNDLE_IDENTIFIER = "com.paulgessinger.swift-paperlessTests";
				PRODUCT_NAME = "$(TARGET_NAME)";
				SDKROOT = auto;
				SUPPORTED_PLATFORMS = "iphoneos iphonesimulator macosx";
				SWIFT_EMIT_LOC_STRINGS = NO;
				SWIFT_VERSION = 5.0;
				TARGETED_DEVICE_FAMILY = "1,2";
				TEST_HOST = "$(BUILT_PRODUCTS_DIR)/swift-paperless.app/$(BUNDLE_EXECUTABLE_FOLDER_PATH)/swift-paperless";
			};
			name = Debug;
		};
		7A5482D5299AD56E00D5061E /* Release */ = {
			isa = XCBuildConfiguration;
			buildSettings = {
				ALWAYS_EMBED_SWIFT_STANDARD_LIBRARIES = YES;
				BUNDLE_LOADER = "$(TEST_HOST)";
				CODE_SIGN_STYLE = Automatic;
				CURRENT_PROJECT_VERSION = 1;
				DEVELOPMENT_TEAM = ZHKJ4NHK6F;
				GENERATE_INFOPLIST_FILE = YES;
				IPHONEOS_DEPLOYMENT_TARGET = 16.2;
				MACOSX_DEPLOYMENT_TARGET = 13.0;
				MARKETING_VERSION = 1.0;
				PRODUCT_BUNDLE_IDENTIFIER = "com.paulgessinger.swift-paperlessTests";
				PRODUCT_NAME = "$(TARGET_NAME)";
				SDKROOT = auto;
				SUPPORTED_PLATFORMS = "iphoneos iphonesimulator macosx";
				SWIFT_EMIT_LOC_STRINGS = NO;
				SWIFT_VERSION = 5.0;
				TARGETED_DEVICE_FAMILY = "1,2";
				TEST_HOST = "$(BUILT_PRODUCTS_DIR)/swift-paperless.app/$(BUNDLE_EXECUTABLE_FOLDER_PATH)/swift-paperless";
			};
			name = Release;
		};
		7A5482D7299AD56E00D5061E /* Debug */ = {
			isa = XCBuildConfiguration;
			buildSettings = {
				ALWAYS_EMBED_SWIFT_STANDARD_LIBRARIES = YES;
				CODE_SIGN_STYLE = Automatic;
				CURRENT_PROJECT_VERSION = 1;
				DEVELOPMENT_TEAM = ZHKJ4NHK6F;
				GENERATE_INFOPLIST_FILE = YES;
				IPHONEOS_DEPLOYMENT_TARGET = 16.2;
				MACOSX_DEPLOYMENT_TARGET = 13.0;
				MARKETING_VERSION = 1.0;
				PRODUCT_BUNDLE_IDENTIFIER = "com.paulgessinger.swift-paperlessUITests";
				PRODUCT_NAME = "$(TARGET_NAME)";
				SDKROOT = auto;
				SUPPORTED_PLATFORMS = "iphoneos iphonesimulator macosx";
				SWIFT_EMIT_LOC_STRINGS = NO;
				SWIFT_VERSION = 5.0;
				TARGETED_DEVICE_FAMILY = "1,2";
				TEST_TARGET_NAME = "swift-paperless";
			};
			name = Debug;
		};
		7A5482D8299AD56E00D5061E /* Release */ = {
			isa = XCBuildConfiguration;
			buildSettings = {
				ALWAYS_EMBED_SWIFT_STANDARD_LIBRARIES = YES;
				CODE_SIGN_STYLE = Automatic;
				CURRENT_PROJECT_VERSION = 1;
				DEVELOPMENT_TEAM = ZHKJ4NHK6F;
				GENERATE_INFOPLIST_FILE = YES;
				IPHONEOS_DEPLOYMENT_TARGET = 16.2;
				MACOSX_DEPLOYMENT_TARGET = 13.0;
				MARKETING_VERSION = 1.0;
				PRODUCT_BUNDLE_IDENTIFIER = "com.paulgessinger.swift-paperlessUITests";
				PRODUCT_NAME = "$(TARGET_NAME)";
				SDKROOT = auto;
				SUPPORTED_PLATFORMS = "iphoneos iphonesimulator macosx";
				SWIFT_EMIT_LOC_STRINGS = NO;
				SWIFT_VERSION = 5.0;
				TARGETED_DEVICE_FAMILY = "1,2";
				TEST_TARGET_NAME = "swift-paperless";
			};
			name = Release;
		};
/* End XCBuildConfiguration section */

/* Begin XCConfigurationList section */
		7A5482A6299AD56C00D5061E /* Build configuration list for PBXProject "swift-paperless" */ = {
			isa = XCConfigurationList;
			buildConfigurations = (
				7A5482CE299AD56E00D5061E /* Debug */,
				7A5482CF299AD56E00D5061E /* Release */,
			);
			defaultConfigurationIsVisible = 0;
			defaultConfigurationName = Release;
		};
		7A5482D0299AD56E00D5061E /* Build configuration list for PBXNativeTarget "swift-paperless" */ = {
			isa = XCConfigurationList;
			buildConfigurations = (
				7A5482D1299AD56E00D5061E /* Debug */,
				7A5482D2299AD56E00D5061E /* Release */,
			);
			defaultConfigurationIsVisible = 0;
			defaultConfigurationName = Release;
		};
		7A5482D3299AD56E00D5061E /* Build configuration list for PBXNativeTarget "swift-paperlessTests" */ = {
			isa = XCConfigurationList;
			buildConfigurations = (
				7A5482D4299AD56E00D5061E /* Debug */,
				7A5482D5299AD56E00D5061E /* Release */,
			);
			defaultConfigurationIsVisible = 0;
			defaultConfigurationName = Release;
		};
		7A5482D6299AD56E00D5061E /* Build configuration list for PBXNativeTarget "swift-paperlessUITests" */ = {
			isa = XCConfigurationList;
			buildConfigurations = (
				7A5482D7299AD56E00D5061E /* Debug */,
				7A5482D8299AD56E00D5061E /* Release */,
			);
			defaultConfigurationIsVisible = 0;
			defaultConfigurationName = Release;
		};
/* End XCConfigurationList section */
	};
	rootObject = 7A5482A3299AD56C00D5061E /* Project object */;
}
