// !$*UTF8*$!
{
	archiveVersion = 1;
	classes = {
	};
	objectVersion = 60;
	objects = {

/* Begin PBXBuildFile section */
		7A04034229FD68E8009604E4 /* ManageView.swift in Sources */ = {isa = PBXBuildFile; fileRef = 7A04034129FD68E8009604E4 /* ManageView.swift */; };
		7A04EE422A672A2800C9CAE3 /* FilterBar.swift in Sources */ = {isa = PBXBuildFile; fileRef = 7AD8FC5729E4B37B00157217 /* FilterBar.swift */; };
		7A04EE472A672BEA00C9CAE3 /* TaskActivityView.swift in Sources */ = {isa = PBXBuildFile; fileRef = 7A2831B42A63CEE6009E86CE /* TaskActivityView.swift */; };
		7A04EE4A2A673AE600C9CAE3 /* DocumentLoader.swift in Sources */ = {isa = PBXBuildFile; fileRef = 7A04EE492A673AE600C9CAE3 /* DocumentLoader.swift */; };
		7A04EE4B2A673AE600C9CAE3 /* DocumentLoader.swift in Sources */ = {isa = PBXBuildFile; fileRef = 7A04EE492A673AE600C9CAE3 /* DocumentLoader.swift */; };
		7A04EE4C2A67F9DE00C9CAE3 /* LoginView.swift in Sources */ = {isa = PBXBuildFile; fileRef = 7AEF690F29CF7FA800414BA7 /* LoginView.swift */; };
		7A11DEF929FFDAB800FFD705 /* PreviewRepository.swift in Sources */ = {isa = PBXBuildFile; fileRef = 7AEF691E29D06D6A00414BA7 /* PreviewRepository.swift */; };
		7A11DEFA29FFDAB800FFD705 /* PreviewRepository.swift in Sources */ = {isa = PBXBuildFile; fileRef = 7AEF691E29D06D6A00414BA7 /* PreviewRepository.swift */; };
		7A1460E82B19F76D0074BAAB /* Settings.xcstrings in Resources */ = {isa = PBXBuildFile; fileRef = 7A1460E72B19F76D0074BAAB /* Settings.xcstrings */; };
		7A1460E92B19F76D0074BAAB /* Settings.xcstrings in Resources */ = {isa = PBXBuildFile; fileRef = 7A1460E72B19F76D0074BAAB /* Settings.xcstrings */; };
		7A1460F32B19F8380074BAAB /* Login.xcstrings in Resources */ = {isa = PBXBuildFile; fileRef = 7A1460F22B19F8380074BAAB /* Login.xcstrings */; };
		7A1460F42B19F8380074BAAB /* Login.xcstrings in Resources */ = {isa = PBXBuildFile; fileRef = 7A1460F22B19F8380074BAAB /* Login.xcstrings */; };
		7A1C32BF2A5EAF1A00C18B44 /* Nuke in Frameworks */ = {isa = PBXBuildFile; productRef = 7A1C32BE2A5EAF1A00C18B44 /* Nuke */; };
		7A1C32C12A5EAF1A00C18B44 /* NukeExtensions in Frameworks */ = {isa = PBXBuildFile; productRef = 7A1C32C02A5EAF1A00C18B44 /* NukeExtensions */; };
		7A1C32C32A5EAF1A00C18B44 /* NukeUI in Frameworks */ = {isa = PBXBuildFile; productRef = 7A1C32C22A5EAF1A00C18B44 /* NukeUI */; };
		7A1C32C52A5EB08D00C18B44 /* NukeUI in Frameworks */ = {isa = PBXBuildFile; productRef = 7A1C32C42A5EB08D00C18B44 /* NukeUI */; };
		7A2577402A87D32400B15626 /* NullCodable.swift in Sources */ = {isa = PBXBuildFile; fileRef = 7A25773F2A87D32400B15626 /* NullCodable.swift */; };
		7A2577412A87D32400B15626 /* NullCodable.swift in Sources */ = {isa = PBXBuildFile; fileRef = 7A25773F2A87D32400B15626 /* NullCodable.swift */; };
		7A2577422A87D32400B15626 /* NullCodable.swift in Sources */ = {isa = PBXBuildFile; fileRef = 7A25773F2A87D32400B15626 /* NullCodable.swift */; };
		7A2577432A87D32400B15626 /* NullCodable.swift in Sources */ = {isa = PBXBuildFile; fileRef = 7A25773F2A87D32400B15626 /* NullCodable.swift */; };
		7A2831B02A61D30B009E86CE /* CasePaths in Frameworks */ = {isa = PBXBuildFile; productRef = 7A2831AF2A61D30B009E86CE /* CasePaths */; };
		7A2831B22A62748D009E86CE /* UserModel.swift in Sources */ = {isa = PBXBuildFile; fileRef = 7A2831B12A62748D009E86CE /* UserModel.swift */; };
		7A2831B32A62748D009E86CE /* UserModel.swift in Sources */ = {isa = PBXBuildFile; fileRef = 7A2831B12A62748D009E86CE /* UserModel.swift */; };
		7A2831B52A63CEE6009E86CE /* TaskActivityView.swift in Sources */ = {isa = PBXBuildFile; fileRef = 7A2831B42A63CEE6009E86CE /* TaskActivityView.swift */; };
		7A2831B72A63D6E2009E86CE /* TaskModel.swift in Sources */ = {isa = PBXBuildFile; fileRef = 7A2831B62A63D6E2009E86CE /* TaskModel.swift */; };
		7A2831B82A63DC97009E86CE /* TaskModel.swift in Sources */ = {isa = PBXBuildFile; fileRef = 7A2831B62A63D6E2009E86CE /* TaskModel.swift */; };
		7A2831BA2A63DDDF009E86CE /* DocumentList.swift in Sources */ = {isa = PBXBuildFile; fileRef = 7A2831B92A63DDDF009E86CE /* DocumentList.swift */; };
		7A297FB029FE78750021A1ED /* CorrespondentEditView.swift in Sources */ = {isa = PBXBuildFile; fileRef = 7A297FAF29FE78750021A1ED /* CorrespondentEditView.swift */; };
		7A297FB129FE78750021A1ED /* CorrespondentEditView.swift in Sources */ = {isa = PBXBuildFile; fileRef = 7A297FAF29FE78750021A1ED /* CorrespondentEditView.swift */; };
		7A297FB329FE8A320021A1ED /* DocumentTypeEditView.swift in Sources */ = {isa = PBXBuildFile; fileRef = 7A297FB229FE8A320021A1ED /* DocumentTypeEditView.swift */; };
		7A297FB429FE8A320021A1ED /* DocumentTypeEditView.swift in Sources */ = {isa = PBXBuildFile; fileRef = 7A297FB229FE8A320021A1ED /* DocumentTypeEditView.swift */; };
		7A297FB529FE9AC80021A1ED /* ManageView.swift in Sources */ = {isa = PBXBuildFile; fileRef = 7A04034129FD68E8009604E4 /* ManageView.swift */; };
		7A297FB829FE9C870021A1ED /* SwiftUINavigation in Frameworks */ = {isa = PBXBuildFile; productRef = 7A297FB729FE9C870021A1ED /* SwiftUINavigation */; };
		7A2A113D29FE649300E9FFE3 /* Keychain.swift in Sources */ = {isa = PBXBuildFile; fileRef = 7A2A113C29FE649300E9FFE3 /* Keychain.swift */; };
		7A2A113E29FE649300E9FFE3 /* Keychain.swift in Sources */ = {isa = PBXBuildFile; fileRef = 7A2A113C29FE649300E9FFE3 /* Keychain.swift */; };
		7A2A13262A087AD00088808E /* ExtraHeadersView.swift in Sources */ = {isa = PBXBuildFile; fileRef = 7A2A13252A087AD00088808E /* ExtraHeadersView.swift */; };
		7A2A13272A087AD00088808E /* ExtraHeadersView.swift in Sources */ = {isa = PBXBuildFile; fileRef = 7A2A13252A087AD00088808E /* ExtraHeadersView.swift */; };
		7A2E120D2B14B9C900E7704A /* Localizable.xcstrings in Resources */ = {isa = PBXBuildFile; fileRef = 7A2E120C2B14B9C900E7704A /* Localizable.xcstrings */; };
		7A2E120E2B14B9C900E7704A /* Localizable.xcstrings in Resources */ = {isa = PBXBuildFile; fileRef = 7A2E120C2B14B9C900E7704A /* Localizable.xcstrings */; };
		7A2E12222B14F3A000E7704A /* DeriveUrl.swift in Sources */ = {isa = PBXBuildFile; fileRef = 7A2E12212B14F3A000E7704A /* DeriveUrl.swift */; };
		7A2E12232B14F3A000E7704A /* DeriveUrl.swift in Sources */ = {isa = PBXBuildFile; fileRef = 7A2E12212B14F3A000E7704A /* DeriveUrl.swift */; };
		7A2E12242B14F3A000E7704A /* DeriveUrl.swift in Sources */ = {isa = PBXBuildFile; fileRef = 7A2E12212B14F3A000E7704A /* DeriveUrl.swift */; };
		7A2E12262B14F42200E7704A /* DeriveUrlTest.swift in Sources */ = {isa = PBXBuildFile; fileRef = 7A2E12252B14F42200E7704A /* DeriveUrlTest.swift */; };
		7A2E12282B14F51100E7704A /* SuggestionsModel.swift in Sources */ = {isa = PBXBuildFile; fileRef = 7AEF78C42A799A9C002AB0E1 /* SuggestionsModel.swift */; };
		7A3E035F29EC8B7D008F4976 /* DocumentStore.swift in Sources */ = {isa = PBXBuildFile; fileRef = 7A3E035E29EC8B7D008F4976 /* DocumentStore.swift */; };
		7A3E036129EC8B7D008F4976 /* DocumentStore.swift in Sources */ = {isa = PBXBuildFile; fileRef = 7A3E035E29EC8B7D008F4976 /* DocumentStore.swift */; };
		7A3E036829EC9013008F4976 /* SavedViewEditView.swift in Sources */ = {isa = PBXBuildFile; fileRef = 7A3E036729EC9013008F4976 /* SavedViewEditView.swift */; };
		7A3E036A29EC9013008F4976 /* SavedViewEditView.swift in Sources */ = {isa = PBXBuildFile; fileRef = 7A3E036729EC9013008F4976 /* SavedViewEditView.swift */; };
		7A4648002A1D593C00078968 /* UserDefaults.swift in Sources */ = {isa = PBXBuildFile; fileRef = 7A898ECD2A03000D0003DFBD /* UserDefaults.swift */; };
		7A4648012A1D5A7D00078968 /* Logging.swift in Sources */ = {isa = PBXBuildFile; fileRef = 7A898ED02A0303140003DFBD /* Logging.swift */; };
		7A4648032A1D5ABC00078968 /* ListResponse.swift in Sources */ = {isa = PBXBuildFile; fileRef = 7A4648022A1D5ABC00078968 /* ListResponse.swift */; };
		7A4648042A1D5ABC00078968 /* ListResponse.swift in Sources */ = {isa = PBXBuildFile; fileRef = 7A4648022A1D5ABC00078968 /* ListResponse.swift */; };
		7A4648052A1D5ABC00078968 /* ListResponse.swift in Sources */ = {isa = PBXBuildFile; fileRef = 7A4648022A1D5ABC00078968 /* ListResponse.swift */; };
		7A4648072A1D5AED00078968 /* DateDecodingError.swift in Sources */ = {isa = PBXBuildFile; fileRef = 7A4648062A1D5AED00078968 /* DateDecodingError.swift */; };
		7A4648082A1D5AED00078968 /* DateDecodingError.swift in Sources */ = {isa = PBXBuildFile; fileRef = 7A4648062A1D5AED00078968 /* DateDecodingError.swift */; };
		7A4648092A1D5AED00078968 /* DateDecodingError.swift in Sources */ = {isa = PBXBuildFile; fileRef = 7A4648062A1D5AED00078968 /* DateDecodingError.swift */; };
		7A46887629D4DD3D001AEB7C /* DocumentCell.swift in Sources */ = {isa = PBXBuildFile; fileRef = 7AF04B7A29A689BA008E8F79 /* DocumentCell.swift */; };
		7A46887729D4DD5D001AEB7C /* AuthAsyncImage.swift in Sources */ = {isa = PBXBuildFile; fileRef = 7AF6688A29A138A70016BC31 /* AuthAsyncImage.swift */; };
		7A4AA8E729BB969400D845A2 /* ShareViewController.swift in Sources */ = {isa = PBXBuildFile; fileRef = 7A4AA8E629BB969400D845A2 /* ShareViewController.swift */; };
		7A4AA8EA29BB969400D845A2 /* MainInterface.storyboard in Resources */ = {isa = PBXBuildFile; fileRef = 7A4AA8E829BB969400D845A2 /* MainInterface.storyboard */; };
		7A4AA8EE29BB969400D845A2 /* ShareExtension.appex in Embed Foundation Extensions */ = {isa = PBXBuildFile; fileRef = 7A4AA8E429BB969400D845A2 /* ShareExtension.appex */; settings = {ATTRIBUTES = (RemoveHeadersOnCopy, ); }; };
		7A4AA8F529BDEAFA00D845A2 /* AttachmentManager.swift in Sources */ = {isa = PBXBuildFile; fileRef = 7A4AA8F329BDEAFA00D845A2 /* AttachmentManager.swift */; };
		7A4AA8F629BE037800D845A2 /* Utilities.swift in Sources */ = {isa = PBXBuildFile; fileRef = 7AF04B8029A68A20008E8F79 /* Utilities.swift */; };
		7A4AA8FF29BE042700D845A2 /* Api.swift in Sources */ = {isa = PBXBuildFile; fileRef = 7AF6688629A137EA0016BC31 /* Api.swift */; };
		7A4AA90029BE042700D845A2 /* Model.swift in Sources */ = {isa = PBXBuildFile; fileRef = 7AF6688829A138330016BC31 /* Model.swift */; };
		7A4AA90329BE048800D845A2 /* Flow in Frameworks */ = {isa = PBXBuildFile; productRef = 7A4AA90229BE048800D845A2 /* Flow */; };
		7A4AA90629BE186A00D845A2 /* Assets.xcassets in Resources */ = {isa = PBXBuildFile; fileRef = 7A5482B2299AD56E00D5061E /* Assets.xcassets */; };
		7A4AA90929BE1F7F00D845A2 /* CommonPickerView.swift in Sources */ = {isa = PBXBuildFile; fileRef = 7A4AA90829BE1F7F00D845A2 /* CommonPickerView.swift */; };
		7A4AA90A29BE1F7F00D845A2 /* CommonPickerView.swift in Sources */ = {isa = PBXBuildFile; fileRef = 7A4AA90829BE1F7F00D845A2 /* CommonPickerView.swift */; };
		7A4AA90C29BE1FC700D845A2 /* SearchBarView.swift in Sources */ = {isa = PBXBuildFile; fileRef = 7A4AA90B29BE1FC700D845A2 /* SearchBarView.swift */; };
		7A4AA90D29BE1FC700D845A2 /* SearchBarView.swift in Sources */ = {isa = PBXBuildFile; fileRef = 7A4AA90B29BE1FC700D845A2 /* SearchBarView.swift */; };
		7A4AA90E29BE1FDE00D845A2 /* TagSelectionView.swift in Sources */ = {isa = PBXBuildFile; fileRef = 7A68F0AA29B356A300878223 /* TagSelectionView.swift */; };
		7A4AA90F29BE1FEB00D845A2 /* TagView.swift in Sources */ = {isa = PBXBuildFile; fileRef = 7A5C139029ABFC3F00D71F51 /* TagView.swift */; };
		7A4AA91129BE202800D845A2 /* PreviewModel.swift in Sources */ = {isa = PBXBuildFile; fileRef = 7A4AA91029BE202800D845A2 /* PreviewModel.swift */; };
		7A4AA91229BE202800D845A2 /* PreviewModel.swift in Sources */ = {isa = PBXBuildFile; fileRef = 7A4AA91029BE202800D845A2 /* PreviewModel.swift */; };
		7A4AA91429BE22C300D845A2 /* CreateDocumentView.swift in Sources */ = {isa = PBXBuildFile; fileRef = 7A4AA91329BE22C300D845A2 /* CreateDocumentView.swift */; };
		7A4AA91529BE22C300D845A2 /* CreateDocumentView.swift in Sources */ = {isa = PBXBuildFile; fileRef = 7A4AA91329BE22C300D845A2 /* CreateDocumentView.swift */; };
		7A4AA91729BE40B300D845A2 /* MultiPartFormDataRequest.swift in Sources */ = {isa = PBXBuildFile; fileRef = 7A4AA91629BE40B300D845A2 /* MultiPartFormDataRequest.swift */; };
		7A4AA91829BE40B300D845A2 /* MultiPartFormDataRequest.swift in Sources */ = {isa = PBXBuildFile; fileRef = 7A4AA91629BE40B300D845A2 /* MultiPartFormDataRequest.swift */; };
		7A4AA91A29BE730B00D845A2 /* Semaphore in Frameworks */ = {isa = PBXBuildFile; productRef = 7A4AA91929BE730B00D845A2 /* Semaphore */; };
		7A4D9F3829D4B78500B25A63 /* demo.pdf in Resources */ = {isa = PBXBuildFile; fileRef = 7A4D9F3729D4B78500B25A63 /* demo.pdf */; };
		7A5482AF299AD56C00D5061E /* swift_paperlessApp.swift in Sources */ = {isa = PBXBuildFile; fileRef = 7A5482AE299AD56C00D5061E /* swift_paperlessApp.swift */; };
		7A5482B1299AD56C00D5061E /* DocumentView.swift in Sources */ = {isa = PBXBuildFile; fileRef = 7A5482B0299AD56C00D5061E /* DocumentView.swift */; };
		7A5482B3299AD56E00D5061E /* Assets.xcassets in Resources */ = {isa = PBXBuildFile; fileRef = 7A5482B2299AD56E00D5061E /* Assets.xcassets */; };
		7A5482B7299AD56E00D5061E /* Preview Assets.xcassets in Resources */ = {isa = PBXBuildFile; fileRef = 7A5482B6299AD56E00D5061E /* Preview Assets.xcassets */; };
		7A5482C1299AD56E00D5061E /* swift_paperlessTests.swift in Sources */ = {isa = PBXBuildFile; fileRef = 7A5482C0299AD56E00D5061E /* swift_paperlessTests.swift */; };
		7A5482CB299AD56E00D5061E /* swift_paperlessUITests.swift in Sources */ = {isa = PBXBuildFile; fileRef = 7A5482CA299AD56E00D5061E /* swift_paperlessUITests.swift */; };
		7A5482CD299AD56E00D5061E /* swift_paperlessUITestsLaunchTests.swift in Sources */ = {isa = PBXBuildFile; fileRef = 7A5482CC299AD56E00D5061E /* swift_paperlessUITestsLaunchTests.swift */; };
		7A58A24829E19BF400986FE9 /* Model.swift in Sources */ = {isa = PBXBuildFile; fileRef = 7AF6688829A138330016BC31 /* Model.swift */; };
		7A58A24929E19C0400986FE9 /* Utilities.swift in Sources */ = {isa = PBXBuildFile; fileRef = 7AF04B8029A68A20008E8F79 /* Utilities.swift */; };
		7A5C138A29AA7E2F00D71F51 /* Semaphore in Frameworks */ = {isa = PBXBuildFile; productRef = 7A5C138929AA7E2F00D71F51 /* Semaphore */; };
		7A5C138C29ABC35E00D71F51 /* ColorHex.swift in Sources */ = {isa = PBXBuildFile; fileRef = 7A5C138B29ABC35E00D71F51 /* ColorHex.swift */; };
		7A5C139129ABFC3F00D71F51 /* TagView.swift in Sources */ = {isa = PBXBuildFile; fileRef = 7A5C139029ABFC3F00D71F51 /* TagView.swift */; };
		7A63415C2B150AD700535FE5 /* TaskModel.swift in Sources */ = {isa = PBXBuildFile; fileRef = 7A2831B62A63D6E2009E86CE /* TaskModel.swift */; };
		7A63415D2B150AE000535FE5 /* UserModel.swift in Sources */ = {isa = PBXBuildFile; fileRef = 7A2831B12A62748D009E86CE /* UserModel.swift */; };
		7A68F0AB29B356A300878223 /* TagSelectionView.swift in Sources */ = {isa = PBXBuildFile; fileRef = 7A68F0AA29B356A300878223 /* TagSelectionView.swift */; };
		7A68F0B329B4B94B00878223 /* Flow in Frameworks */ = {isa = PBXBuildFile; productRef = 7A68F0B229B4B94B00878223 /* Flow */; };
		7A6F31DD29DE936C00186A87 /* generate_filterrules.py in Resources */ = {isa = PBXBuildFile; fileRef = 7A6F31DC29DE936C00186A87 /* generate_filterrules.py */; };
		7A6F31DF29DEA46500186A87 /* FilterRule.swift in Sources */ = {isa = PBXBuildFile; fileRef = 7A6F31DE29DEA46500186A87 /* FilterRule.swift */; };
		7A6F31E029DEA51A00186A87 /* FilterRule.swift in Sources */ = {isa = PBXBuildFile; fileRef = 7A6F31DE29DEA46500186A87 /* FilterRule.swift */; };
		7A6F31E129DEA51C00186A87 /* FilterRuleType.swift in Sources */ = {isa = PBXBuildFile; fileRef = 7ACB386429D99FCE006CE102 /* FilterRuleType.swift */; };
		7A81C5AC2A1A90C50092061F /* StoragePathModel.swift in Sources */ = {isa = PBXBuildFile; fileRef = 7A81C5AB2A1A90C50092061F /* StoragePathModel.swift */; };
		7A81C5AD2A1A90C50092061F /* StoragePathModel.swift in Sources */ = {isa = PBXBuildFile; fileRef = 7A81C5AB2A1A90C50092061F /* StoragePathModel.swift */; };
		7A81C5AE2A1A90C50092061F /* StoragePathModel.swift in Sources */ = {isa = PBXBuildFile; fileRef = 7A81C5AB2A1A90C50092061F /* StoragePathModel.swift */; };
		7A81C5B02A1A95450092061F /* StoragePathEditView.swift in Sources */ = {isa = PBXBuildFile; fileRef = 7A81C5AF2A1A95450092061F /* StoragePathEditView.swift */; };
		7A81C5B12A1A95450092061F /* StoragePathEditView.swift in Sources */ = {isa = PBXBuildFile; fileRef = 7A81C5AF2A1A95450092061F /* StoragePathEditView.swift */; };
		7A83F6E32A6BE3D7002B5CF6 /* DataScannerView.swift in Sources */ = {isa = PBXBuildFile; fileRef = 7A83F6E22A6BE3D7002B5CF6 /* DataScannerView.swift */; };
		7A898ECE2A03000D0003DFBD /* UserDefaults.swift in Sources */ = {isa = PBXBuildFile; fileRef = 7A898ECD2A03000D0003DFBD /* UserDefaults.swift */; };
		7A898ECF2A03000D0003DFBD /* UserDefaults.swift in Sources */ = {isa = PBXBuildFile; fileRef = 7A898ECD2A03000D0003DFBD /* UserDefaults.swift */; };
		7A898ED12A0303140003DFBD /* Logging.swift in Sources */ = {isa = PBXBuildFile; fileRef = 7A898ED02A0303140003DFBD /* Logging.swift */; };
		7A898ED22A0303140003DFBD /* Logging.swift in Sources */ = {isa = PBXBuildFile; fileRef = 7A898ED02A0303140003DFBD /* Logging.swift */; };
		7A8E1F762A1A6FE4002A7CB3 /* DocumentModel.swift in Sources */ = {isa = PBXBuildFile; fileRef = 7A8E1F752A1A6FE4002A7CB3 /* DocumentModel.swift */; };
		7A8E1F772A1A6FE4002A7CB3 /* DocumentModel.swift in Sources */ = {isa = PBXBuildFile; fileRef = 7A8E1F752A1A6FE4002A7CB3 /* DocumentModel.swift */; };
		7A8E1F792A1A8F5A002A7CB3 /* CorrespondentModel.swift in Sources */ = {isa = PBXBuildFile; fileRef = 7A8E1F782A1A8F5A002A7CB3 /* CorrespondentModel.swift */; };
		7A8E1F7A2A1A8F5A002A7CB3 /* CorrespondentModel.swift in Sources */ = {isa = PBXBuildFile; fileRef = 7A8E1F782A1A8F5A002A7CB3 /* CorrespondentModel.swift */; };
		7A8E1F7B2A1A8F5A002A7CB3 /* CorrespondentModel.swift in Sources */ = {isa = PBXBuildFile; fileRef = 7A8E1F782A1A8F5A002A7CB3 /* CorrespondentModel.swift */; };
		7A8E1F7C2A1A8F60002A7CB3 /* DocumentModel.swift in Sources */ = {isa = PBXBuildFile; fileRef = 7A8E1F752A1A6FE4002A7CB3 /* DocumentModel.swift */; };
		7A8E1F7E2A1A8F7D002A7CB3 /* DocumentTypeModel.swift in Sources */ = {isa = PBXBuildFile; fileRef = 7A8E1F7D2A1A8F7D002A7CB3 /* DocumentTypeModel.swift */; };
		7A8E1F7F2A1A8F7D002A7CB3 /* DocumentTypeModel.swift in Sources */ = {isa = PBXBuildFile; fileRef = 7A8E1F7D2A1A8F7D002A7CB3 /* DocumentTypeModel.swift */; };
		7A8E1F802A1A8F7D002A7CB3 /* DocumentTypeModel.swift in Sources */ = {isa = PBXBuildFile; fileRef = 7A8E1F7D2A1A8F7D002A7CB3 /* DocumentTypeModel.swift */; };
		7A8E1F822A1A8F90002A7CB3 /* TagModel.swift in Sources */ = {isa = PBXBuildFile; fileRef = 7A8E1F812A1A8F90002A7CB3 /* TagModel.swift */; };
		7A8E1F832A1A8F90002A7CB3 /* TagModel.swift in Sources */ = {isa = PBXBuildFile; fileRef = 7A8E1F812A1A8F90002A7CB3 /* TagModel.swift */; };
		7A8E1F842A1A8F90002A7CB3 /* TagModel.swift in Sources */ = {isa = PBXBuildFile; fileRef = 7A8E1F812A1A8F90002A7CB3 /* TagModel.swift */; };
		7A8E1F862A1A8FD4002A7CB3 /* SavedViewModel.swift in Sources */ = {isa = PBXBuildFile; fileRef = 7A8E1F852A1A8FD4002A7CB3 /* SavedViewModel.swift */; };
		7A8E1F872A1A8FD4002A7CB3 /* SavedViewModel.swift in Sources */ = {isa = PBXBuildFile; fileRef = 7A8E1F852A1A8FD4002A7CB3 /* SavedViewModel.swift */; };
		7A8E1F882A1A8FD4002A7CB3 /* SavedViewModel.swift in Sources */ = {isa = PBXBuildFile; fileRef = 7A8E1F852A1A8FD4002A7CB3 /* SavedViewModel.swift */; };
		7A9CC11429E31AD7009CAD61 /* FilterRule.swift in Sources */ = {isa = PBXBuildFile; fileRef = 7A6F31DE29DEA46500186A87 /* FilterRule.swift */; };
		7A9CC11629E31AFA009CAD61 /* FilterRuleType.swift in Sources */ = {isa = PBXBuildFile; fileRef = 7ACB386429D99FCE006CE102 /* FilterRuleType.swift */; };
		7AB0576E2AA3934C00ABA6B1 /* libraries.md in Resources */ = {isa = PBXBuildFile; fileRef = 7AB0576D2AA3934C00ABA6B1 /* libraries.md */; };
		7AB0576F2AA3934C00ABA6B1 /* libraries.md in Resources */ = {isa = PBXBuildFile; fileRef = 7AB0576D2AA3934C00ABA6B1 /* libraries.md */; };
		7AB057712AA481A700ABA6B1 /* LibrariesView.swift in Sources */ = {isa = PBXBuildFile; fileRef = 7AB057702AA481A700ABA6B1 /* LibrariesView.swift */; };
		7AB057752AA482D200ABA6B1 /* MarkdownUI in Frameworks */ = {isa = PBXBuildFile; productRef = 7AB057742AA482D200ABA6B1 /* MarkdownUI */; };
		7AB057772AA4832C00ABA6B1 /* SettingsManagers.swift in Sources */ = {isa = PBXBuildFile; fileRef = 7AB057762AA4832C00ABA6B1 /* SettingsManagers.swift */; };
		7AB057782AA4832C00ABA6B1 /* SettingsManagers.swift in Sources */ = {isa = PBXBuildFile; fileRef = 7AB057762AA4832C00ABA6B1 /* SettingsManagers.swift */; };
		7AB0577A2AA48BA700ABA6B1 /* PrivacyView.swift in Sources */ = {isa = PBXBuildFile; fileRef = 7AB057792AA48BA700ABA6B1 /* PrivacyView.swift */; };
		7AB060D929C5BEE5004E6C63 /* AsyncAlgorithms in Frameworks */ = {isa = PBXBuildFile; productRef = 7AB060D829C5BEE5004E6C63 /* AsyncAlgorithms */; };
		7AB060DB29C62395004E6C63 /* AsyncAlgorithms in Frameworks */ = {isa = PBXBuildFile; productRef = 7AB060DA29C62395004E6C63 /* AsyncAlgorithms */; };
		7AB060DE29C6623F004E6C63 /* Repository.swift in Sources */ = {isa = PBXBuildFile; fileRef = 7AB060DD29C6623F004E6C63 /* Repository.swift */; };
		7AB060DF29C6628E004E6C63 /* Repository.swift in Sources */ = {isa = PBXBuildFile; fileRef = 7AB060DD29C6623F004E6C63 /* Repository.swift */; };
		7ACB386529D99FCE006CE102 /* FilterRuleType.swift in Sources */ = {isa = PBXBuildFile; fileRef = 7ACB386429D99FCE006CE102 /* FilterRuleType.swift */; };
		7ACB386729D9EA91006CE102 /* FilterRuleTest.swift in Sources */ = {isa = PBXBuildFile; fileRef = 7ACB386629D9EA91006CE102 /* FilterRuleTest.swift */; };
		7AD353AD2A8018FE00AFFAFE /* PDFView.swift in Sources */ = {isa = PBXBuildFile; fileRef = 7AD353AC2A8018FE00AFFAFE /* PDFView.swift */; };
		7AD353B12A8036E200AFFAFE /* demo3.pdf in Resources */ = {isa = PBXBuildFile; fileRef = 7AD353B02A8036E200AFFAFE /* demo3.pdf */; };
		7AD353B22A80392400AFFAFE /* PDFView.swift in Sources */ = {isa = PBXBuildFile; fileRef = 7AD353AC2A8018FE00AFFAFE /* PDFView.swift */; };
		7AD8FC5829E4B37B00157217 /* FilterBar.swift in Sources */ = {isa = PBXBuildFile; fileRef = 7AD8FC5729E4B37B00157217 /* FilterBar.swift */; };
		7ADA9ABB2B263797002C303C /* Decoder.swift in Sources */ = {isa = PBXBuildFile; fileRef = 7ADA9ABA2B263797002C303C /* Decoder.swift */; };
		7ADA9ABC2B263797002C303C /* Decoder.swift in Sources */ = {isa = PBXBuildFile; fileRef = 7ADA9ABA2B263797002C303C /* Decoder.swift */; };
		7ADA9AC42B2637BE002C303C /* Decoder.swift in Sources */ = {isa = PBXBuildFile; fileRef = 7ADA9ABA2B263797002C303C /* Decoder.swift */; };
		7AEBA7A929EDBFBF006D5620 /* SwiftUINavigation in Frameworks */ = {isa = PBXBuildFile; productRef = 7AEBA7A829EDBFBF006D5620 /* SwiftUINavigation */; };
		7AEBB5392B26589700845B73 /* Matching.xcstrings in Resources */ = {isa = PBXBuildFile; fileRef = 7AEBB5382B26589700845B73 /* Matching.xcstrings */; };
		7AEBB5492B26597500845B73 /* Matching.xcstrings in Resources */ = {isa = PBXBuildFile; fileRef = 7AEBB5382B26589700845B73 /* Matching.xcstrings */; };
		7AEF691029CF7FA800414BA7 /* LoginView.swift in Sources */ = {isa = PBXBuildFile; fileRef = 7AEF690F29CF7FA800414BA7 /* LoginView.swift */; };
		7AEF691229CF80F600414BA7 /* LogoView.swift in Sources */ = {isa = PBXBuildFile; fileRef = 7AEF691129CF80F600414BA7 /* LogoView.swift */; };
		7AEF691329CF80F600414BA7 /* LogoView.swift in Sources */ = {isa = PBXBuildFile; fileRef = 7AEF691129CF80F600414BA7 /* LogoView.swift */; };
		7AEF691529CF967900414BA7 /* ConnectionManager.swift in Sources */ = {isa = PBXBuildFile; fileRef = 7AEF691429CF967900414BA7 /* ConnectionManager.swift */; };
		7AEF691629CF967900414BA7 /* ConnectionManager.swift in Sources */ = {isa = PBXBuildFile; fileRef = 7AEF691429CF967900414BA7 /* ConnectionManager.swift */; };
		7AEF691C29D049D900414BA7 /* PositionObservingView.swift in Sources */ = {isa = PBXBuildFile; fileRef = 7AEF691B29D049D900414BA7 /* PositionObservingView.swift */; };
		7AEF691D29D049D900414BA7 /* PositionObservingView.swift in Sources */ = {isa = PBXBuildFile; fileRef = 7AEF691B29D049D900414BA7 /* PositionObservingView.swift */; };
		7AEF78C52A799A9C002AB0E1 /* SuggestionsModel.swift in Sources */ = {isa = PBXBuildFile; fileRef = 7AEF78C42A799A9C002AB0E1 /* SuggestionsModel.swift */; };
		7AEF78C62A799B81002AB0E1 /* SuggestionsModel.swift in Sources */ = {isa = PBXBuildFile; fileRef = 7AEF78C42A799A9C002AB0E1 /* SuggestionsModel.swift */; };
		7AF04B7B29A689BA008E8F79 /* DocumentCell.swift in Sources */ = {isa = PBXBuildFile; fileRef = 7AF04B7A29A689BA008E8F79 /* DocumentCell.swift */; };
		7AF04B7D29A689E1008E8F79 /* DocumentDetailView.swift in Sources */ = {isa = PBXBuildFile; fileRef = 7AF04B7C29A689E1008E8F79 /* DocumentDetailView.swift */; };
		7AF04B7F29A68A0A008E8F79 /* DocumentEditView.swift in Sources */ = {isa = PBXBuildFile; fileRef = 7AF04B7E29A68A0A008E8F79 /* DocumentEditView.swift */; };
		7AF04B8129A68A20008E8F79 /* Utilities.swift in Sources */ = {isa = PBXBuildFile; fileRef = 7AF04B8029A68A20008E8F79 /* Utilities.swift */; };
		7AF2E07229F3ECE40092948B /* SavedViewTest.swift in Sources */ = {isa = PBXBuildFile; fileRef = 7AF2E07129F3ECE40092948B /* SavedViewTest.swift */; };
		7AF2E07729F3F02E0092948B /* Repository.swift in Sources */ = {isa = PBXBuildFile; fileRef = 7AB060DD29C6623F004E6C63 /* Repository.swift */; };
		7AF2E07929F3F0490092948B /* MultiPartFormDataRequest.swift in Sources */ = {isa = PBXBuildFile; fileRef = 7A4AA91629BE40B300D845A2 /* MultiPartFormDataRequest.swift */; };
		7AF2E07E29F46C950092948B /* ErrorController.swift in Sources */ = {isa = PBXBuildFile; fileRef = 7AF2E07D29F46C950092948B /* ErrorController.swift */; };
		7AF2E07F29F46C950092948B /* ErrorController.swift in Sources */ = {isa = PBXBuildFile; fileRef = 7AF2E07D29F46C950092948B /* ErrorController.swift */; };
		7AF2E08229F480310092948B /* TagEditView.swift in Sources */ = {isa = PBXBuildFile; fileRef = 7AF2E08129F480310092948B /* TagEditView.swift */; };
		7AF2E08329F480310092948B /* TagEditView.swift in Sources */ = {isa = PBXBuildFile; fileRef = 7AF2E08129F480310092948B /* TagEditView.swift */; };
		7AF2E08529F553360092948B /* MatchingEditView.swift in Sources */ = {isa = PBXBuildFile; fileRef = 7AF2E08429F553360092948B /* MatchingEditView.swift */; };
		7AF2E08629F553360092948B /* MatchingEditView.swift in Sources */ = {isa = PBXBuildFile; fileRef = 7AF2E08429F553360092948B /* MatchingEditView.swift */; };
		7AF2E08829F56F3D0092948B /* Endpoint.swift in Sources */ = {isa = PBXBuildFile; fileRef = 7AF2E08729F56F3D0092948B /* Endpoint.swift */; };
		7AF2E08929F56F3D0092948B /* Endpoint.swift in Sources */ = {isa = PBXBuildFile; fileRef = 7AF2E08729F56F3D0092948B /* Endpoint.swift */; };
		7AF2E08F29F57DA10092948B /* SettingsView.swift in Sources */ = {isa = PBXBuildFile; fileRef = 7AF2E08A29F57C230092948B /* SettingsView.swift */; };
		7AF6688729A137EA0016BC31 /* Api.swift in Sources */ = {isa = PBXBuildFile; fileRef = 7AF6688629A137EA0016BC31 /* Api.swift */; };
		7AF6688929A138330016BC31 /* Model.swift in Sources */ = {isa = PBXBuildFile; fileRef = 7AF6688829A138330016BC31 /* Model.swift */; };
		7AF6688B29A138A70016BC31 /* AuthAsyncImage.swift in Sources */ = {isa = PBXBuildFile; fileRef = 7AF6688A29A138A70016BC31 /* AuthAsyncImage.swift */; };
		7AFB7BA72A89773B0013196B /* SettingsKeys.swift in Sources */ = {isa = PBXBuildFile; fileRef = 7AFB7BA62A89773B0013196B /* SettingsKeys.swift */; };
		7AFB7BA82A8977720013196B /* SettingsKeys.swift in Sources */ = {isa = PBXBuildFile; fileRef = 7AFB7BA62A89773B0013196B /* SettingsKeys.swift */; };
		7AFB7BAA2A89783F0013196B /* PreferencesView.swift in Sources */ = {isa = PBXBuildFile; fileRef = 7AFB7BA92A89783F0013196B /* PreferencesView.swift */; };
		7AFB7BAB2A8978650013196B /* PreferencesView.swift in Sources */ = {isa = PBXBuildFile; fileRef = 7AFB7BA92A89783F0013196B /* PreferencesView.swift */; };
		7AFD3F602A87F482002789C2 /* FilterModel.swift in Sources */ = {isa = PBXBuildFile; fileRef = 7AFD3F5F2A87F482002789C2 /* FilterModel.swift */; };
		7AFD3F612A87F482002789C2 /* FilterModel.swift in Sources */ = {isa = PBXBuildFile; fileRef = 7AFD3F5F2A87F482002789C2 /* FilterModel.swift */; };
/* End PBXBuildFile section */

/* Begin PBXContainerItemProxy section */
		7A4AA8EC29BB969400D845A2 /* PBXContainerItemProxy */ = {
			isa = PBXContainerItemProxy;
			containerPortal = 7A5482A3299AD56C00D5061E /* Project object */;
			proxyType = 1;
			remoteGlobalIDString = 7A4AA8E329BB969400D845A2;
			remoteInfo = ShareExtension;
		};
		7A5482BD299AD56E00D5061E /* PBXContainerItemProxy */ = {
			isa = PBXContainerItemProxy;
			containerPortal = 7A5482A3299AD56C00D5061E /* Project object */;
			proxyType = 1;
			remoteGlobalIDString = 7A5482AA299AD56C00D5061E;
			remoteInfo = "swift-paperless";
		};
		7A5482C7299AD56E00D5061E /* PBXContainerItemProxy */ = {
			isa = PBXContainerItemProxy;
			containerPortal = 7A5482A3299AD56C00D5061E /* Project object */;
			proxyType = 1;
			remoteGlobalIDString = 7A5482AA299AD56C00D5061E;
			remoteInfo = "swift-paperless";
		};
/* End PBXContainerItemProxy section */

/* Begin PBXCopyFilesBuildPhase section */
		7A4AA8F229BB969500D845A2 /* Embed Foundation Extensions */ = {
			isa = PBXCopyFilesBuildPhase;
			buildActionMask = 2147483647;
			dstPath = "";
			dstSubfolderSpec = 13;
			files = (
				7A4AA8EE29BB969400D845A2 /* ShareExtension.appex in Embed Foundation Extensions */,
			);
			name = "Embed Foundation Extensions";
			runOnlyForDeploymentPostprocessing = 0;
		};
/* End PBXCopyFilesBuildPhase section */

/* Begin PBXFileReference section */
		7A04034129FD68E8009604E4 /* ManageView.swift */ = {isa = PBXFileReference; lastKnownFileType = sourcecode.swift; path = ManageView.swift; sourceTree = "<group>"; };
		7A04EE492A673AE600C9CAE3 /* DocumentLoader.swift */ = {isa = PBXFileReference; fileEncoding = 4; lastKnownFileType = sourcecode.swift; path = DocumentLoader.swift; sourceTree = "<group>"; };
		7A1460E72B19F76D0074BAAB /* Settings.xcstrings */ = {isa = PBXFileReference; lastKnownFileType = text.json.xcstrings; path = Settings.xcstrings; sourceTree = "<group>"; };
		7A1460F22B19F8380074BAAB /* Login.xcstrings */ = {isa = PBXFileReference; lastKnownFileType = text.json.xcstrings; path = Login.xcstrings; sourceTree = "<group>"; };
		7A256CEE29B6828D00BADEB8 /* Info.plist */ = {isa = PBXFileReference; lastKnownFileType = text.plist; path = Info.plist; sourceTree = "<group>"; };
		7A25773F2A87D32400B15626 /* NullCodable.swift */ = {isa = PBXFileReference; lastKnownFileType = sourcecode.swift; path = NullCodable.swift; sourceTree = "<group>"; };
		7A2831B12A62748D009E86CE /* UserModel.swift */ = {isa = PBXFileReference; lastKnownFileType = sourcecode.swift; path = UserModel.swift; sourceTree = "<group>"; };
		7A2831B42A63CEE6009E86CE /* TaskActivityView.swift */ = {isa = PBXFileReference; lastKnownFileType = sourcecode.swift; path = TaskActivityView.swift; sourceTree = "<group>"; };
		7A2831B62A63D6E2009E86CE /* TaskModel.swift */ = {isa = PBXFileReference; lastKnownFileType = sourcecode.swift; path = TaskModel.swift; sourceTree = "<group>"; };
		7A2831B92A63DDDF009E86CE /* DocumentList.swift */ = {isa = PBXFileReference; lastKnownFileType = sourcecode.swift; path = DocumentList.swift; sourceTree = "<group>"; };
		7A297FAF29FE78750021A1ED /* CorrespondentEditView.swift */ = {isa = PBXFileReference; fileEncoding = 4; lastKnownFileType = sourcecode.swift; path = CorrespondentEditView.swift; sourceTree = "<group>"; };
		7A297FB229FE8A320021A1ED /* DocumentTypeEditView.swift */ = {isa = PBXFileReference; lastKnownFileType = sourcecode.swift; path = DocumentTypeEditView.swift; sourceTree = "<group>"; };
		7A2A113C29FE649300E9FFE3 /* Keychain.swift */ = {isa = PBXFileReference; lastKnownFileType = sourcecode.swift; path = Keychain.swift; sourceTree = "<group>"; };
		7A2A13252A087AD00088808E /* ExtraHeadersView.swift */ = {isa = PBXFileReference; lastKnownFileType = sourcecode.swift; path = ExtraHeadersView.swift; sourceTree = "<group>"; };
		7A2E120C2B14B9C900E7704A /* Localizable.xcstrings */ = {isa = PBXFileReference; lastKnownFileType = text.json.xcstrings; path = Localizable.xcstrings; sourceTree = "<group>"; };
		7A2E120F2B14B9C900E7704A /* mul */ = {isa = PBXFileReference; lastKnownFileType = text.json.xcstrings; name = mul; path = mul.lproj/MainInterface.xcstrings; sourceTree = "<group>"; };
		7A2E12212B14F3A000E7704A /* DeriveUrl.swift */ = {isa = PBXFileReference; lastKnownFileType = sourcecode.swift; path = DeriveUrl.swift; sourceTree = "<group>"; };
		7A2E12252B14F42200E7704A /* DeriveUrlTest.swift */ = {isa = PBXFileReference; lastKnownFileType = sourcecode.swift; path = DeriveUrlTest.swift; sourceTree = "<group>"; };
		7A3E035E29EC8B7D008F4976 /* DocumentStore.swift */ = {isa = PBXFileReference; lastKnownFileType = sourcecode.swift; path = DocumentStore.swift; sourceTree = "<group>"; };
		7A3E036729EC9013008F4976 /* SavedViewEditView.swift */ = {isa = PBXFileReference; lastKnownFileType = sourcecode.swift; path = SavedViewEditView.swift; sourceTree = "<group>"; };
		7A4648022A1D5ABC00078968 /* ListResponse.swift */ = {isa = PBXFileReference; lastKnownFileType = sourcecode.swift; path = ListResponse.swift; sourceTree = "<group>"; };
		7A4648062A1D5AED00078968 /* DateDecodingError.swift */ = {isa = PBXFileReference; lastKnownFileType = sourcecode.swift; path = DateDecodingError.swift; sourceTree = "<group>"; };
		7A4AA8E429BB969400D845A2 /* ShareExtension.appex */ = {isa = PBXFileReference; explicitFileType = "wrapper.app-extension"; includeInIndex = 0; path = ShareExtension.appex; sourceTree = BUILT_PRODUCTS_DIR; };
		7A4AA8E629BB969400D845A2 /* ShareViewController.swift */ = {isa = PBXFileReference; lastKnownFileType = sourcecode.swift; path = ShareViewController.swift; sourceTree = "<group>"; };
		7A4AA8E929BB969400D845A2 /* Base */ = {isa = PBXFileReference; lastKnownFileType = file.storyboard; name = Base; path = Base.lproj/MainInterface.storyboard; sourceTree = "<group>"; };
		7A4AA8EB29BB969400D845A2 /* Info.plist */ = {isa = PBXFileReference; lastKnownFileType = text.plist.xml; path = Info.plist; sourceTree = "<group>"; };
		7A4AA8F329BDEAFA00D845A2 /* AttachmentManager.swift */ = {isa = PBXFileReference; lastKnownFileType = sourcecode.swift; path = AttachmentManager.swift; sourceTree = "<group>"; };
		7A4AA90829BE1F7F00D845A2 /* CommonPickerView.swift */ = {isa = PBXFileReference; lastKnownFileType = sourcecode.swift; path = CommonPickerView.swift; sourceTree = "<group>"; };
		7A4AA90B29BE1FC700D845A2 /* SearchBarView.swift */ = {isa = PBXFileReference; lastKnownFileType = sourcecode.swift; path = SearchBarView.swift; sourceTree = "<group>"; };
		7A4AA91029BE202800D845A2 /* PreviewModel.swift */ = {isa = PBXFileReference; lastKnownFileType = sourcecode.swift; path = PreviewModel.swift; sourceTree = "<group>"; };
		7A4AA91329BE22C300D845A2 /* CreateDocumentView.swift */ = {isa = PBXFileReference; lastKnownFileType = sourcecode.swift; path = CreateDocumentView.swift; sourceTree = "<group>"; };
		7A4AA91629BE40B300D845A2 /* MultiPartFormDataRequest.swift */ = {isa = PBXFileReference; lastKnownFileType = sourcecode.swift; path = MultiPartFormDataRequest.swift; sourceTree = "<group>"; };
		7A4D9F3729D4B78500B25A63 /* demo.pdf */ = {isa = PBXFileReference; lastKnownFileType = image.pdf; path = demo.pdf; sourceTree = "<group>"; };
		7A5482AB299AD56C00D5061E /* swift-paperless.app */ = {isa = PBXFileReference; explicitFileType = wrapper.application; includeInIndex = 0; path = "swift-paperless.app"; sourceTree = BUILT_PRODUCTS_DIR; };
		7A5482AE299AD56C00D5061E /* swift_paperlessApp.swift */ = {isa = PBXFileReference; lastKnownFileType = sourcecode.swift; path = swift_paperlessApp.swift; sourceTree = "<group>"; };
		7A5482B0299AD56C00D5061E /* DocumentView.swift */ = {isa = PBXFileReference; lastKnownFileType = sourcecode.swift; path = DocumentView.swift; sourceTree = "<group>"; };
		7A5482B2299AD56E00D5061E /* Assets.xcassets */ = {isa = PBXFileReference; lastKnownFileType = folder.assetcatalog; path = Assets.xcassets; sourceTree = "<group>"; };
		7A5482B4299AD56E00D5061E /* swift_paperless.entitlements */ = {isa = PBXFileReference; lastKnownFileType = text.plist.entitlements; path = swift_paperless.entitlements; sourceTree = "<group>"; };
		7A5482B6299AD56E00D5061E /* Preview Assets.xcassets */ = {isa = PBXFileReference; lastKnownFileType = folder.assetcatalog; path = "Preview Assets.xcassets"; sourceTree = "<group>"; };
		7A5482BC299AD56E00D5061E /* swift-paperlessTests.xctest */ = {isa = PBXFileReference; explicitFileType = wrapper.cfbundle; includeInIndex = 0; path = "swift-paperlessTests.xctest"; sourceTree = BUILT_PRODUCTS_DIR; };
		7A5482C0299AD56E00D5061E /* swift_paperlessTests.swift */ = {isa = PBXFileReference; lastKnownFileType = sourcecode.swift; path = swift_paperlessTests.swift; sourceTree = "<group>"; };
		7A5482C6299AD56E00D5061E /* swift-paperlessUITests.xctest */ = {isa = PBXFileReference; explicitFileType = wrapper.cfbundle; includeInIndex = 0; path = "swift-paperlessUITests.xctest"; sourceTree = BUILT_PRODUCTS_DIR; };
		7A5482CA299AD56E00D5061E /* swift_paperlessUITests.swift */ = {isa = PBXFileReference; lastKnownFileType = sourcecode.swift; path = swift_paperlessUITests.swift; sourceTree = "<group>"; };
		7A5482CC299AD56E00D5061E /* swift_paperlessUITestsLaunchTests.swift */ = {isa = PBXFileReference; lastKnownFileType = sourcecode.swift; path = swift_paperlessUITestsLaunchTests.swift; sourceTree = "<group>"; };
		7A5C138B29ABC35E00D71F51 /* ColorHex.swift */ = {isa = PBXFileReference; lastKnownFileType = sourcecode.swift; path = ColorHex.swift; sourceTree = "<group>"; };
		7A5C139029ABFC3F00D71F51 /* TagView.swift */ = {isa = PBXFileReference; lastKnownFileType = sourcecode.swift; path = TagView.swift; sourceTree = "<group>"; };
		7A68F0AA29B356A300878223 /* TagSelectionView.swift */ = {isa = PBXFileReference; lastKnownFileType = sourcecode.swift; path = TagSelectionView.swift; sourceTree = "<group>"; };
		7A6F31DC29DE936C00186A87 /* generate_filterrules.py */ = {isa = PBXFileReference; fileEncoding = 4; lastKnownFileType = text.script.python; path = generate_filterrules.py; sourceTree = SOURCE_ROOT; };
		7A6F31DE29DEA46500186A87 /* FilterRule.swift */ = {isa = PBXFileReference; lastKnownFileType = sourcecode.swift; path = FilterRule.swift; sourceTree = "<group>"; };
		7A81C5AB2A1A90C50092061F /* StoragePathModel.swift */ = {isa = PBXFileReference; lastKnownFileType = sourcecode.swift; path = StoragePathModel.swift; sourceTree = "<group>"; };
		7A81C5AF2A1A95450092061F /* StoragePathEditView.swift */ = {isa = PBXFileReference; lastKnownFileType = sourcecode.swift; path = StoragePathEditView.swift; sourceTree = "<group>"; };
		7A83F6E22A6BE3D7002B5CF6 /* DataScannerView.swift */ = {isa = PBXFileReference; lastKnownFileType = sourcecode.swift; path = DataScannerView.swift; sourceTree = "<group>"; };
		7A898ECD2A03000D0003DFBD /* UserDefaults.swift */ = {isa = PBXFileReference; lastKnownFileType = sourcecode.swift; path = UserDefaults.swift; sourceTree = "<group>"; };
		7A898ED02A0303140003DFBD /* Logging.swift */ = {isa = PBXFileReference; lastKnownFileType = sourcecode.swift; path = Logging.swift; sourceTree = "<group>"; };
		7A8E1F752A1A6FE4002A7CB3 /* DocumentModel.swift */ = {isa = PBXFileReference; lastKnownFileType = sourcecode.swift; path = DocumentModel.swift; sourceTree = "<group>"; };
		7A8E1F782A1A8F5A002A7CB3 /* CorrespondentModel.swift */ = {isa = PBXFileReference; lastKnownFileType = sourcecode.swift; path = CorrespondentModel.swift; sourceTree = "<group>"; };
		7A8E1F7D2A1A8F7D002A7CB3 /* DocumentTypeModel.swift */ = {isa = PBXFileReference; lastKnownFileType = sourcecode.swift; path = DocumentTypeModel.swift; sourceTree = "<group>"; };
		7A8E1F812A1A8F90002A7CB3 /* TagModel.swift */ = {isa = PBXFileReference; lastKnownFileType = sourcecode.swift; path = TagModel.swift; sourceTree = "<group>"; };
		7A8E1F852A1A8FD4002A7CB3 /* SavedViewModel.swift */ = {isa = PBXFileReference; lastKnownFileType = sourcecode.swift; path = SavedViewModel.swift; sourceTree = "<group>"; };
		7AB0576D2AA3934C00ABA6B1 /* libraries.md */ = {isa = PBXFileReference; lastKnownFileType = net.daringfireball.markdown; path = libraries.md; sourceTree = "<group>"; };
		7AB057702AA481A700ABA6B1 /* LibrariesView.swift */ = {isa = PBXFileReference; lastKnownFileType = sourcecode.swift; path = LibrariesView.swift; sourceTree = "<group>"; };
		7AB057762AA4832C00ABA6B1 /* SettingsManagers.swift */ = {isa = PBXFileReference; lastKnownFileType = sourcecode.swift; path = SettingsManagers.swift; sourceTree = "<group>"; };
		7AB057792AA48BA700ABA6B1 /* PrivacyView.swift */ = {isa = PBXFileReference; lastKnownFileType = sourcecode.swift; path = PrivacyView.swift; sourceTree = "<group>"; };
		7AB060DD29C6623F004E6C63 /* Repository.swift */ = {isa = PBXFileReference; lastKnownFileType = sourcecode.swift; path = Repository.swift; sourceTree = "<group>"; };
		7ACB386429D99FCE006CE102 /* FilterRuleType.swift */ = {isa = PBXFileReference; lastKnownFileType = sourcecode.swift; path = FilterRuleType.swift; sourceTree = "<group>"; };
		7ACB386629D9EA91006CE102 /* FilterRuleTest.swift */ = {isa = PBXFileReference; lastKnownFileType = sourcecode.swift; path = FilterRuleTest.swift; sourceTree = "<group>"; };
		7AD353AC2A8018FE00AFFAFE /* PDFView.swift */ = {isa = PBXFileReference; lastKnownFileType = sourcecode.swift; path = PDFView.swift; sourceTree = "<group>"; };
		7AD353B02A8036E200AFFAFE /* demo3.pdf */ = {isa = PBXFileReference; lastKnownFileType = image.pdf; path = demo3.pdf; sourceTree = "<group>"; };
		7AD8FC5729E4B37B00157217 /* FilterBar.swift */ = {isa = PBXFileReference; lastKnownFileType = sourcecode.swift; path = FilterBar.swift; sourceTree = "<group>"; };
		7ADA9ABA2B263797002C303C /* Decoder.swift */ = {isa = PBXFileReference; lastKnownFileType = sourcecode.swift; path = Decoder.swift; sourceTree = "<group>"; };
		7AEBB5382B26589700845B73 /* Matching.xcstrings */ = {isa = PBXFileReference; lastKnownFileType = text.json.xcstrings; path = Matching.xcstrings; sourceTree = "<group>"; };
		7AEF690F29CF7FA800414BA7 /* LoginView.swift */ = {isa = PBXFileReference; lastKnownFileType = sourcecode.swift; path = LoginView.swift; sourceTree = "<group>"; };
		7AEF691129CF80F600414BA7 /* LogoView.swift */ = {isa = PBXFileReference; lastKnownFileType = sourcecode.swift; path = LogoView.swift; sourceTree = "<group>"; };
		7AEF691429CF967900414BA7 /* ConnectionManager.swift */ = {isa = PBXFileReference; lastKnownFileType = sourcecode.swift; path = ConnectionManager.swift; sourceTree = "<group>"; };
		7AEF691729CFA2BA00414BA7 /* ShareExtension.entitlements */ = {isa = PBXFileReference; lastKnownFileType = text.plist.entitlements; path = ShareExtension.entitlements; sourceTree = "<group>"; };
		7AEF691B29D049D900414BA7 /* PositionObservingView.swift */ = {isa = PBXFileReference; lastKnownFileType = sourcecode.swift; path = PositionObservingView.swift; sourceTree = "<group>"; };
		7AEF691E29D06D6A00414BA7 /* PreviewRepository.swift */ = {isa = PBXFileReference; lastKnownFileType = sourcecode.swift; path = PreviewRepository.swift; sourceTree = "<group>"; };
		7AEF78C42A799A9C002AB0E1 /* SuggestionsModel.swift */ = {isa = PBXFileReference; lastKnownFileType = sourcecode.swift; path = SuggestionsModel.swift; sourceTree = "<group>"; };
		7AF04B7A29A689BA008E8F79 /* DocumentCell.swift */ = {isa = PBXFileReference; lastKnownFileType = sourcecode.swift; path = DocumentCell.swift; sourceTree = "<group>"; };
		7AF04B7C29A689E1008E8F79 /* DocumentDetailView.swift */ = {isa = PBXFileReference; lastKnownFileType = sourcecode.swift; path = DocumentDetailView.swift; sourceTree = "<group>"; };
		7AF04B7E29A68A0A008E8F79 /* DocumentEditView.swift */ = {isa = PBXFileReference; lastKnownFileType = sourcecode.swift; path = DocumentEditView.swift; sourceTree = "<group>"; };
		7AF04B8029A68A20008E8F79 /* Utilities.swift */ = {isa = PBXFileReference; lastKnownFileType = sourcecode.swift; path = Utilities.swift; sourceTree = "<group>"; };
		7AF2E07129F3ECE40092948B /* SavedViewTest.swift */ = {isa = PBXFileReference; lastKnownFileType = sourcecode.swift; path = SavedViewTest.swift; sourceTree = "<group>"; };
		7AF2E07D29F46C950092948B /* ErrorController.swift */ = {isa = PBXFileReference; lastKnownFileType = sourcecode.swift; path = ErrorController.swift; sourceTree = "<group>"; };
		7AF2E08129F480310092948B /* TagEditView.swift */ = {isa = PBXFileReference; lastKnownFileType = sourcecode.swift; path = TagEditView.swift; sourceTree = "<group>"; };
		7AF2E08429F553360092948B /* MatchingEditView.swift */ = {isa = PBXFileReference; lastKnownFileType = sourcecode.swift; path = MatchingEditView.swift; sourceTree = "<group>"; };
		7AF2E08729F56F3D0092948B /* Endpoint.swift */ = {isa = PBXFileReference; lastKnownFileType = sourcecode.swift; path = Endpoint.swift; sourceTree = "<group>"; };
		7AF2E08A29F57C230092948B /* SettingsView.swift */ = {isa = PBXFileReference; lastKnownFileType = sourcecode.swift; path = SettingsView.swift; sourceTree = "<group>"; };
		7AF6688629A137EA0016BC31 /* Api.swift */ = {isa = PBXFileReference; lastKnownFileType = sourcecode.swift; path = Api.swift; sourceTree = "<group>"; };
		7AF6688829A138330016BC31 /* Model.swift */ = {isa = PBXFileReference; lastKnownFileType = sourcecode.swift; path = Model.swift; sourceTree = "<group>"; };
		7AF6688A29A138A70016BC31 /* AuthAsyncImage.swift */ = {isa = PBXFileReference; lastKnownFileType = sourcecode.swift; path = AuthAsyncImage.swift; sourceTree = "<group>"; };
		7AFB7BA62A89773B0013196B /* SettingsKeys.swift */ = {isa = PBXFileReference; lastKnownFileType = sourcecode.swift; path = SettingsKeys.swift; sourceTree = "<group>"; };
		7AFB7BA92A89783F0013196B /* PreferencesView.swift */ = {isa = PBXFileReference; lastKnownFileType = sourcecode.swift; path = PreferencesView.swift; sourceTree = "<group>"; };
		7AFD3F5F2A87F482002789C2 /* FilterModel.swift */ = {isa = PBXFileReference; lastKnownFileType = sourcecode.swift; path = FilterModel.swift; sourceTree = "<group>"; };
/* End PBXFileReference section */

/* Begin PBXFrameworksBuildPhase section */
		7A4AA8E129BB969400D845A2 /* Frameworks */ = {
			isa = PBXFrameworksBuildPhase;
			buildActionMask = 2147483647;
			files = (
				7A4AA90329BE048800D845A2 /* Flow in Frameworks */,
				7A4AA91A29BE730B00D845A2 /* Semaphore in Frameworks */,
				7A1C32C52A5EB08D00C18B44 /* NukeUI in Frameworks */,
				7A297FB829FE9C870021A1ED /* SwiftUINavigation in Frameworks */,
				7AB060DB29C62395004E6C63 /* AsyncAlgorithms in Frameworks */,
			);
			runOnlyForDeploymentPostprocessing = 0;
		};
		7A5482A8299AD56C00D5061E /* Frameworks */ = {
			isa = PBXFrameworksBuildPhase;
			buildActionMask = 2147483647;
			files = (
				7A68F0B329B4B94B00878223 /* Flow in Frameworks */,
				7A5C138A29AA7E2F00D71F51 /* Semaphore in Frameworks */,
				7A1C32C12A5EAF1A00C18B44 /* NukeExtensions in Frameworks */,
				7A1C32BF2A5EAF1A00C18B44 /* Nuke in Frameworks */,
				7A2831B02A61D30B009E86CE /* CasePaths in Frameworks */,
				7AEBA7A929EDBFBF006D5620 /* SwiftUINavigation in Frameworks */,
				7AB060D929C5BEE5004E6C63 /* AsyncAlgorithms in Frameworks */,
				7A1C32C32A5EAF1A00C18B44 /* NukeUI in Frameworks */,
				7AB057752AA482D200ABA6B1 /* MarkdownUI in Frameworks */,
			);
			runOnlyForDeploymentPostprocessing = 0;
		};
		7A5482B9299AD56E00D5061E /* Frameworks */ = {
			isa = PBXFrameworksBuildPhase;
			buildActionMask = 2147483647;
			files = (
			);
			runOnlyForDeploymentPostprocessing = 0;
		};
		7A5482C3299AD56E00D5061E /* Frameworks */ = {
			isa = PBXFrameworksBuildPhase;
			buildActionMask = 2147483647;
			files = (
			);
			runOnlyForDeploymentPostprocessing = 0;
		};
/* End PBXFrameworksBuildPhase section */

/* Begin PBXGroup section */
		7A1460E62B19F7580074BAAB /* Localization */ = {
			isa = PBXGroup;
			children = (
				7A2E120C2B14B9C900E7704A /* Localizable.xcstrings */,
				7A1460E72B19F76D0074BAAB /* Settings.xcstrings */,
				7A1460F22B19F8380074BAAB /* Login.xcstrings */,
				7AEBB5382B26589700845B73 /* Matching.xcstrings */,
			);
			path = Localization;
			sourceTree = "<group>";
		};
		7A4AA8E529BB969400D845A2 /* ShareExtension */ = {
			isa = PBXGroup;
			children = (
				7AEF691729CFA2BA00414BA7 /* ShareExtension.entitlements */,
				7A4AA8E629BB969400D845A2 /* ShareViewController.swift */,
				7A4AA8E829BB969400D845A2 /* MainInterface.storyboard */,
				7A4AA8EB29BB969400D845A2 /* Info.plist */,
			);
			path = ShareExtension;
			sourceTree = "<group>";
		};
		7A4AA90129BE048800D845A2 /* Frameworks */ = {
			isa = PBXGroup;
			children = (
			);
			name = Frameworks;
			sourceTree = "<group>";
		};
		7A5482A2299AD56C00D5061E = {
			isa = PBXGroup;
			children = (
				7A5482AD299AD56C00D5061E /* swift-paperless */,
				7A5482BF299AD56E00D5061E /* swift-paperlessTests */,
				7A5482C9299AD56E00D5061E /* swift-paperlessUITests */,
				7A4AA8E529BB969400D845A2 /* ShareExtension */,
				7A5482AC299AD56C00D5061E /* Products */,
				7A4AA90129BE048800D845A2 /* Frameworks */,
			);
			sourceTree = "<group>";
		};
		7A5482AC299AD56C00D5061E /* Products */ = {
			isa = PBXGroup;
			children = (
				7A5482AB299AD56C00D5061E /* swift-paperless.app */,
				7A5482BC299AD56E00D5061E /* swift-paperlessTests.xctest */,
				7A5482C6299AD56E00D5061E /* swift-paperlessUITests.xctest */,
				7A4AA8E429BB969400D845A2 /* ShareExtension.appex */,
			);
			name = Products;
			sourceTree = "<group>";
		};
		7A5482AD299AD56C00D5061E /* swift-paperless */ = {
			isa = PBXGroup;
			children = (
				7A1460E62B19F7580074BAAB /* Localization */,
				7A898ECC2A02FF3B0003DFBD /* Utilities */,
				7A6F31DC29DE936C00186A87 /* generate_filterrules.py */,
				7A256CEE29B6828D00BADEB8 /* Info.plist */,
				7A04EE492A673AE600C9CAE3 /* DocumentLoader.swift */,
				7AF04B7929A6898C008E8F79 /* Views */,
				7AB060DC29C6621E004E6C63 /* Networking */,
				7A5482AE299AD56C00D5061E /* swift_paperlessApp.swift */,
				7A5482B2299AD56E00D5061E /* Assets.xcassets */,
				7A5482B4299AD56E00D5061E /* swift_paperless.entitlements */,
				7A5482B5299AD56E00D5061E /* Preview Content */,
				7A8E1F742A1A6FC9002A7CB3 /* Model */,
				7A3E035E29EC8B7D008F4976 /* DocumentStore.swift */,
				7AEF691E29D06D6A00414BA7 /* PreviewRepository.swift */,
				7A4AA8F329BDEAFA00D845A2 /* AttachmentManager.swift */,
				7AEF691429CF967900414BA7 /* ConnectionManager.swift */,
				7AEF691B29D049D900414BA7 /* PositionObservingView.swift */,
				7ACB386429D99FCE006CE102 /* FilterRuleType.swift */,
				7A6F31DE29DEA46500186A87 /* FilterRule.swift */,
				7A2A113C29FE649300E9FFE3 /* Keychain.swift */,
				7A4648062A1D5AED00078968 /* DateDecodingError.swift */,
				7AFD3F5F2A87F482002789C2 /* FilterModel.swift */,
				7AFB7BA62A89773B0013196B /* SettingsKeys.swift */,
				7AB0576D2AA3934C00ABA6B1 /* libraries.md */,
			);
			path = "swift-paperless";
			sourceTree = "<group>";
		};
		7A5482B5299AD56E00D5061E /* Preview Content */ = {
			isa = PBXGroup;
			children = (
				7AD353B02A8036E200AFFAFE /* demo3.pdf */,
				7A4D9F3729D4B78500B25A63 /* demo.pdf */,
				7A5482B6299AD56E00D5061E /* Preview Assets.xcassets */,
				7A4AA91029BE202800D845A2 /* PreviewModel.swift */,
			);
			path = "Preview Content";
			sourceTree = "<group>";
		};
		7A5482BF299AD56E00D5061E /* swift-paperlessTests */ = {
			isa = PBXGroup;
			children = (
				7A5C138B29ABC35E00D71F51 /* ColorHex.swift */,
				7A5482C0299AD56E00D5061E /* swift_paperlessTests.swift */,
				7ACB386629D9EA91006CE102 /* FilterRuleTest.swift */,
				7AF2E07129F3ECE40092948B /* SavedViewTest.swift */,
				7A2E12252B14F42200E7704A /* DeriveUrlTest.swift */,
			);
			path = "swift-paperlessTests";
			sourceTree = "<group>";
		};
		7A5482C9299AD56E00D5061E /* swift-paperlessUITests */ = {
			isa = PBXGroup;
			children = (
				7A5482CA299AD56E00D5061E /* swift_paperlessUITests.swift */,
				7A5482CC299AD56E00D5061E /* swift_paperlessUITestsLaunchTests.swift */,
			);
			path = "swift-paperlessUITests";
			sourceTree = "<group>";
		};
		7A898ECC2A02FF3B0003DFBD /* Utilities */ = {
			isa = PBXGroup;
			children = (
				7AF04B8029A68A20008E8F79 /* Utilities.swift */,
				7A898ECD2A03000D0003DFBD /* UserDefaults.swift */,
				7A898ED02A0303140003DFBD /* Logging.swift */,
				7A25773F2A87D32400B15626 /* NullCodable.swift */,
			);
			path = Utilities;
			sourceTree = "<group>";
		};
		7A8E1F742A1A6FC9002A7CB3 /* Model */ = {
			isa = PBXGroup;
			children = (
				7AF6688829A138330016BC31 /* Model.swift */,
				7A8E1F752A1A6FE4002A7CB3 /* DocumentModel.swift */,
				7A8E1F782A1A8F5A002A7CB3 /* CorrespondentModel.swift */,
				7A8E1F812A1A8F90002A7CB3 /* TagModel.swift */,
				7A8E1F7D2A1A8F7D002A7CB3 /* DocumentTypeModel.swift */,
				7A8E1F852A1A8FD4002A7CB3 /* SavedViewModel.swift */,
				7A81C5AB2A1A90C50092061F /* StoragePathModel.swift */,
				7A2831B12A62748D009E86CE /* UserModel.swift */,
				7A2831B62A63D6E2009E86CE /* TaskModel.swift */,
				7AEF78C42A799A9C002AB0E1 /* SuggestionsModel.swift */,
			);
			path = Model;
			sourceTree = "<group>";
		};
		7AB060DC29C6621E004E6C63 /* Networking */ = {
			isa = PBXGroup;
			children = (
				7AF6688629A137EA0016BC31 /* Api.swift */,
				7AB060DD29C6623F004E6C63 /* Repository.swift */,
				7A4AA91629BE40B300D845A2 /* MultiPartFormDataRequest.swift */,
				7AF2E08729F56F3D0092948B /* Endpoint.swift */,
				7A4648022A1D5ABC00078968 /* ListResponse.swift */,
				7A2E12212B14F3A000E7704A /* DeriveUrl.swift */,
				7ADA9ABA2B263797002C303C /* Decoder.swift */,
			);
			path = Networking;
			sourceTree = "<group>";
		};
		7AF04B7929A6898C008E8F79 /* Views */ = {
			isa = PBXGroup;
			children = (
				7A297FB229FE8A320021A1ED /* DocumentTypeEditView.swift */,
				7A297FAF29FE78750021A1ED /* CorrespondentEditView.swift */,
				7A81C5AF2A1A95450092061F /* StoragePathEditView.swift */,
				7A3E036729EC9013008F4976 /* SavedViewEditView.swift */,
				7AF2E08D29F57D6F0092948B /* Settings */,
				7AF2E08029F4801A0092948B /* Tags */,
				7A5482B0299AD56C00D5061E /* DocumentView.swift */,
				7AF04B7A29A689BA008E8F79 /* DocumentCell.swift */,
				7AF04B7C29A689E1008E8F79 /* DocumentDetailView.swift */,
				7AF04B7E29A68A0A008E8F79 /* DocumentEditView.swift */,
				7AF6688A29A138A70016BC31 /* AuthAsyncImage.swift */,
				7A4AA90829BE1F7F00D845A2 /* CommonPickerView.swift */,
				7A4AA90B29BE1FC700D845A2 /* SearchBarView.swift */,
				7A4AA91329BE22C300D845A2 /* CreateDocumentView.swift */,
				7AEF690F29CF7FA800414BA7 /* LoginView.swift */,
				7AEF691129CF80F600414BA7 /* LogoView.swift */,
				7AD8FC5729E4B37B00157217 /* FilterBar.swift */,
				7AF2E07D29F46C950092948B /* ErrorController.swift */,
				7AF2E08429F553360092948B /* MatchingEditView.swift */,
				7A2831B42A63CEE6009E86CE /* TaskActivityView.swift */,
				7A2831B92A63DDDF009E86CE /* DocumentList.swift */,
				7A83F6E22A6BE3D7002B5CF6 /* DataScannerView.swift */,
				7AD353AC2A8018FE00AFFAFE /* PDFView.swift */,
			);
			path = Views;
			sourceTree = "<group>";
		};
		7AF2E08029F4801A0092948B /* Tags */ = {
			isa = PBXGroup;
			children = (
				7A5C139029ABFC3F00D71F51 /* TagView.swift */,
				7A68F0AA29B356A300878223 /* TagSelectionView.swift */,
				7AF2E08129F480310092948B /* TagEditView.swift */,
			);
			path = Tags;
			sourceTree = "<group>";
		};
		7AF2E08D29F57D6F0092948B /* Settings */ = {
			isa = PBXGroup;
			children = (
				7AF2E08A29F57C230092948B /* SettingsView.swift */,
				7A04034129FD68E8009604E4 /* ManageView.swift */,
				7A2A13252A087AD00088808E /* ExtraHeadersView.swift */,
				7AFB7BA92A89783F0013196B /* PreferencesView.swift */,
				7AB057702AA481A700ABA6B1 /* LibrariesView.swift */,
				7AB057792AA48BA700ABA6B1 /* PrivacyView.swift */,
				7AB057762AA4832C00ABA6B1 /* SettingsManagers.swift */,
			);
			path = Settings;
			sourceTree = "<group>";
		};
/* End PBXGroup section */

/* Begin PBXNativeTarget section */
		7A4AA8E329BB969400D845A2 /* ShareExtension */ = {
			isa = PBXNativeTarget;
			buildConfigurationList = 7A4AA8EF29BB969500D845A2 /* Build configuration list for PBXNativeTarget "ShareExtension" */;
			buildPhases = (
				7A4AA8E029BB969400D845A2 /* Sources */,
				7A4AA8E129BB969400D845A2 /* Frameworks */,
				7A4AA8E229BB969400D845A2 /* Resources */,
			);
			buildRules = (
			);
			dependencies = (
				7A2E12142B14BBE200E7704A /* PBXTargetDependency */,
			);
			name = ShareExtension;
			packageProductDependencies = (
				7A4AA90229BE048800D845A2 /* Flow */,
				7A4AA91929BE730B00D845A2 /* Semaphore */,
				7AB060DA29C62395004E6C63 /* AsyncAlgorithms */,
				7A297FB729FE9C870021A1ED /* SwiftUINavigation */,
				7A1C32C42A5EB08D00C18B44 /* NukeUI */,
			);
			productName = ShareExtension;
			productReference = 7A4AA8E429BB969400D845A2 /* ShareExtension.appex */;
			productType = "com.apple.product-type.app-extension";
		};
		7A5482AA299AD56C00D5061E /* swift-paperless */ = {
			isa = PBXNativeTarget;
			buildConfigurationList = 7A5482D0299AD56E00D5061E /* Build configuration list for PBXNativeTarget "swift-paperless" */;
			buildPhases = (
				7A5482A7299AD56C00D5061E /* Sources */,
				7A5482A8299AD56C00D5061E /* Frameworks */,
				7A5482A9299AD56C00D5061E /* Resources */,
				7A4AA8F229BB969500D845A2 /* Embed Foundation Extensions */,
			);
			buildRules = (
			);
			dependencies = (
				7A2E12122B14BBDB00E7704A /* PBXTargetDependency */,
				7A4AA8ED29BB969400D845A2 /* PBXTargetDependency */,
			);
			name = "swift-paperless";
			packageProductDependencies = (
				7A5C138929AA7E2F00D71F51 /* Semaphore */,
				7A68F0B229B4B94B00878223 /* Flow */,
				7AB060D829C5BEE5004E6C63 /* AsyncAlgorithms */,
				7AEBA7A829EDBFBF006D5620 /* SwiftUINavigation */,
				7A1C32BE2A5EAF1A00C18B44 /* Nuke */,
				7A1C32C02A5EAF1A00C18B44 /* NukeExtensions */,
				7A1C32C22A5EAF1A00C18B44 /* NukeUI */,
				7A2831AF2A61D30B009E86CE /* CasePaths */,
				7AB057742AA482D200ABA6B1 /* MarkdownUI */,
			);
			productName = "swift-paperless";
			productReference = 7A5482AB299AD56C00D5061E /* swift-paperless.app */;
			productType = "com.apple.product-type.application";
		};
		7A5482BB299AD56E00D5061E /* swift-paperlessTests */ = {
			isa = PBXNativeTarget;
			buildConfigurationList = 7A5482D3299AD56E00D5061E /* Build configuration list for PBXNativeTarget "swift-paperlessTests" */;
			buildPhases = (
				7A5482B8299AD56E00D5061E /* Sources */,
				7A5482B9299AD56E00D5061E /* Frameworks */,
				7A5482BA299AD56E00D5061E /* Resources */,
			);
			buildRules = (
			);
			dependencies = (
				7A5482BE299AD56E00D5061E /* PBXTargetDependency */,
			);
			name = "swift-paperlessTests";
			productName = "swift-paperlessTests";
			productReference = 7A5482BC299AD56E00D5061E /* swift-paperlessTests.xctest */;
			productType = "com.apple.product-type.bundle.unit-test";
		};
		7A5482C5299AD56E00D5061E /* swift-paperlessUITests */ = {
			isa = PBXNativeTarget;
			buildConfigurationList = 7A5482D6299AD56E00D5061E /* Build configuration list for PBXNativeTarget "swift-paperlessUITests" */;
			buildPhases = (
				7A5482C2299AD56E00D5061E /* Sources */,
				7A5482C3299AD56E00D5061E /* Frameworks */,
				7A5482C4299AD56E00D5061E /* Resources */,
			);
			buildRules = (
			);
			dependencies = (
				7A5482C8299AD56E00D5061E /* PBXTargetDependency */,
			);
			name = "swift-paperlessUITests";
			productName = "swift-paperlessUITests";
			productReference = 7A5482C6299AD56E00D5061E /* swift-paperlessUITests.xctest */;
			productType = "com.apple.product-type.bundle.ui-testing";
		};
/* End PBXNativeTarget section */

/* Begin PBXProject section */
		7A5482A3299AD56C00D5061E /* Project object */ = {
			isa = PBXProject;
			attributes = {
				BuildIndependentTargetsInParallel = 1;
				LastSwiftUpdateCheck = 1420;
				LastUpgradeCheck = 1500;
				TargetAttributes = {
					7A4AA8E329BB969400D845A2 = {
						CreatedOnToolsVersion = 14.2;
					};
					7A5482AA299AD56C00D5061E = {
						CreatedOnToolsVersion = 14.2;
					};
					7A5482BB299AD56E00D5061E = {
						CreatedOnToolsVersion = 14.2;
						TestTargetID = 7A5482AA299AD56C00D5061E;
					};
					7A5482C5299AD56E00D5061E = {
						CreatedOnToolsVersion = 14.2;
						TestTargetID = 7A5482AA299AD56C00D5061E;
					};
				};
			};
			buildConfigurationList = 7A5482A6299AD56C00D5061E /* Build configuration list for PBXProject "swift-paperless" */;
			compatibilityVersion = "Xcode 14.0";
			developmentRegion = en;
			hasScannedForEncodings = 0;
			knownRegions = (
				en,
				Base,
				de,
				fr,
				pl,
			);
			mainGroup = 7A5482A2299AD56C00D5061E;
			packageReferences = (
				7A5C138829AA7E2F00D71F51 /* XCRemoteSwiftPackageReference "Semaphore" */,
				7A9AA03829AD39F300A55529 /* XCRemoteSwiftPackageReference "swift-collections" */,
				7A68F0B129B4B94B00878223 /* XCRemoteSwiftPackageReference "SwiftUI-Flow" */,
				7AB060D729C5BEE4004E6C63 /* XCRemoteSwiftPackageReference "swift-async-algorithms" */,
				7AEBA7A729EDBFBF006D5620 /* XCRemoteSwiftPackageReference "swiftui-navigation" */,
				7A1C32BD2A5EAF1A00C18B44 /* XCRemoteSwiftPackageReference "Nuke" */,
				7A2831AE2A61D30B009E86CE /* XCRemoteSwiftPackageReference "swift-case-paths" */,
				7AB057732AA482D200ABA6B1 /* XCRemoteSwiftPackageReference "swift-markdown-ui" */,
				7A2E12102B14BBBF00E7704A /* XCRemoteSwiftPackageReference "xcstrings-tool-plugin" */,
			);
			productRefGroup = 7A5482AC299AD56C00D5061E /* Products */;
			projectDirPath = "";
			projectRoot = "";
			targets = (
				7A5482AA299AD56C00D5061E /* swift-paperless */,
				7A5482BB299AD56E00D5061E /* swift-paperlessTests */,
				7A5482C5299AD56E00D5061E /* swift-paperlessUITests */,
				7A4AA8E329BB969400D845A2 /* ShareExtension */,
			);
		};
/* End PBXProject section */

/* Begin PBXResourcesBuildPhase section */
		7A4AA8E229BB969400D845A2 /* Resources */ = {
			isa = PBXResourcesBuildPhase;
			buildActionMask = 2147483647;
			files = (
				7A4AA90629BE186A00D845A2 /* Assets.xcassets in Resources */,
				7A2E120E2B14B9C900E7704A /* Localizable.xcstrings in Resources */,
				7AEBB5492B26597500845B73 /* Matching.xcstrings in Resources */,
				7A4AA8EA29BB969400D845A2 /* MainInterface.storyboard in Resources */,
				7AB0576F2AA3934C00ABA6B1 /* libraries.md in Resources */,
				7A1460E92B19F76D0074BAAB /* Settings.xcstrings in Resources */,
				7A1460F42B19F8380074BAAB /* Login.xcstrings in Resources */,
			);
			runOnlyForDeploymentPostprocessing = 0;
		};
		7A5482A9299AD56C00D5061E /* Resources */ = {
			isa = PBXResourcesBuildPhase;
			buildActionMask = 2147483647;
			files = (
				7A5482B7299AD56E00D5061E /* Preview Assets.xcassets in Resources */,
				7AD353B12A8036E200AFFAFE /* demo3.pdf in Resources */,
				7AEBB5392B26589700845B73 /* Matching.xcstrings in Resources */,
				7A6F31DD29DE936C00186A87 /* generate_filterrules.py in Resources */,
				7A4D9F3829D4B78500B25A63 /* demo.pdf in Resources */,
				7AB0576E2AA3934C00ABA6B1 /* libraries.md in Resources */,
				7A1460F32B19F8380074BAAB /* Login.xcstrings in Resources */,
				7A5482B3299AD56E00D5061E /* Assets.xcassets in Resources */,
				7A1460E82B19F76D0074BAAB /* Settings.xcstrings in Resources */,
				7A2E120D2B14B9C900E7704A /* Localizable.xcstrings in Resources */,
			);
			runOnlyForDeploymentPostprocessing = 0;
		};
		7A5482BA299AD56E00D5061E /* Resources */ = {
			isa = PBXResourcesBuildPhase;
			buildActionMask = 2147483647;
			files = (
			);
			runOnlyForDeploymentPostprocessing = 0;
		};
		7A5482C4299AD56E00D5061E /* Resources */ = {
			isa = PBXResourcesBuildPhase;
			buildActionMask = 2147483647;
			files = (
			);
			runOnlyForDeploymentPostprocessing = 0;
		};
/* End PBXResourcesBuildPhase section */

/* Begin PBXSourcesBuildPhase section */
		7A4AA8E029BB969400D845A2 /* Sources */ = {
			isa = PBXSourcesBuildPhase;
			buildActionMask = 2147483647;
			files = (
				7AEF78C62A799B81002AB0E1 /* SuggestionsModel.swift in Sources */,
				7A297FB429FE8A320021A1ED /* DocumentTypeEditView.swift in Sources */,
				7AF2E07F29F46C950092948B /* ErrorController.swift in Sources */,
				7A4AA90029BE042700D845A2 /* Model.swift in Sources */,
				7A9CC11429E31AD7009CAD61 /* FilterRule.swift in Sources */,
				7A81C5AE2A1A90C50092061F /* StoragePathModel.swift in Sources */,
				7A3E036A29EC9013008F4976 /* SavedViewEditView.swift in Sources */,
				7A3E036129EC8B7D008F4976 /* DocumentStore.swift in Sources */,
				7AF2E08329F480310092948B /* TagEditView.swift in Sources */,
				7A04EE4C2A67F9DE00C9CAE3 /* LoginView.swift in Sources */,
				7A2831B32A62748D009E86CE /* UserModel.swift in Sources */,
				7AB057782AA4832C00ABA6B1 /* SettingsManagers.swift in Sources */,
				7A4AA90A29BE1F7F00D845A2 /* CommonPickerView.swift in Sources */,
				7A8E1F772A1A6FE4002A7CB3 /* DocumentModel.swift in Sources */,
				7AFD3F612A87F482002789C2 /* FilterModel.swift in Sources */,
				7A04EE4B2A673AE600C9CAE3 /* DocumentLoader.swift in Sources */,
				7A2A113E29FE649300E9FFE3 /* Keychain.swift in Sources */,
				7A81C5B12A1A95450092061F /* StoragePathEditView.swift in Sources */,
				7A4AA8F629BE037800D845A2 /* Utilities.swift in Sources */,
				7AB060DF29C6628E004E6C63 /* Repository.swift in Sources */,
				7A46887729D4DD5D001AEB7C /* AuthAsyncImage.swift in Sources */,
				7A4AA90D29BE1FC700D845A2 /* SearchBarView.swift in Sources */,
				7A4648052A1D5ABC00078968 /* ListResponse.swift in Sources */,
				7AEF691D29D049D900414BA7 /* PositionObservingView.swift in Sources */,
				7A46887629D4DD3D001AEB7C /* DocumentCell.swift in Sources */,
				7A297FB529FE9AC80021A1ED /* ManageView.swift in Sources */,
				7A2A13272A087AD00088808E /* ExtraHeadersView.swift in Sources */,
				7A2577432A87D32400B15626 /* NullCodable.swift in Sources */,
				7A8E1F802A1A8F7D002A7CB3 /* DocumentTypeModel.swift in Sources */,
				7AFB7BA82A8977720013196B /* SettingsKeys.swift in Sources */,
				7A9CC11629E31AFA009CAD61 /* FilterRuleType.swift in Sources */,
				7AF2E08929F56F3D0092948B /* Endpoint.swift in Sources */,
				7A4AA91529BE22C300D845A2 /* CreateDocumentView.swift in Sources */,
				7A8E1F842A1A8F90002A7CB3 /* TagModel.swift in Sources */,
				7A4AA91229BE202800D845A2 /* PreviewModel.swift in Sources */,
				7A04EE422A672A2800C9CAE3 /* FilterBar.swift in Sources */,
				7A898ECF2A03000D0003DFBD /* UserDefaults.swift in Sources */,
				7A4AA91829BE40B300D845A2 /* MultiPartFormDataRequest.swift in Sources */,
				7A4AA8F529BDEAFA00D845A2 /* AttachmentManager.swift in Sources */,
				7AD353B22A80392400AFFAFE /* PDFView.swift in Sources */,
				7AF2E08629F553360092948B /* MatchingEditView.swift in Sources */,
				7A2E12242B14F3A000E7704A /* DeriveUrl.swift in Sources */,
				7A4AA8E729BB969400D845A2 /* ShareViewController.swift in Sources */,
				7AEF691629CF967900414BA7 /* ConnectionManager.swift in Sources */,
				7A04EE472A672BEA00C9CAE3 /* TaskActivityView.swift in Sources */,
				7AFB7BAB2A8978650013196B /* PreferencesView.swift in Sources */,
				7A4AA90E29BE1FDE00D845A2 /* TagSelectionView.swift in Sources */,
				7A2831B82A63DC97009E86CE /* TaskModel.swift in Sources */,
				7AEF691329CF80F600414BA7 /* LogoView.swift in Sources */,
				7A4AA8FF29BE042700D845A2 /* Api.swift in Sources */,
				7A898ED22A0303140003DFBD /* Logging.swift in Sources */,
				7A4AA90F29BE1FEB00D845A2 /* TagView.swift in Sources */,
				7A4648092A1D5AED00078968 /* DateDecodingError.swift in Sources */,
				7A11DEFA29FFDAB800FFD705 /* PreviewRepository.swift in Sources */,
				7A8E1F7B2A1A8F5A002A7CB3 /* CorrespondentModel.swift in Sources */,
				7A8E1F882A1A8FD4002A7CB3 /* SavedViewModel.swift in Sources */,
				7ADA9AC42B2637BE002C303C /* Decoder.swift in Sources */,
				7A297FB129FE78750021A1ED /* CorrespondentEditView.swift in Sources */,
			);
			runOnlyForDeploymentPostprocessing = 0;
		};
		7A5482A7299AD56C00D5061E /* Sources */ = {
			isa = PBXSourcesBuildPhase;
			buildActionMask = 2147483647;
			files = (
				7A2831BA2A63DDDF009E86CE /* DocumentList.swift in Sources */,
				7A4AA91129BE202800D845A2 /* PreviewModel.swift in Sources */,
				7A297FB329FE8A320021A1ED /* DocumentTypeEditView.swift in Sources */,
				7A81C5AC2A1A90C50092061F /* StoragePathModel.swift in Sources */,
				7ACB386529D99FCE006CE102 /* FilterRuleType.swift in Sources */,
				7AB057772AA4832C00ABA6B1 /* SettingsManagers.swift in Sources */,
				7A2A13262A087AD00088808E /* ExtraHeadersView.swift in Sources */,
				7AD8FC5829E4B37B00157217 /* FilterBar.swift in Sources */,
				7A6F31DF29DEA46500186A87 /* FilterRule.swift in Sources */,
				7A297FB029FE78750021A1ED /* CorrespondentEditView.swift in Sources */,
				7AF04B7B29A689BA008E8F79 /* DocumentCell.swift in Sources */,
				7A2A113D29FE649300E9FFE3 /* Keychain.swift in Sources */,
				7AF2E08F29F57DA10092948B /* SettingsView.swift in Sources */,
				7AFD3F602A87F482002789C2 /* FilterModel.swift in Sources */,
				7A8E1F762A1A6FE4002A7CB3 /* DocumentModel.swift in Sources */,
				7A04EE4A2A673AE600C9CAE3 /* DocumentLoader.swift in Sources */,
				7A4AA91429BE22C300D845A2 /* CreateDocumentView.swift in Sources */,
				7AEF78C52A799A9C002AB0E1 /* SuggestionsModel.swift in Sources */,
				7A8E1F7E2A1A8F7D002A7CB3 /* DocumentTypeModel.swift in Sources */,
				7AF04B7F29A68A0A008E8F79 /* DocumentEditView.swift in Sources */,
				7AEF691229CF80F600414BA7 /* LogoView.swift in Sources */,
				7A3E036829EC9013008F4976 /* SavedViewEditView.swift in Sources */,
				7AF2E08229F480310092948B /* TagEditView.swift in Sources */,
				7A8E1F792A1A8F5A002A7CB3 /* CorrespondentModel.swift in Sources */,
				7A5C139129ABFC3F00D71F51 /* TagView.swift in Sources */,
				7AF6688B29A138A70016BC31 /* AuthAsyncImage.swift in Sources */,
				7A11DEF929FFDAB800FFD705 /* PreviewRepository.swift in Sources */,
				7AFB7BAA2A89783F0013196B /* PreferencesView.swift in Sources */,
				7AFB7BA72A89773B0013196B /* SettingsKeys.swift in Sources */,
				7A898ECE2A03000D0003DFBD /* UserDefaults.swift in Sources */,
				7A2831B72A63D6E2009E86CE /* TaskModel.swift in Sources */,
				7A4648032A1D5ABC00078968 /* ListResponse.swift in Sources */,
				7A81C5B02A1A95450092061F /* StoragePathEditView.swift in Sources */,
				7A2831B22A62748D009E86CE /* UserModel.swift in Sources */,
				7A4648072A1D5AED00078968 /* DateDecodingError.swift in Sources */,
				7AF6688729A137EA0016BC31 /* Api.swift in Sources */,
				7A5482B1299AD56C00D5061E /* DocumentView.swift in Sources */,
				7AB0577A2AA48BA700ABA6B1 /* PrivacyView.swift in Sources */,
				7ADA9ABB2B263797002C303C /* Decoder.swift in Sources */,
				7AEF691529CF967900414BA7 /* ConnectionManager.swift in Sources */,
				7AF04B7D29A689E1008E8F79 /* DocumentDetailView.swift in Sources */,
				7AF04B8129A68A20008E8F79 /* Utilities.swift in Sources */,
				7AD353AD2A8018FE00AFFAFE /* PDFView.swift in Sources */,
				7A2E12222B14F3A000E7704A /* DeriveUrl.swift in Sources */,
				7A83F6E32A6BE3D7002B5CF6 /* DataScannerView.swift in Sources */,
				7AB057712AA481A700ABA6B1 /* LibrariesView.swift in Sources */,
				7A8E1F822A1A8F90002A7CB3 /* TagModel.swift in Sources */,
				7AEF691C29D049D900414BA7 /* PositionObservingView.swift in Sources */,
				7AB060DE29C6623F004E6C63 /* Repository.swift in Sources */,
				7A2577402A87D32400B15626 /* NullCodable.swift in Sources */,
				7A4AA90929BE1F7F00D845A2 /* CommonPickerView.swift in Sources */,
				7AF2E07E29F46C950092948B /* ErrorController.swift in Sources */,
				7A4AA91729BE40B300D845A2 /* MultiPartFormDataRequest.swift in Sources */,
				7A4AA90C29BE1FC700D845A2 /* SearchBarView.swift in Sources */,
				7A5482AF299AD56C00D5061E /* swift_paperlessApp.swift in Sources */,
				7A2831B52A63CEE6009E86CE /* TaskActivityView.swift in Sources */,
				7A3E035F29EC8B7D008F4976 /* DocumentStore.swift in Sources */,
				7A898ED12A0303140003DFBD /* Logging.swift in Sources */,
				7A04034229FD68E8009604E4 /* ManageView.swift in Sources */,
				7A68F0AB29B356A300878223 /* TagSelectionView.swift in Sources */,
				7AF2E08529F553360092948B /* MatchingEditView.swift in Sources */,
				7AEF691029CF7FA800414BA7 /* LoginView.swift in Sources */,
				7AF2E08829F56F3D0092948B /* Endpoint.swift in Sources */,
				7A8E1F862A1A8FD4002A7CB3 /* SavedViewModel.swift in Sources */,
				7AF6688929A138330016BC31 /* Model.swift in Sources */,
			);
			runOnlyForDeploymentPostprocessing = 0;
		};
		7A5482B8299AD56E00D5061E /* Sources */ = {
			isa = PBXSourcesBuildPhase;
			buildActionMask = 2147483647;
			files = (
				7A4648042A1D5ABC00078968 /* ListResponse.swift in Sources */,
				7A8E1F7A2A1A8F5A002A7CB3 /* CorrespondentModel.swift in Sources */,
				7A2E12232B14F3A000E7704A /* DeriveUrl.swift in Sources */,
				7A4648012A1D5A7D00078968 /* Logging.swift in Sources */,
				7A2577412A87D32400B15626 /* NullCodable.swift in Sources */,
				7A63415C2B150AD700535FE5 /* TaskModel.swift in Sources */,
				7ACB386729D9EA91006CE102 /* FilterRuleTest.swift in Sources */,
				7A6F31E029DEA51A00186A87 /* FilterRule.swift in Sources */,
				7A5482C1299AD56E00D5061E /* swift_paperlessTests.swift in Sources */,
				7A63415D2B150AE000535FE5 /* UserModel.swift in Sources */,
				7A6F31E129DEA51C00186A87 /* FilterRuleType.swift in Sources */,
				7A8E1F832A1A8F90002A7CB3 /* TagModel.swift in Sources */,
				7A58A24929E19C0400986FE9 /* Utilities.swift in Sources */,
				7AF2E07929F3F0490092948B /* MultiPartFormDataRequest.swift in Sources */,
				7AF2E07229F3ECE40092948B /* SavedViewTest.swift in Sources */,
				7A81C5AD2A1A90C50092061F /* StoragePathModel.swift in Sources */,
				7A2E12282B14F51100E7704A /* SuggestionsModel.swift in Sources */,
				7ADA9ABC2B263797002C303C /* Decoder.swift in Sources */,
				7AF2E07729F3F02E0092948B /* Repository.swift in Sources */,
				7A2E12262B14F42200E7704A /* DeriveUrlTest.swift in Sources */,
				7A8E1F7C2A1A8F60002A7CB3 /* DocumentModel.swift in Sources */,
				7A4648002A1D593C00078968 /* UserDefaults.swift in Sources */,
				7A4648082A1D5AED00078968 /* DateDecodingError.swift in Sources */,
				7A5C138C29ABC35E00D71F51 /* ColorHex.swift in Sources */,
				7A8E1F7F2A1A8F7D002A7CB3 /* DocumentTypeModel.swift in Sources */,
				7A58A24829E19BF400986FE9 /* Model.swift in Sources */,
				7A8E1F872A1A8FD4002A7CB3 /* SavedViewModel.swift in Sources */,
			);
			runOnlyForDeploymentPostprocessing = 0;
		};
		7A5482C2299AD56E00D5061E /* Sources */ = {
			isa = PBXSourcesBuildPhase;
			buildActionMask = 2147483647;
			files = (
				7A2577422A87D32400B15626 /* NullCodable.swift in Sources */,
				7A5482CD299AD56E00D5061E /* swift_paperlessUITestsLaunchTests.swift in Sources */,
				7A5482CB299AD56E00D5061E /* swift_paperlessUITests.swift in Sources */,
			);
			runOnlyForDeploymentPostprocessing = 0;
		};
/* End PBXSourcesBuildPhase section */

/* Begin PBXTargetDependency section */
		7A2E12122B14BBDB00E7704A /* PBXTargetDependency */ = {
			isa = PBXTargetDependency;
			productRef = 7A2E12112B14BBDB00E7704A /* XCStringsToolPlugin */;
		};
		7A2E12142B14BBE200E7704A /* PBXTargetDependency */ = {
			isa = PBXTargetDependency;
			productRef = 7A2E12132B14BBE200E7704A /* XCStringsToolPlugin */;
		};
		7A4AA8ED29BB969400D845A2 /* PBXTargetDependency */ = {
			isa = PBXTargetDependency;
			target = 7A4AA8E329BB969400D845A2 /* ShareExtension */;
			targetProxy = 7A4AA8EC29BB969400D845A2 /* PBXContainerItemProxy */;
		};
		7A5482BE299AD56E00D5061E /* PBXTargetDependency */ = {
			isa = PBXTargetDependency;
			target = 7A5482AA299AD56C00D5061E /* swift-paperless */;
			targetProxy = 7A5482BD299AD56E00D5061E /* PBXContainerItemProxy */;
		};
		7A5482C8299AD56E00D5061E /* PBXTargetDependency */ = {
			isa = PBXTargetDependency;
			target = 7A5482AA299AD56C00D5061E /* swift-paperless */;
			targetProxy = 7A5482C7299AD56E00D5061E /* PBXContainerItemProxy */;
		};
/* End PBXTargetDependency section */

/* Begin PBXVariantGroup section */
		7A4AA8E829BB969400D845A2 /* MainInterface.storyboard */ = {
			isa = PBXVariantGroup;
			children = (
				7A4AA8E929BB969400D845A2 /* Base */,
				7A2E120F2B14B9C900E7704A /* mul */,
			);
			name = MainInterface.storyboard;
			sourceTree = "<group>";
		};
/* End PBXVariantGroup section */

/* Begin XCBuildConfiguration section */
		7A4AA8F029BB969500D845A2 /* Debug */ = {
			isa = XCBuildConfiguration;
			buildSettings = {
				CODE_SIGN_ENTITLEMENTS = ShareExtension/ShareExtension.entitlements;
				CODE_SIGN_IDENTITY = "Apple Development";
				CODE_SIGN_STYLE = Automatic;
				CURRENT_PROJECT_VERSION = 28;
				DEVELOPMENT_TEAM = ZHKJ4NHK6F;
				GENERATE_INFOPLIST_FILE = YES;
				INFOPLIST_FILE = ShareExtension/Info.plist;
				INFOPLIST_KEY_CFBundleDisplayName = ShareExtension;
				INFOPLIST_KEY_NSHumanReadableCopyright = "";
				IPHONEOS_DEPLOYMENT_TARGET = 16.2;
				LD_RUNPATH_SEARCH_PATHS = (
					"$(inherited)",
					"@executable_path/Frameworks",
					"@executable_path/../../Frameworks",
				);
				LOCALIZED_STRING_SWIFTUI_SUPPORT = NO;
				MARKETING_VERSION = 1.0.2;
				PRODUCT_BUNDLE_IDENTIFIER = "com.paulgessinger.swift-paperless.ShareExtension";
				PRODUCT_NAME = "$(TARGET_NAME)";
				SDKROOT = iphoneos;
				SKIP_INSTALL = YES;
				SWIFT_EMIT_LOC_STRINGS = NO;
				SWIFT_VERSION = 5.0;
				TARGETED_DEVICE_FAMILY = "1,2";
			};
			name = Debug;
		};
		7A4AA8F129BB969500D845A2 /* Release */ = {
			isa = XCBuildConfiguration;
			buildSettings = {
				CODE_SIGN_ENTITLEMENTS = ShareExtension/ShareExtension.entitlements;
				CODE_SIGN_IDENTITY = "Apple Development";
				CODE_SIGN_STYLE = Automatic;
				CURRENT_PROJECT_VERSION = 28;
				DEVELOPMENT_TEAM = ZHKJ4NHK6F;
				GENERATE_INFOPLIST_FILE = YES;
				INFOPLIST_FILE = ShareExtension/Info.plist;
				INFOPLIST_KEY_CFBundleDisplayName = ShareExtension;
				INFOPLIST_KEY_NSHumanReadableCopyright = "";
				IPHONEOS_DEPLOYMENT_TARGET = 16.2;
				LD_RUNPATH_SEARCH_PATHS = (
					"$(inherited)",
					"@executable_path/Frameworks",
					"@executable_path/../../Frameworks",
				);
				LOCALIZED_STRING_SWIFTUI_SUPPORT = NO;
				MARKETING_VERSION = 1.0.2;
				PRODUCT_BUNDLE_IDENTIFIER = "com.paulgessinger.swift-paperless.ShareExtension";
				PRODUCT_NAME = "$(TARGET_NAME)";
				SDKROOT = iphoneos;
				SKIP_INSTALL = YES;
				SWIFT_EMIT_LOC_STRINGS = NO;
				SWIFT_VERSION = 5.0;
				TARGETED_DEVICE_FAMILY = "1,2";
				VALIDATE_PRODUCT = YES;
			};
			name = Release;
		};
		7A5482CE299AD56E00D5061E /* Debug */ = {
			isa = XCBuildConfiguration;
			buildSettings = {
				ALWAYS_SEARCH_USER_PATHS = NO;
				CLANG_ANALYZER_LOCALIZABILITY_NONLOCALIZED = YES;
				CLANG_ANALYZER_NONNULL = YES;
				CLANG_ANALYZER_NUMBER_OBJECT_CONVERSION = YES_AGGRESSIVE;
				CLANG_CXX_LANGUAGE_STANDARD = "gnu++20";
				CLANG_ENABLE_MODULES = YES;
				CLANG_ENABLE_OBJC_ARC = YES;
				CLANG_ENABLE_OBJC_WEAK = YES;
				CLANG_WARN_BLOCK_CAPTURE_AUTORELEASING = YES;
				CLANG_WARN_BOOL_CONVERSION = YES;
				CLANG_WARN_COMMA = YES;
				CLANG_WARN_CONSTANT_CONVERSION = YES;
				CLANG_WARN_DEPRECATED_OBJC_IMPLEMENTATIONS = YES;
				CLANG_WARN_DIRECT_OBJC_ISA_USAGE = YES_ERROR;
				CLANG_WARN_DOCUMENTATION_COMMENTS = YES;
				CLANG_WARN_EMPTY_BODY = YES;
				CLANG_WARN_ENUM_CONVERSION = YES;
				CLANG_WARN_INFINITE_RECURSION = YES;
				CLANG_WARN_INT_CONVERSION = YES;
				CLANG_WARN_NON_LITERAL_NULL_CONVERSION = YES;
				CLANG_WARN_OBJC_IMPLICIT_RETAIN_SELF = YES;
				CLANG_WARN_OBJC_LITERAL_CONVERSION = YES;
				CLANG_WARN_OBJC_ROOT_CLASS = YES_ERROR;
				CLANG_WARN_QUOTED_INCLUDE_IN_FRAMEWORK_HEADER = YES;
				CLANG_WARN_RANGE_LOOP_ANALYSIS = YES;
				CLANG_WARN_STRICT_PROTOTYPES = YES;
				CLANG_WARN_SUSPICIOUS_MOVE = YES;
				CLANG_WARN_UNGUARDED_AVAILABILITY = YES_AGGRESSIVE;
				CLANG_WARN_UNREACHABLE_CODE = YES;
				CLANG_WARN__DUPLICATE_METHOD_MATCH = YES;
				COPY_PHASE_STRIP = NO;
				DEAD_CODE_STRIPPING = YES;
				DEBUG_INFORMATION_FORMAT = dwarf;
				ENABLE_STRICT_OBJC_MSGSEND = YES;
				ENABLE_TESTABILITY = YES;
				ENABLE_USER_SCRIPT_SANDBOXING = YES;
				GCC_C_LANGUAGE_STANDARD = gnu11;
				GCC_DYNAMIC_NO_PIC = NO;
				GCC_NO_COMMON_BLOCKS = YES;
				GCC_OPTIMIZATION_LEVEL = 0;
				GCC_PREPROCESSOR_DEFINITIONS = (
					"DEBUG=1",
					"$(inherited)",
				);
				GCC_WARN_64_TO_32_BIT_CONVERSION = YES;
				GCC_WARN_ABOUT_RETURN_TYPE = YES_ERROR;
				GCC_WARN_UNDECLARED_SELECTOR = YES;
				GCC_WARN_UNINITIALIZED_AUTOS = YES_AGGRESSIVE;
				GCC_WARN_UNUSED_FUNCTION = YES;
				GCC_WARN_UNUSED_VARIABLE = YES;
				IPHONEOS_DEPLOYMENT_TARGET = 16.4;
				LOCALIZATION_PREFERS_STRING_CATALOGS = YES;
				MTL_ENABLE_DEBUG_INFO = INCLUDE_SOURCE;
				MTL_FAST_MATH = YES;
				ONLY_ACTIVE_ARCH = YES;
				SWIFT_ACTIVE_COMPILATION_CONDITIONS = DEBUG;
				SWIFT_OPTIMIZATION_LEVEL = "-Onone";
			};
			name = Debug;
		};
		7A5482CF299AD56E00D5061E /* Release */ = {
			isa = XCBuildConfiguration;
			buildSettings = {
				ALWAYS_SEARCH_USER_PATHS = NO;
				CLANG_ANALYZER_LOCALIZABILITY_NONLOCALIZED = YES;
				CLANG_ANALYZER_NONNULL = YES;
				CLANG_ANALYZER_NUMBER_OBJECT_CONVERSION = YES_AGGRESSIVE;
				CLANG_CXX_LANGUAGE_STANDARD = "gnu++20";
				CLANG_ENABLE_MODULES = YES;
				CLANG_ENABLE_OBJC_ARC = YES;
				CLANG_ENABLE_OBJC_WEAK = YES;
				CLANG_WARN_BLOCK_CAPTURE_AUTORELEASING = YES;
				CLANG_WARN_BOOL_CONVERSION = YES;
				CLANG_WARN_COMMA = YES;
				CLANG_WARN_CONSTANT_CONVERSION = YES;
				CLANG_WARN_DEPRECATED_OBJC_IMPLEMENTATIONS = YES;
				CLANG_WARN_DIRECT_OBJC_ISA_USAGE = YES_ERROR;
				CLANG_WARN_DOCUMENTATION_COMMENTS = YES;
				CLANG_WARN_EMPTY_BODY = YES;
				CLANG_WARN_ENUM_CONVERSION = YES;
				CLANG_WARN_INFINITE_RECURSION = YES;
				CLANG_WARN_INT_CONVERSION = YES;
				CLANG_WARN_NON_LITERAL_NULL_CONVERSION = YES;
				CLANG_WARN_OBJC_IMPLICIT_RETAIN_SELF = YES;
				CLANG_WARN_OBJC_LITERAL_CONVERSION = YES;
				CLANG_WARN_OBJC_ROOT_CLASS = YES_ERROR;
				CLANG_WARN_QUOTED_INCLUDE_IN_FRAMEWORK_HEADER = YES;
				CLANG_WARN_RANGE_LOOP_ANALYSIS = YES;
				CLANG_WARN_STRICT_PROTOTYPES = YES;
				CLANG_WARN_SUSPICIOUS_MOVE = YES;
				CLANG_WARN_UNGUARDED_AVAILABILITY = YES_AGGRESSIVE;
				CLANG_WARN_UNREACHABLE_CODE = YES;
				CLANG_WARN__DUPLICATE_METHOD_MATCH = YES;
				COPY_PHASE_STRIP = NO;
				DEAD_CODE_STRIPPING = YES;
				DEBUG_INFORMATION_FORMAT = "dwarf-with-dsym";
				ENABLE_NS_ASSERTIONS = NO;
				ENABLE_STRICT_OBJC_MSGSEND = YES;
				ENABLE_USER_SCRIPT_SANDBOXING = YES;
				GCC_C_LANGUAGE_STANDARD = gnu11;
				GCC_NO_COMMON_BLOCKS = YES;
				GCC_WARN_64_TO_32_BIT_CONVERSION = YES;
				GCC_WARN_ABOUT_RETURN_TYPE = YES_ERROR;
				GCC_WARN_UNDECLARED_SELECTOR = YES;
				GCC_WARN_UNINITIALIZED_AUTOS = YES_AGGRESSIVE;
				GCC_WARN_UNUSED_FUNCTION = YES;
				GCC_WARN_UNUSED_VARIABLE = YES;
				IPHONEOS_DEPLOYMENT_TARGET = 16.4;
				LOCALIZATION_PREFERS_STRING_CATALOGS = YES;
				MTL_ENABLE_DEBUG_INFO = NO;
				MTL_FAST_MATH = YES;
				SWIFT_COMPILATION_MODE = wholemodule;
				SWIFT_OPTIMIZATION_LEVEL = "-O";
			};
			name = Release;
		};
		7A5482D1299AD56E00D5061E /* Debug */ = {
			isa = XCBuildConfiguration;
			buildSettings = {
				ALWAYS_EMBED_SWIFT_STANDARD_LIBRARIES = YES;
				ASSETCATALOG_COMPILER_APPICON_NAME = AppIcon;
				ASSETCATALOG_COMPILER_GLOBAL_ACCENT_COLOR_NAME = AccentColor;
				CODE_SIGN_ENTITLEMENTS = "swift-paperless/swift_paperless.entitlements";
				CODE_SIGN_IDENTITY = "Apple Development";
				CODE_SIGN_STYLE = Automatic;
				CURRENT_PROJECT_VERSION = 28;
				DEAD_CODE_STRIPPING = YES;
				DEVELOPMENT_ASSET_PATHS = "\"swift-paperless/Preview Content\"";
				DEVELOPMENT_TEAM = ZHKJ4NHK6F;
				ENABLE_HARDENED_RUNTIME = YES;
				ENABLE_PREVIEWS = YES;
				GENERATE_INFOPLIST_FILE = YES;
				INFOPLIST_FILE = "swift-paperless/Info.plist";
				INFOPLIST_KEY_CFBundleDisplayName = Paperless;
				INFOPLIST_KEY_NSCameraUsageDescription = "Your camera is used to scan for ASNs.";
				"INFOPLIST_KEY_UIApplicationSceneManifest_Generation[sdk=iphoneos*]" = YES;
				"INFOPLIST_KEY_UIApplicationSceneManifest_Generation[sdk=iphonesimulator*]" = YES;
				"INFOPLIST_KEY_UIApplicationSupportsIndirectInputEvents[sdk=iphoneos*]" = YES;
				"INFOPLIST_KEY_UIApplicationSupportsIndirectInputEvents[sdk=iphonesimulator*]" = YES;
				"INFOPLIST_KEY_UILaunchScreen_Generation[sdk=iphoneos*]" = YES;
				"INFOPLIST_KEY_UILaunchScreen_Generation[sdk=iphonesimulator*]" = YES;
				"INFOPLIST_KEY_UIStatusBarStyle[sdk=iphoneos*]" = UIStatusBarStyleDefault;
				"INFOPLIST_KEY_UIStatusBarStyle[sdk=iphonesimulator*]" = UIStatusBarStyleDefault;
				INFOPLIST_KEY_UISupportedInterfaceOrientations = "UIInterfaceOrientationLandscapeRight UIInterfaceOrientationPortrait";
				INFOPLIST_KEY_UISupportedInterfaceOrientations_iPad = "UIInterfaceOrientationLandscapeLeft UIInterfaceOrientationLandscapeRight UIInterfaceOrientationPortrait UIInterfaceOrientationPortraitUpsideDown";
				IPHONEOS_DEPLOYMENT_TARGET = 16.2;
				LD_RUNPATH_SEARCH_PATHS = "@executable_path/Frameworks";
				"LD_RUNPATH_SEARCH_PATHS[sdk=macosx*]" = "@executable_path/../Frameworks";
				LOCALIZED_STRING_SWIFTUI_SUPPORT = NO;
				MACOSX_DEPLOYMENT_TARGET = 13.0;
				MARKETING_VERSION = 1.0.2;
				PRODUCT_BUNDLE_IDENTIFIER = "com.paulgessinger.swift-paperless";
				PRODUCT_NAME = "$(TARGET_NAME)";
				PROVISIONING_PROFILE_SPECIFIER = "";
				SDKROOT = auto;
				SUPPORTED_PLATFORMS = "iphoneos iphonesimulator";
				SUPPORTS_MACCATALYST = NO;
				SUPPORTS_MAC_DESIGNED_FOR_IPHONE_IPAD = NO;
				SWIFT_EMIT_LOC_STRINGS = NO;
				SWIFT_VERSION = 5.0;
				TARGETED_DEVICE_FAMILY = "1,2";
			};
			name = Debug;
		};
		7A5482D2299AD56E00D5061E /* Release */ = {
			isa = XCBuildConfiguration;
			buildSettings = {
				ALWAYS_EMBED_SWIFT_STANDARD_LIBRARIES = YES;
				ASSETCATALOG_COMPILER_APPICON_NAME = AppIcon;
				ASSETCATALOG_COMPILER_GLOBAL_ACCENT_COLOR_NAME = AccentColor;
				CODE_SIGN_ENTITLEMENTS = "swift-paperless/swift_paperless.entitlements";
				CODE_SIGN_IDENTITY = "Apple Development";
				CODE_SIGN_STYLE = Automatic;
				CURRENT_PROJECT_VERSION = 28;
				DEAD_CODE_STRIPPING = YES;
				DEVELOPMENT_ASSET_PATHS = "\"swift-paperless/Preview Content\"";
				DEVELOPMENT_TEAM = ZHKJ4NHK6F;
				ENABLE_HARDENED_RUNTIME = YES;
				ENABLE_PREVIEWS = NO;
				GENERATE_INFOPLIST_FILE = YES;
				INFOPLIST_FILE = "swift-paperless/Info.plist";
				INFOPLIST_KEY_CFBundleDisplayName = Paperless;
				INFOPLIST_KEY_NSCameraUsageDescription = "Your camera is used to scan for ASNs.";
				"INFOPLIST_KEY_UIApplicationSceneManifest_Generation[sdk=iphoneos*]" = YES;
				"INFOPLIST_KEY_UIApplicationSceneManifest_Generation[sdk=iphonesimulator*]" = YES;
				"INFOPLIST_KEY_UIApplicationSupportsIndirectInputEvents[sdk=iphoneos*]" = YES;
				"INFOPLIST_KEY_UIApplicationSupportsIndirectInputEvents[sdk=iphonesimulator*]" = YES;
				"INFOPLIST_KEY_UILaunchScreen_Generation[sdk=iphoneos*]" = YES;
				"INFOPLIST_KEY_UILaunchScreen_Generation[sdk=iphonesimulator*]" = YES;
				"INFOPLIST_KEY_UIStatusBarStyle[sdk=iphoneos*]" = UIStatusBarStyleDefault;
				"INFOPLIST_KEY_UIStatusBarStyle[sdk=iphonesimulator*]" = UIStatusBarStyleDefault;
				INFOPLIST_KEY_UISupportedInterfaceOrientations = "UIInterfaceOrientationLandscapeRight UIInterfaceOrientationPortrait";
				INFOPLIST_KEY_UISupportedInterfaceOrientations_iPad = "UIInterfaceOrientationLandscapeLeft UIInterfaceOrientationLandscapeRight UIInterfaceOrientationPortrait UIInterfaceOrientationPortraitUpsideDown";
				IPHONEOS_DEPLOYMENT_TARGET = 16.2;
				LD_RUNPATH_SEARCH_PATHS = "@executable_path/Frameworks";
				"LD_RUNPATH_SEARCH_PATHS[sdk=macosx*]" = "@executable_path/../Frameworks";
				LOCALIZED_STRING_SWIFTUI_SUPPORT = NO;
				MACOSX_DEPLOYMENT_TARGET = 13.0;
				MARKETING_VERSION = 1.0.2;
				PRODUCT_BUNDLE_IDENTIFIER = "com.paulgessinger.swift-paperless";
				PRODUCT_NAME = "$(TARGET_NAME)";
				PROVISIONING_PROFILE_SPECIFIER = "";
				SDKROOT = auto;
				SUPPORTED_PLATFORMS = "iphoneos iphonesimulator";
				SUPPORTS_MACCATALYST = NO;
				SUPPORTS_MAC_DESIGNED_FOR_IPHONE_IPAD = NO;
				SWIFT_EMIT_LOC_STRINGS = NO;
				SWIFT_VERSION = 5.0;
				TARGETED_DEVICE_FAMILY = "1,2";
			};
			name = Release;
		};
		7A5482D4299AD56E00D5061E /* Debug */ = {
			isa = XCBuildConfiguration;
			buildSettings = {
				ALWAYS_EMBED_SWIFT_STANDARD_LIBRARIES = YES;
				BUNDLE_LOADER = "$(TEST_HOST)";
				CODE_SIGN_STYLE = Automatic;
				CURRENT_PROJECT_VERSION = 28;
				DEAD_CODE_STRIPPING = YES;
				DEVELOPMENT_TEAM = ZHKJ4NHK6F;
				GENERATE_INFOPLIST_FILE = YES;
				IPHONEOS_DEPLOYMENT_TARGET = 16.2;
				MACOSX_DEPLOYMENT_TARGET = 13.0;
				MARKETING_VERSION = 1.0.1;
				PRODUCT_BUNDLE_IDENTIFIER = "com.paulgessinger.swift-paperlessTests";
				PRODUCT_NAME = "$(TARGET_NAME)";
				SDKROOT = auto;
				SUPPORTED_PLATFORMS = "iphoneos iphonesimulator";
				SUPPORTS_MACCATALYST = NO;
				SUPPORTS_MAC_DESIGNED_FOR_IPHONE_IPAD = NO;
				SWIFT_EMIT_LOC_STRINGS = NO;
				SWIFT_VERSION = 5.0;
				TARGETED_DEVICE_FAMILY = "1,2";
				TEST_HOST = "$(BUILT_PRODUCTS_DIR)/swift-paperless.app/$(BUNDLE_EXECUTABLE_FOLDER_PATH)/swift-paperless";
			};
			name = Debug;
		};
		7A5482D5299AD56E00D5061E /* Release */ = {
			isa = XCBuildConfiguration;
			buildSettings = {
				ALWAYS_EMBED_SWIFT_STANDARD_LIBRARIES = YES;
				BUNDLE_LOADER = "$(TEST_HOST)";
				CODE_SIGN_STYLE = Automatic;
				CURRENT_PROJECT_VERSION = 28;
				DEAD_CODE_STRIPPING = YES;
				DEVELOPMENT_TEAM = ZHKJ4NHK6F;
				GENERATE_INFOPLIST_FILE = YES;
				IPHONEOS_DEPLOYMENT_TARGET = 16.2;
				MACOSX_DEPLOYMENT_TARGET = 13.0;
				MARKETING_VERSION = 1.0.1;
				PRODUCT_BUNDLE_IDENTIFIER = "com.paulgessinger.swift-paperlessTests";
				PRODUCT_NAME = "$(TARGET_NAME)";
				SDKROOT = auto;
				SUPPORTED_PLATFORMS = "iphoneos iphonesimulator";
				SUPPORTS_MACCATALYST = NO;
				SUPPORTS_MAC_DESIGNED_FOR_IPHONE_IPAD = NO;
				SWIFT_EMIT_LOC_STRINGS = NO;
				SWIFT_VERSION = 5.0;
				TARGETED_DEVICE_FAMILY = "1,2";
				TEST_HOST = "$(BUILT_PRODUCTS_DIR)/swift-paperless.app/$(BUNDLE_EXECUTABLE_FOLDER_PATH)/swift-paperless";
			};
			name = Release;
		};
		7A5482D7299AD56E00D5061E /* Debug */ = {
			isa = XCBuildConfiguration;
			buildSettings = {
				ALWAYS_EMBED_SWIFT_STANDARD_LIBRARIES = YES;
				CODE_SIGN_STYLE = Automatic;
				CURRENT_PROJECT_VERSION = 28;
				DEAD_CODE_STRIPPING = YES;
				DEVELOPMENT_TEAM = ZHKJ4NHK6F;
				GENERATE_INFOPLIST_FILE = YES;
				IPHONEOS_DEPLOYMENT_TARGET = 16.2;
				MACOSX_DEPLOYMENT_TARGET = 13.0;
				MARKETING_VERSION = 1.0.1;
				PRODUCT_BUNDLE_IDENTIFIER = "com.paulgessinger.swift-paperlessUITests";
				PRODUCT_NAME = "$(TARGET_NAME)";
				SDKROOT = auto;
				SUPPORTED_PLATFORMS = "iphoneos iphonesimulator";
				SUPPORTS_MACCATALYST = NO;
				SUPPORTS_MAC_DESIGNED_FOR_IPHONE_IPAD = NO;
				SWIFT_EMIT_LOC_STRINGS = NO;
				SWIFT_VERSION = 5.0;
				TARGETED_DEVICE_FAMILY = "1,2";
				TEST_TARGET_NAME = "swift-paperless";
			};
			name = Debug;
		};
		7A5482D8299AD56E00D5061E /* Release */ = {
			isa = XCBuildConfiguration;
			buildSettings = {
				ALWAYS_EMBED_SWIFT_STANDARD_LIBRARIES = YES;
				CODE_SIGN_STYLE = Automatic;
				CURRENT_PROJECT_VERSION = 28;
				DEAD_CODE_STRIPPING = YES;
				DEVELOPMENT_TEAM = ZHKJ4NHK6F;
				GENERATE_INFOPLIST_FILE = YES;
				IPHONEOS_DEPLOYMENT_TARGET = 16.2;
				MACOSX_DEPLOYMENT_TARGET = 13.0;
				MARKETING_VERSION = 1.0.1;
				PRODUCT_BUNDLE_IDENTIFIER = "com.paulgessinger.swift-paperlessUITests";
				PRODUCT_NAME = "$(TARGET_NAME)";
				SDKROOT = auto;
				SUPPORTED_PLATFORMS = "iphoneos iphonesimulator";
				SUPPORTS_MACCATALYST = NO;
				SUPPORTS_MAC_DESIGNED_FOR_IPHONE_IPAD = NO;
				SWIFT_EMIT_LOC_STRINGS = NO;
				SWIFT_VERSION = 5.0;
				TARGETED_DEVICE_FAMILY = "1,2";
				TEST_TARGET_NAME = "swift-paperless";
			};
			name = Release;
		};
/* End XCBuildConfiguration section */

/* Begin XCConfigurationList section */
		7A4AA8EF29BB969500D845A2 /* Build configuration list for PBXNativeTarget "ShareExtension" */ = {
			isa = XCConfigurationList;
			buildConfigurations = (
				7A4AA8F029BB969500D845A2 /* Debug */,
				7A4AA8F129BB969500D845A2 /* Release */,
			);
			defaultConfigurationIsVisible = 0;
			defaultConfigurationName = Release;
		};
		7A5482A6299AD56C00D5061E /* Build configuration list for PBXProject "swift-paperless" */ = {
			isa = XCConfigurationList;
			buildConfigurations = (
				7A5482CE299AD56E00D5061E /* Debug */,
				7A5482CF299AD56E00D5061E /* Release */,
			);
			defaultConfigurationIsVisible = 0;
			defaultConfigurationName = Release;
		};
		7A5482D0299AD56E00D5061E /* Build configuration list for PBXNativeTarget "swift-paperless" */ = {
			isa = XCConfigurationList;
			buildConfigurations = (
				7A5482D1299AD56E00D5061E /* Debug */,
				7A5482D2299AD56E00D5061E /* Release */,
			);
			defaultConfigurationIsVisible = 0;
			defaultConfigurationName = Release;
		};
		7A5482D3299AD56E00D5061E /* Build configuration list for PBXNativeTarget "swift-paperlessTests" */ = {
			isa = XCConfigurationList;
			buildConfigurations = (
				7A5482D4299AD56E00D5061E /* Debug */,
				7A5482D5299AD56E00D5061E /* Release */,
			);
			defaultConfigurationIsVisible = 0;
			defaultConfigurationName = Release;
		};
		7A5482D6299AD56E00D5061E /* Build configuration list for PBXNativeTarget "swift-paperlessUITests" */ = {
			isa = XCConfigurationList;
			buildConfigurations = (
				7A5482D7299AD56E00D5061E /* Debug */,
				7A5482D8299AD56E00D5061E /* Release */,
			);
			defaultConfigurationIsVisible = 0;
			defaultConfigurationName = Release;
		};
/* End XCConfigurationList section */

/* Begin XCRemoteSwiftPackageReference section */
		7A1C32BD2A5EAF1A00C18B44 /* XCRemoteSwiftPackageReference "Nuke" */ = {
			isa = XCRemoteSwiftPackageReference;
			repositoryURL = "https://github.com/kean/Nuke";
			requirement = {
				kind = upToNextMajorVersion;
				minimumVersion = 12.0.0;
			};
		};
		7A2831AE2A61D30B009E86CE /* XCRemoteSwiftPackageReference "swift-case-paths" */ = {
			isa = XCRemoteSwiftPackageReference;
			repositoryURL = "https://github.com/pointfreeco/swift-case-paths";
			requirement = {
				kind = upToNextMajorVersion;
				minimumVersion = 0.14.1;
			};
		};
		7A2E12102B14BBBF00E7704A /* XCRemoteSwiftPackageReference "xcstrings-tool-plugin" */ = {
			isa = XCRemoteSwiftPackageReference;
			repositoryURL = "https://github.com/liamnichols/xcstrings-tool-plugin";
			requirement = {
				kind = upToNextMajorVersion;
				minimumVersion = 0.1.0;
			};
		};
		7A5C138829AA7E2F00D71F51 /* XCRemoteSwiftPackageReference "Semaphore" */ = {
			isa = XCRemoteSwiftPackageReference;
			repositoryURL = "https://github.com/groue/Semaphore";
			requirement = {
				kind = upToNextMajorVersion;
				minimumVersion = 0.0.6;
			};
		};
		7A68F0B129B4B94B00878223 /* XCRemoteSwiftPackageReference "SwiftUI-Flow" */ = {
			isa = XCRemoteSwiftPackageReference;
			repositoryURL = "https://github.com/tevelee/SwiftUI-Flow";
			requirement = {
				kind = upToNextMajorVersion;
				minimumVersion = 1.0.0;
			};
		};
		7A9AA03829AD39F300A55529 /* XCRemoteSwiftPackageReference "swift-collections" */ = {
			isa = XCRemoteSwiftPackageReference;
			repositoryURL = "https://github.com/apple/swift-collections.git";
			requirement = {
				kind = upToNextMajorVersion;
				minimumVersion = 1.0.0;
			};
		};
		7AB057732AA482D200ABA6B1 /* XCRemoteSwiftPackageReference "swift-markdown-ui" */ = {
			isa = XCRemoteSwiftPackageReference;
			repositoryURL = "https://github.com/gonzalezreal/swift-markdown-ui";
			requirement = {
				kind = upToNextMajorVersion;
				minimumVersion = 2.0.0;
			};
		};
		7AB060D729C5BEE4004E6C63 /* XCRemoteSwiftPackageReference "swift-async-algorithms" */ = {
			isa = XCRemoteSwiftPackageReference;
			repositoryURL = "https://github.com/apple/swift-async-algorithms";
			requirement = {
				kind = upToNextMajorVersion;
				minimumVersion = 0.1.0;
			};
		};
		7AEBA7A729EDBFBF006D5620 /* XCRemoteSwiftPackageReference "swiftui-navigation" */ = {
			isa = XCRemoteSwiftPackageReference;
			repositoryURL = "https://github.com/pointfreeco/swiftui-navigation";
			requirement = {
				kind = upToNextMajorVersion;
				minimumVersion = 0.7.1;
			};
		};
/* End XCRemoteSwiftPackageReference section */

/* Begin XCSwiftPackageProductDependency section */
		7A1C32BE2A5EAF1A00C18B44 /* Nuke */ = {
			isa = XCSwiftPackageProductDependency;
			package = 7A1C32BD2A5EAF1A00C18B44 /* XCRemoteSwiftPackageReference "Nuke" */;
			productName = Nuke;
		};
		7A1C32C02A5EAF1A00C18B44 /* NukeExtensions */ = {
			isa = XCSwiftPackageProductDependency;
			package = 7A1C32BD2A5EAF1A00C18B44 /* XCRemoteSwiftPackageReference "Nuke" */;
			productName = NukeExtensions;
		};
		7A1C32C22A5EAF1A00C18B44 /* NukeUI */ = {
			isa = XCSwiftPackageProductDependency;
			package = 7A1C32BD2A5EAF1A00C18B44 /* XCRemoteSwiftPackageReference "Nuke" */;
			productName = NukeUI;
		};
		7A1C32C42A5EB08D00C18B44 /* NukeUI */ = {
			isa = XCSwiftPackageProductDependency;
			package = 7A1C32BD2A5EAF1A00C18B44 /* XCRemoteSwiftPackageReference "Nuke" */;
			productName = NukeUI;
		};
		7A2831AF2A61D30B009E86CE /* CasePaths */ = {
			isa = XCSwiftPackageProductDependency;
			package = 7A2831AE2A61D30B009E86CE /* XCRemoteSwiftPackageReference "swift-case-paths" */;
			productName = CasePaths;
		};
		7A297FB729FE9C870021A1ED /* SwiftUINavigation */ = {
			isa = XCSwiftPackageProductDependency;
			package = 7AEBA7A729EDBFBF006D5620 /* XCRemoteSwiftPackageReference "swiftui-navigation" */;
			productName = SwiftUINavigation;
		};
		7A2E12112B14BBDB00E7704A /* XCStringsToolPlugin */ = {
			isa = XCSwiftPackageProductDependency;
			package = 7A2E12102B14BBBF00E7704A /* XCRemoteSwiftPackageReference "xcstrings-tool-plugin" */;
			productName = "plugin:XCStringsToolPlugin";
		};
		7A2E12132B14BBE200E7704A /* XCStringsToolPlugin */ = {
			isa = XCSwiftPackageProductDependency;
			package = 7A2E12102B14BBBF00E7704A /* XCRemoteSwiftPackageReference "xcstrings-tool-plugin" */;
			productName = "plugin:XCStringsToolPlugin";
		};
		7A4AA90229BE048800D845A2 /* Flow */ = {
			isa = XCSwiftPackageProductDependency;
			package = 7A68F0B129B4B94B00878223 /* XCRemoteSwiftPackageReference "SwiftUI-Flow" */;
			productName = Flow;
		};
		7A4AA91929BE730B00D845A2 /* Semaphore */ = {
			isa = XCSwiftPackageProductDependency;
			package = 7A5C138829AA7E2F00D71F51 /* XCRemoteSwiftPackageReference "Semaphore" */;
			productName = Semaphore;
		};
		7A5C138929AA7E2F00D71F51 /* Semaphore */ = {
			isa = XCSwiftPackageProductDependency;
			package = 7A5C138829AA7E2F00D71F51 /* XCRemoteSwiftPackageReference "Semaphore" */;
			productName = Semaphore;
		};
		7A68F0B229B4B94B00878223 /* Flow */ = {
			isa = XCSwiftPackageProductDependency;
			package = 7A68F0B129B4B94B00878223 /* XCRemoteSwiftPackageReference "SwiftUI-Flow" */;
			productName = Flow;
		};
		7AB057742AA482D200ABA6B1 /* MarkdownUI */ = {
			isa = XCSwiftPackageProductDependency;
			package = 7AB057732AA482D200ABA6B1 /* XCRemoteSwiftPackageReference "swift-markdown-ui" */;
			productName = MarkdownUI;
		};
		7AB060D829C5BEE5004E6C63 /* AsyncAlgorithms */ = {
			isa = XCSwiftPackageProductDependency;
			package = 7AB060D729C5BEE4004E6C63 /* XCRemoteSwiftPackageReference "swift-async-algorithms" */;
			productName = AsyncAlgorithms;
		};
		7AB060DA29C62395004E6C63 /* AsyncAlgorithms */ = {
			isa = XCSwiftPackageProductDependency;
			package = 7AB060D729C5BEE4004E6C63 /* XCRemoteSwiftPackageReference "swift-async-algorithms" */;
			productName = AsyncAlgorithms;
		};
		7AEBA7A829EDBFBF006D5620 /* SwiftUINavigation */ = {
			isa = XCSwiftPackageProductDependency;
			package = 7AEBA7A729EDBFBF006D5620 /* XCRemoteSwiftPackageReference "swiftui-navigation" */;
			productName = SwiftUINavigation;
		};
/* End XCSwiftPackageProductDependency section */
	};
	rootObject = 7A5482A3299AD56C00D5061E /* Project object */;
}
